{
  "originHash" : "958ee00fce7e699cd905036b49cf3890c2ff1adc886f50080d81e046e52dd407",
  "pins" : [
    {
      "identity" : "alamofire",
      "kind" : "remoteSourceControl",
      "location" : "https://github.com/Alamofire/Alamofire.git",
      "state" : {
        "revision" : "513364f870f6bfc468f9d2ff0a95caccc10044c5",
        "version" : "5.10.2"
      }
    },
    {
      "identity" : "cache",
      "kind" : "remoteSourceControl",
      "location" : "https://github.com/hyperoslo/Cache.git",
      "state" : {
        "revision" : "ad6abdf2a3a866288a7dad2c4e13379406002a81",
        "version" : "6.2.0"
      }
    },
    {
      "identity" : "keychain-swift",
      "kind" : "remoteSourceControl",
      "location" : "https://github.com/evgenyneu/keychain-swift.git",
      "state" : {
        "revision" : "265806607b45687a3d646e4c9837c31c90f202e8",
        "version" : "21.0.0"
      }
    },
    {
      "identity" : "onesignal-xcframework",
      "kind" : "remoteSourceControl",
      "location" : "https://github.com/OneSignal/OneSignal-XCFramework.git",
      "state" : {
        "revision" : "a7df0fa1cb25ae2920b6ee01fe703fec50639256",
        "version" : "5.2.10"
      }
    },
    {
      "identity" : "purchases-ios",
      "kind" : "remoteSourceControl",
      "location" : "https://github.com/RevenueCat/purchases-ios.git",
      "state" : {
        "revision" : "1357d57a38d09e60f967d0e78a912254fe46137c",
        "version" : "4.43.3"
      }
    },
    {
      "identity" : "swiftsdk",
      "kind" : "remoteSourceControl",
      "location" : "https://github.com/TelemetryDeck/SwiftSDK.git",
      "state" : {
        "revision" : "65bfb4ce809c58deee31b4889ee650b01ed04a88",
        "version" : "2.8.2"
      }
    }
  ],
  "version" : 3
}
