// !$*UTF8*$!
{
	archiveVersion = 1;
	classes = {
	};
	objectVersion = 70;
	objects = {

/* Begin PBXBuildFile section */
		4A1DFC952B8115C30094BAA0 /* StoreKit.framework in Frameworks */ = {isa = PBXBuildFile; fileRef = 4A1DFC942B8115C30094BAA0 /* StoreKit.framework */; };
		4AAF69142E7619DF00FEAE97 /* RevenueCat in Frameworks */ = {isa = PBXBuildFile; productRef = 4AAF69132E7619DF00FEAE97 /* RevenueCat */; };
		4AAF69172E761A2400FEAE97 /* Cache in Frameworks */ = {isa = PBXBuildFile; productRef = 4AAF69162E761A2400FEAE97 /* Cache */; };
		4AAF691E2E761CA400FEAE97 /* Cache in Frameworks */ = {isa = PBXBuildFile; productRef = 4AAF691D2E761CA400FEAE97 /* Cache */; };
		4AAF69202E761CAA00FEAE97 /* Cache in Frameworks */ = {isa = PBXBuildFile; productRef = 4AAF691F2E761CAA00FEAE97 /* Cache */; };
		4AB6B3BC2CA690C100F6BE9F /* Alamofire in Frameworks */ = {isa = PBXBuildFile; productRef = 4AB6B3BB2CA690C100F6BE9F /* Alamofire */; };
		4AB6B3BF2CA6912B00F6BE9F /* TelemetryDeck in Frameworks */ = {isa = PBXBuildFile; productRef = 4AB6B3BE2CA6912B00F6BE9F /* TelemetryDeck */; };
		4AB6B3C12CA6944700F6BE9F /* Alamofire in Frameworks */ = {isa = PBXBuildFile; productRef = 4AB6B3C02CA6944700F6BE9F /* Alamofire */; };
		4AB7209F2B6C74FE001E2C76 /* KeychainSwift in Frameworks */ = {isa = PBXBuildFile; productRef = 4AB7209E2B6C74FE001E2C76 /* KeychainSwift */; };
		4AB7212A2B738BA0001E2C76 /* WidgetKit.framework in Frameworks */ = {isa = PBXBuildFile; fileRef = 4AB721292B738BA0001E2C76 /* WidgetKit.framework */; };
		4AB7212C2B738BA0001E2C76 /* SwiftUI.framework in Frameworks */ = {isa = PBXBuildFile; fileRef = 4AB7212B2B738BA0001E2C76 /* SwiftUI.framework */; };
		4AB721372B738BA1001E2C76 /* WidgetExtension.appex in Embed Foundation Extensions */ = {isa = PBXBuildFile; fileRef = 4AB721272B738BA0001E2C76 /* WidgetExtension.appex */; settings = {ATTRIBUTES = (RemoveHeadersOnCopy, ); }; };
		4AB7214E2B739C2D001E2C76 /* KeychainSwift in Frameworks */ = {isa = PBXBuildFile; productRef = 4AB7214D2B739C2D001E2C76 /* KeychainSwift */; };
		4ADFB9D82BADE20000BDAA58 /* OneSignalNotificationServiceExtension.appex in Embed Foundation Extensions */ = {isa = PBXBuildFile; fileRef = 4ADFB9D12BADE20000BDAA58 /* OneSignalNotificationServiceExtension.appex */; settings = {ATTRIBUTES = (RemoveHeadersOnCopy, ); }; };
		4ADFB9DF2BADE31F00BDAA58 /* OneSignalExtension in Frameworks */ = {isa = PBXBuildFile; productRef = 4ADFB9DE2BADE31F00BDAA58 /* OneSignalExtension */; };
		4ADFB9E12BADE31F00BDAA58 /* OneSignalFramework in Frameworks */ = {isa = PBXBuildFile; productRef = 4ADFB9E02BADE31F00BDAA58 /* OneSignalFramework */; };
/* End PBXBuildFile section */

/* Begin PBXContainerItemProxy section */
		4AB721352B738BA1001E2C76 /* PBXContainerItemProxy */ = {
			isa = PBXContainerItemProxy;
			containerPortal = 4AB720502B6BAC8D001E2C76 /* Project object */;
			proxyType = 1;
			remoteGlobalIDString = 4AB721262B738BA0001E2C76;
			remoteInfo = WidgetExtensionExtension;
		};
		4ADFB9D62BADE20000BDAA58 /* PBXContainerItemProxy */ = {
			isa = PBXContainerItemProxy;
			containerPortal = 4AB720502B6BAC8D001E2C76 /* Project object */;
			proxyType = 1;
			remoteGlobalIDString = 4ADFB9D02BADE20000BDAA58;
			remoteInfo = OneSignalNotificationServiceExtension;
		};
/* End PBXContainerItemProxy section */

/* Begin PBXCopyFilesBuildPhase section */
		4AB7213B2B738BA1001E2C76 /* Embed Foundation Extensions */ = {
			isa = PBXCopyFilesBuildPhase;
			buildActionMask = 2147483647;
			dstPath = "";
			dstSubfolderSpec = 13;
			files = (
				4ADFB9D82BADE20000BDAA58 /* OneSignalNotificationServiceExtension.appex in Embed Foundation Extensions */,
				4AB721372B738BA1001E2C76 /* WidgetExtension.appex in Embed Foundation Extensions */,
			);
			name = "Embed Foundation Extensions";
			runOnlyForDeploymentPostprocessing = 0;
		};
/* End PBXCopyFilesBuildPhase section */

/* Begin PBXFileReference section */
		4A1DFC942B8115C30094BAA0 /* StoreKit.framework */ = {isa = PBXFileReference; lastKnownFileType = wrapper.framework; name = StoreKit.framework; path = System/Library/Frameworks/StoreKit.framework; sourceTree = SDKROOT; };
		4AB720582B6BAC8D001E2C76 /* Kedi.app */ = {isa = PBXFileReference; explicitFileType = wrapper.application; includeInIndex = 0; path = Kedi.app; sourceTree = BUILT_PRODUCTS_DIR; };
		4AB721272B738BA0001E2C76 /* WidgetExtension.appex */ = {isa = PBXFileReference; explicitFileType = "wrapper.app-extension"; includeInIndex = 0; path = WidgetExtension.appex; sourceTree = BUILT_PRODUCTS_DIR; };
		4AB721292B738BA0001E2C76 /* WidgetKit.framework */ = {isa = PBXFileReference; lastKnownFileType = wrapper.framework; name = WidgetKit.framework; path = System/Library/Frameworks/WidgetKit.framework; sourceTree = SDKROOT; };
		4AB7212B2B738BA0001E2C76 /* SwiftUI.framework */ = {isa = PBXFileReference; lastKnownFileType = wrapper.framework; name = SwiftUI.framework; path = System/Library/Frameworks/SwiftUI.framework; sourceTree = SDKROOT; };
		4ADFB9D12BADE20000BDAA58 /* OneSignalNotificationServiceExtension.appex */ = {isa = PBXFileReference; explicitFileType = "wrapper.app-extension"; includeInIndex = 0; path = OneSignalNotificationServiceExtension.appex; sourceTree = BUILT_PRODUCTS_DIR; };
/* End PBXFileReference section */

/* Begin PBXFileSystemSynchronizedBuildFileExceptionSet section */
		4AAF61FB2E760CCF00FEAE97 /* PBXFileSystemSynchronizedBuildFileExceptionSet */ = {
			isa = PBXFileSystemSynchronizedBuildFileExceptionSet;
			membershipExceptions = (
				"Extensions/Foundation/Array+Extension.swift",
				"Extensions/Foundation/Collection+Extension.swift",
				"Extensions/Foundation/Date+Extension.swift",
				"Extensions/Foundation/DateFormatter+Extension.swift",
				"Extensions/Foundation/Double+Extension.swift",
				"Extensions/Foundation/Encodable+Extension.swift",
				"Extensions/Foundation/Error+Extension.swift",
				"Extensions/Foundation/JSONDecoder+Extension.swift",
				"Extensions/Foundation/JSONEncoder+Extension.swift",
				"Extensions/Foundation/NotificationName+Extension.swift",
				"Extensions/Foundation/String+Extension.swift",
				"Extensions/SwiftUI/Color+Extension.swift",
				Managers/AuthManager.swift,
				Managers/CacheService.swift,
				Managers/KeychainManager.swift,
				Managers/SessionManager.swift,
				Managers/WidgetsManager.swift,
				Models/AppStorePayday.swift,
				Models/DeepLink.swift,
				Network/APIService.swift,
				Network/Endpoint.swift,
				Network/Models/Auth/RCLoginRequest.swift,
				Network/Models/Charts/RCChartRequest.swift,
				Network/Models/Charts/RCChartResponse.swift,
				Network/Models/Error/RCError.swift,
				Network/Models/Error/RCErrorResponse.swift,
				Network/Models/Me/RCMeResponse.swift,
				Network/Models/Me/RCOverviewResponse.swift,
				Network/Models/Transactions/RCTransactionsRequest.swift,
				Network/Models/Webhooks/RCCreateWebhookRequest.swift,
				Network/Models/Webhooks/RCUpdateWebhookRequest.swift,
			);
			target = 4AB721262B738BA0001E2C76 /* WidgetExtension */;
		};
		4AAF61FC2E760CCF00FEAE97 /* PBXFileSystemSynchronizedBuildFileExceptionSet */ = {
			isa = PBXFileSystemSynchronizedBuildFileExceptionSet;
			membershipExceptions = (
				Shared/WidgetError.swift,
				Shared/WidgetErrorView.swift,
			);
			target = 4AB720572B6BAC8D001E2C76 /* Kedi */;
		};
		4AAF61FD2E760CCF00FEAE97 /* PBXFileSystemSynchronizedBuildFileExceptionSet */ = {
			isa = PBXFileSystemSynchronizedBuildFileExceptionSet;
			membershipExceptions = (
				Info.plist,
			);
			target = 4AB720572B6BAC8D001E2C76 /* Kedi */;
		};
		4AAF61FE2E760CCF00FEAE97 /* PBXFileSystemSynchronizedBuildFileExceptionSet */ = {
			isa = PBXFileSystemSynchronizedBuildFileExceptionSet;
			membershipExceptions = (
				Screens/Settings/Main/Models/Project.swift,
			);
			target = 4ADFB9D02BADE20000BDAA58 /* OneSignalNotificationServiceExtension */;
		};
		4AAF61FF2E760CCF00FEAE97 /* PBXFileSystemSynchronizedBuildFileExceptionSet */ = {
			isa = PBXFileSystemSynchronizedBuildFileExceptionSet;
			membershipExceptions = (
				Info.plist,
			);
			target = 4AB721262B738BA0001E2C76 /* WidgetExtension */;
		};
		4AAF62002E760CCF00FEAE97 /* PBXFileSystemSynchronizedBuildFileExceptionSet */ = {
			isa = PBXFileSystemSynchronizedBuildFileExceptionSet;
			membershipExceptions = (
				"Extensions/Foundation/JSONDecoder+Extension.swift",
				"Extensions/Foundation/JSONEncoder+Extension.swift",
				"Extensions/Foundation/String+Extension.swift",
				Managers/CacheService.swift,
				Network/Models/Webhooks/RCEvent.swift,
			);
			target = 4ADFB9D02BADE20000BDAA58 /* OneSignalNotificationServiceExtension */;
		};
		4AAF62012E760CCF00FEAE97 /* PBXFileSystemSynchronizedBuildFileExceptionSet */ = {
			isa = PBXFileSystemSynchronizedBuildFileExceptionSet;
			membershipExceptions = (
				EventNotification.swift,
				NotificationService.swift,
			);
			target = 4ADFB9D02BADE20000BDAA58 /* OneSignalNotificationServiceExtension */;
		};
/* End PBXFileSystemSynchronizedBuildFileExceptionSet section */

/* Begin PBXFileSystemSynchronizedRootGroup section */
		4AAF608E2E760CCF00FEAE97 /* Shared */ = {isa = PBXFileSystemSynchronizedRootGroup; exceptions = (4AAF61FB2E760CCF00FEAE97 /* PBXFileSystemSynchronizedBuildFileExceptionSet */, 4AAF62002E760CCF00FEAE97 /* PBXFileSystemSynchronizedBuildFileExceptionSet */, ); explicitFileTypes = {}; explicitFolders = (); path = Shared; sourceTree = "<group>"; };
		4AAF60F12E760CCF00FEAE97 /* OneSignalNotificationServiceExtension */ = {isa = PBXFileSystemSynchronizedRootGroup; exceptions = (4AAF62012E760CCF00FEAE97 /* PBXFileSystemSynchronizedBuildFileExceptionSet */, ); explicitFileTypes = {}; explicitFolders = (); path = OneSignalNotificationServiceExtension; sourceTree = "<group>"; };
		4AAF610F2E760CCF00FEAE97 /* WidgetExtension */ = {isa = PBXFileSystemSynchronizedRootGroup; exceptions = (4AAF61FC2E760CCF00FEAE97 /* PBXFileSystemSynchronizedBuildFileExceptionSet */, 4AAF61FF2E760CCF00FEAE97 /* PBXFileSystemSynchronizedBuildFileExceptionSet */, ); explicitFileTypes = {}; explicitFolders = (); path = WidgetExtension; sourceTree = "<group>"; };
		4AAF61A62E760CCF00FEAE97 /* Kedi */ = {isa = PBXFileSystemSynchronizedRootGroup; exceptions = (4AAF61FD2E760CCF00FEAE97 /* PBXFileSystemSynchronizedBuildFileExceptionSet */, 4AAF61FE2E760CCF00FEAE97 /* PBXFileSystemSynchronizedBuildFileExceptionSet */, ); explicitFileTypes = {}; explicitFolders = (); path = Kedi; sourceTree = "<group>"; };
/* End PBXFileSystemSynchronizedRootGroup section */

/* Begin PBXFrameworksBuildPhase section */
		4AB720552B6BAC8D001E2C76 /* Frameworks */ = {
			isa = PBXFrameworksBuildPhase;
			buildActionMask = 2147483647;
			files = (
				4AB6B3BC2CA690C100F6BE9F /* Alamofire in Frameworks */,
				4AAF69172E761A2400FEAE97 /* Cache in Frameworks */,
				4AAF69142E7619DF00FEAE97 /* RevenueCat in Frameworks */,
				4A1DFC952B8115C30094BAA0 /* StoreKit.framework in Frameworks */,
				4AB7209F2B6C74FE001E2C76 /* KeychainSwift in Frameworks */,
				4AB6B3BF2CA6912B00F6BE9F /* TelemetryDeck in Frameworks */,
				4ADFB9E12BADE31F00BDAA58 /* OneSignalFramework in Frameworks */,
			);
			runOnlyForDeploymentPostprocessing = 0;
		};
		4AB721242B738BA0001E2C76 /* Frameworks */ = {
			isa = PBXFrameworksBuildPhase;
			buildActionMask = 2147483647;
			files = (
				4AB6B3C12CA6944700F6BE9F /* Alamofire in Frameworks */,
				4AB7212C2B738BA0001E2C76 /* SwiftUI.framework in Frameworks */,
				4AB7214E2B739C2D001E2C76 /* KeychainSwift in Frameworks */,
				4AB7212A2B738BA0001E2C76 /* WidgetKit.framework in Frameworks */,
				4AAF691E2E761CA400FEAE97 /* Cache in Frameworks */,
			);
			runOnlyForDeploymentPostprocessing = 0;
		};
		4ADFB9CE2BADE20000BDAA58 /* Frameworks */ = {
			isa = PBXFrameworksBuildPhase;
			buildActionMask = 2147483647;
			files = (
				4ADFB9DF2BADE31F00BDAA58 /* OneSignalExtension in Frameworks */,
				4AAF69202E761CAA00FEAE97 /* Cache in Frameworks */,
			);
			runOnlyForDeploymentPostprocessing = 0;
		};
/* End PBXFrameworksBuildPhase section */

/* Begin PBXGroup section */
		4AB7204F2B6BAC8D001E2C76 = {
			isa = PBXGroup;
			children = (
				4AAF608E2E760CCF00FEAE97 /* Shared */,
				4AAF61A62E760CCF00FEAE97 /* Kedi */,
				4AAF610F2E760CCF00FEAE97 /* WidgetExtension */,
				4AAF60F12E760CCF00FEAE97 /* OneSignalNotificationServiceExtension */,
				4AB721282B738BA0001E2C76 /* Frameworks */,
				4AB720592B6BAC8D001E2C76 /* Products */,
			);
			sourceTree = "<group>";
		};
		4AB720592B6BAC8D001E2C76 /* Products */ = {
			isa = PBXGroup;
			children = (
				4AB720582B6BAC8D001E2C76 /* Kedi.app */,
				4AB721272B738BA0001E2C76 /* WidgetExtension.appex */,
				4ADFB9D12BADE20000BDAA58 /* OneSignalNotificationServiceExtension.appex */,
			);
			name = Products;
			sourceTree = "<group>";
		};
		4AB721282B738BA0001E2C76 /* Frameworks */ = {
			isa = PBXGroup;
			children = (
				4A1DFC942B8115C30094BAA0 /* StoreKit.framework */,
				4AB721292B738BA0001E2C76 /* WidgetKit.framework */,
				4AB7212B2B738BA0001E2C76 /* SwiftUI.framework */,
			);
			name = Frameworks;
			sourceTree = "<group>";
		};
/* End PBXGroup section */

/* Begin PBXNativeTarget section */
		4AB720572B6BAC8D001E2C76 /* Kedi */ = {
			isa = PBXNativeTarget;
			buildConfigurationList = 4AB720672B6BAC8E001E2C76 /* Build configuration list for PBXNativeTarget "Kedi" */;
			buildPhases = (
				4AB720542B6BAC8D001E2C76 /* Sources */,
				4AB720552B6BAC8D001E2C76 /* Frameworks */,
				4AB720562B6BAC8D001E2C76 /* Resources */,
				4AB7213B2B738BA1001E2C76 /* Embed Foundation Extensions */,
			);
			buildRules = (
			);
			dependencies = (
				4AB721362B738BA1001E2C76 /* PBXTargetDependency */,
				4ADFB9D72BADE20000BDAA58 /* PBXTargetDependency */,
			);
			fileSystemSynchronizedGroups = (
				4AAF608E2E760CCF00FEAE97 /* Shared */,
				4AAF61A62E760CCF00FEAE97 /* Kedi */,
			);
			name = Kedi;
			packageProductDependencies = (
				4AB7209E2B6C74FE001E2C76 /* KeychainSwift */,
				4ADFB9E02BADE31F00BDAA58 /* OneSignalFramework */,
				4AB6B3BB2CA690C100F6BE9F /* Alamofire */,
				4AB6B3BE2CA6912B00F6BE9F /* TelemetryDeck */,
				4AAF69132E7619DF00FEAE97 /* RevenueCat */,
				4AAF69162E761A2400FEAE97 /* Cache */,
			);
			productName = Kedi;
			productReference = 4AB720582B6BAC8D001E2C76 /* Kedi.app */;
			productType = "com.apple.product-type.application";
		};
		4AB721262B738BA0001E2C76 /* WidgetExtension */ = {
			isa = PBXNativeTarget;
			buildConfigurationList = 4AB721382B738BA1001E2C76 /* Build configuration list for PBXNativeTarget "WidgetExtension" */;
			buildPhases = (
				4AB721232B738BA0001E2C76 /* Sources */,
				4AB721242B738BA0001E2C76 /* Frameworks */,
				4AB721252B738BA0001E2C76 /* Resources */,
			);
			buildRules = (
			);
			dependencies = (
			);
			fileSystemSynchronizedGroups = (
				4AAF610F2E760CCF00FEAE97 /* WidgetExtension */,
			);
			name = WidgetExtension;
			packageProductDependencies = (
				4AB7214D2B739C2D001E2C76 /* KeychainSwift */,
				4AB6B3C02CA6944700F6BE9F /* Alamofire */,
				4AAF691D2E761CA400FEAE97 /* Cache */,
			);
			productName = WidgetExtensionExtension;
			productReference = 4AB721272B738BA0001E2C76 /* WidgetExtension.appex */;
			productType = "com.apple.product-type.app-extension";
		};
		4ADFB9D02BADE20000BDAA58 /* OneSignalNotificationServiceExtension */ = {
			isa = PBXNativeTarget;
			buildConfigurationList = 4ADFB9D92BADE20000BDAA58 /* Build configuration list for PBXNativeTarget "OneSignalNotificationServiceExtension" */;
			buildPhases = (
				4ADFB9CD2BADE20000BDAA58 /* Sources */,
				4ADFB9CE2BADE20000BDAA58 /* Frameworks */,
				4ADFB9CF2BADE20000BDAA58 /* Resources */,
			);
			buildRules = (
			);
			dependencies = (
			);
			name = OneSignalNotificationServiceExtension;
			packageProductDependencies = (
				4ADFB9DE2BADE31F00BDAA58 /* OneSignalExtension */,
				4AAF691F2E761CAA00FEAE97 /* Cache */,
			);
			productName = OneSignalNotificationServiceExtension;
			productReference = 4ADFB9D12BADE20000BDAA58 /* OneSignalNotificationServiceExtension.appex */;
			productType = "com.apple.product-type.app-extension";
		};
/* End PBXNativeTarget section */

/* Begin PBXProject section */
		4AB720502B6BAC8D001E2C76 /* Project object */ = {
			isa = PBXProject;
			attributes = {
				BuildIndependentTargetsInParallel = 1;
				LastSwiftUpdateCheck = 1530;
				LastUpgradeCheck = 2600;
				TargetAttributes = {
					4AB720572B6BAC8D001E2C76 = {
						CreatedOnToolsVersion = 15.2;
					};
					4AB721262B738BA0001E2C76 = {
						CreatedOnToolsVersion = 15.2;
					};
					4ADFB9D02BADE20000BDAA58 = {
						CreatedOnToolsVersion = 15.3;
					};
				};
			};
			buildConfigurationList = 4AB720532B6BAC8D001E2C76 /* Build configuration list for PBXProject "Kedi" */;
			compatibilityVersion = "Xcode 14.0";
			developmentRegion = en;
			hasScannedForEncodings = 0;
			knownRegions = (
				en,
				Base,
			);
			mainGroup = 4AB7204F2B6BAC8D001E2C76;
			packageReferences = (
				4AB7209D2B6C74FE001E2C76 /* XCRemoteSwiftPackageReference "keychain-swift" */,
				4ADFB9DD2BADE31E00BDAA58 /* XCRemoteSwiftPackageReference "OneSignal-XCFramework" */,
				4AB6B3BA2CA690C100F6BE9F /* XCRemoteSwiftPackageReference "Alamofire" */,
				4AB6B3BD2CA6912B00F6BE9F /* XCRemoteSwiftPackageReference "SwiftSDK" */,
				4AAF69122E7619DF00FEAE97 /* XCRemoteSwiftPackageReference "purchases-ios" */,
				4AAF69152E761A2400FEAE97 /* XCRemoteSwiftPackageReference "Cache" */,
			);
			productRefGroup = 4AB720592B6BAC8D001E2C76 /* Products */;
			projectDirPath = "";
			projectRoot = "";
			targets = (
				4AB720572B6BAC8D001E2C76 /* Kedi */,
				4AB721262B738BA0001E2C76 /* WidgetExtension */,
				4ADFB9D02BADE20000BDAA58 /* OneSignalNotificationServiceExtension */,
			);
		};
/* End PBXProject section */

/* Begin PBXResourcesBuildPhase section */
		4AB720562B6BAC8D001E2C76 /* Resources */ = {
			isa = PBXResourcesBuildPhase;
			buildActionMask = 2147483647;
			files = (
			);
			runOnlyForDeploymentPostprocessing = 0;
		};
		4AB721252B738BA0001E2C76 /* Resources */ = {
			isa = PBXResourcesBuildPhase;
			buildActionMask = 2147483647;
			files = (
			);
			runOnlyForDeploymentPostprocessing = 0;
		};
		4ADFB9CF2BADE20000BDAA58 /* Resources */ = {
			isa = PBXResourcesBuildPhase;
			buildActionMask = 2147483647;
			files = (
			);
			runOnlyForDeploymentPostprocessing = 0;
		};
/* End PBXResourcesBuildPhase section */

/* Begin PBXSourcesBuildPhase section */
		4AB720542B6BAC8D001E2C76 /* Sources */ = {
			isa = PBXSourcesBuildPhase;
			buildActionMask = 2147483647;
			files = (
			);
			runOnlyForDeploymentPostprocessing = 0;
		};
		4AB721232B738BA0001E2C76 /* Sources */ = {
			isa = PBXSourcesBuildPhase;
			buildActionMask = 2147483647;
			files = (
			);
			runOnlyForDeploymentPostprocessing = 0;
		};
		4ADFB9CD2BADE20000BDAA58 /* Sources */ = {
			isa = PBXSourcesBuildPhase;
			buildActionMask = 2147483647;
			files = (
			);
			runOnlyForDeploymentPostprocessing = 0;
		};
/* End PBXSourcesBuildPhase section */

/* Begin PBXTargetDependency section */
		4AB721362B738BA1001E2C76 /* PBXTargetDependency */ = {
			isa = PBXTargetDependency;
			target = 4AB721262B738BA0001E2C76 /* WidgetExtension */;
			targetProxy = 4AB721352B738BA1001E2C76 /* PBXContainerItemProxy */;
		};
		4ADFB9D72BADE20000BDAA58 /* PBXTargetDependency */ = {
			isa = PBXTargetDependency;
			target = 4ADFB9D02BADE20000BDAA58 /* OneSignalNotificationServiceExtension */;
			targetProxy = 4ADFB9D62BADE20000BDAA58 /* PBXContainerItemProxy */;
		};
/* End PBXTargetDependency section */

/* Begin XCBuildConfiguration section */
		4AB720652B6BAC8E001E2C76 /* Debug */ = {
			isa = XCBuildConfiguration;
			buildSettings = {
				ALWAYS_SEARCH_USER_PATHS = NO;
				ASSETCATALOG_COMPILER_GENERATE_SWIFT_ASSET_SYMBOL_EXTENSIONS = YES;
				CLANG_ANALYZER_NONNULL = YES;
				CLANG_ANALYZER_NUMBER_OBJECT_CONVERSION = YES_AGGRESSIVE;
				CLANG_CXX_LANGUAGE_STANDARD = "gnu++20";
				CLANG_ENABLE_MODULES = YES;
				CLANG_ENABLE_OBJC_ARC = YES;
				CLANG_ENABLE_OBJC_WEAK = YES;
				CLANG_WARN_BLOCK_CAPTURE_AUTORELEASING = YES;
				CLANG_WARN_BOOL_CONVERSION = YES;
				CLANG_WARN_COMMA = YES;
				CLANG_WARN_CONSTANT_CONVERSION = YES;
				CLANG_WARN_DEPRECATED_OBJC_IMPLEMENTATIONS = YES;
				CLANG_WARN_DIRECT_OBJC_ISA_USAGE = YES_ERROR;
				CLANG_WARN_DOCUMENTATION_COMMENTS = YES;
				CLANG_WARN_EMPTY_BODY = YES;
				CLANG_WARN_ENUM_CONVERSION = YES;
				CLANG_WARN_INFINITE_RECURSION = YES;
				CLANG_WARN_INT_CONVERSION = YES;
				CLANG_WARN_NON_LITERAL_NULL_CONVERSION = YES;
				CLANG_WARN_OBJC_IMPLICIT_RETAIN_SELF = YES;
				CLANG_WARN_OBJC_LITERAL_CONVERSION = YES;
				CLANG_WARN_OBJC_ROOT_CLASS = YES_ERROR;
				CLANG_WARN_QUOTED_INCLUDE_IN_FRAMEWORK_HEADER = YES;
				CLANG_WARN_RANGE_LOOP_ANALYSIS = YES;
				CLANG_WARN_STRICT_PROTOTYPES = YES;
				CLANG_WARN_SUSPICIOUS_MOVE = YES;
				CLANG_WARN_UNGUARDED_AVAILABILITY = YES_AGGRESSIVE;
				CLANG_WARN_UNREACHABLE_CODE = YES;
				CLANG_WARN__DUPLICATE_METHOD_MATCH = YES;
				COPY_PHASE_STRIP = NO;
				DEAD_CODE_STRIPPING = YES;
				DEBUG_INFORMATION_FORMAT = dwarf;
				DEVELOPMENT_TEAM = 4K634X2CUP;
				ENABLE_STRICT_OBJC_MSGSEND = YES;
				ENABLE_TESTABILITY = YES;
				ENABLE_USER_SCRIPT_SANDBOXING = YES;
				GCC_C_LANGUAGE_STANDARD = gnu17;
				GCC_DYNAMIC_NO_PIC = NO;
				GCC_NO_COMMON_BLOCKS = YES;
				GCC_OPTIMIZATION_LEVEL = 0;
				GCC_PREPROCESSOR_DEFINITIONS = (
					"DEBUG=1",
					"$(inherited)",
				);
				GCC_WARN_64_TO_32_BIT_CONVERSION = YES;
				GCC_WARN_ABOUT_RETURN_TYPE = YES_ERROR;
				GCC_WARN_UNDECLARED_SELECTOR = YES;
				GCC_WARN_UNINITIALIZED_AUTOS = YES_AGGRESSIVE;
				GCC_WARN_UNUSED_FUNCTION = YES;
				GCC_WARN_UNUSED_VARIABLE = YES;
				IPHONEOS_DEPLOYMENT_TARGET = 17.0;
				LOCALIZATION_PREFERS_STRING_CATALOGS = YES;
				MTL_ENABLE_DEBUG_INFO = INCLUDE_SOURCE;
				MTL_FAST_MATH = YES;
				ONLY_ACTIVE_ARCH = YES;
				STRING_CATALOG_GENERATE_SYMBOLS = YES;
				SWIFT_ACTIVE_COMPILATION_CONDITIONS = "DEBUG $(inherited)";
				SWIFT_OPTIMIZATION_LEVEL = "-Onone";
			};
			name = Debug;
		};
		4AB720662B6BAC8E001E2C76 /* Release */ = {
			isa = XCBuildConfiguration;
			buildSettings = {
				ALWAYS_SEARCH_USER_PATHS = NO;
				ASSETCATALOG_COMPILER_GENERATE_SWIFT_ASSET_SYMBOL_EXTENSIONS = YES;
				CLANG_ANALYZER_NONNULL = YES;
				CLANG_ANALYZER_NUMBER_OBJECT_CONVERSION = YES_AGGRESSIVE;
				CLANG_CXX_LANGUAGE_STANDARD = "gnu++20";
				CLANG_ENABLE_MODULES = YES;
				CLANG_ENABLE_OBJC_ARC = YES;
				CLANG_ENABLE_OBJC_WEAK = YES;
				CLANG_WARN_BLOCK_CAPTURE_AUTORELEASING = YES;
				CLANG_WARN_BOOL_CONVERSION = YES;
				CLANG_WARN_COMMA = YES;
				CLANG_WARN_CONSTANT_CONVERSION = YES;
				CLANG_WARN_DEPRECATED_OBJC_IMPLEMENTATIONS = YES;
				CLANG_WARN_DIRECT_OBJC_ISA_USAGE = YES_ERROR;
				CLANG_WARN_DOCUMENTATION_COMMENTS = YES;
				CLANG_WARN_EMPTY_BODY = YES;
				CLANG_WARN_ENUM_CONVERSION = YES;
				CLANG_WARN_INFINITE_RECURSION = YES;
				CLANG_WARN_INT_CONVERSION = YES;
				CLANG_WARN_NON_LITERAL_NULL_CONVERSION = YES;
				CLANG_WARN_OBJC_IMPLICIT_RETAIN_SELF = YES;
				CLANG_WARN_OBJC_LITERAL_CONVERSION = YES;
				CLANG_WARN_OBJC_ROOT_CLASS = YES_ERROR;
				CLANG_WARN_QUOTED_INCLUDE_IN_FRAMEWORK_HEADER = YES;
				CLANG_WARN_RANGE_LOOP_ANALYSIS = YES;
				CLANG_WARN_STRICT_PROTOTYPES = YES;
				CLANG_WARN_SUSPICIOUS_MOVE = YES;
				CLANG_WARN_UNGUARDED_AVAILABILITY = YES_AGGRESSIVE;
				CLANG_WARN_UNREACHABLE_CODE = YES;
				CLANG_WARN__DUPLICATE_METHOD_MATCH = YES;
				COPY_PHASE_STRIP = NO;
				DEAD_CODE_STRIPPING = YES;
				DEBUG_INFORMATION_FORMAT = "dwarf-with-dsym";
				DEVELOPMENT_TEAM = 4K634X2CUP;
				ENABLE_NS_ASSERTIONS = NO;
				ENABLE_STRICT_OBJC_MSGSEND = YES;
				ENABLE_USER_SCRIPT_SANDBOXING = YES;
				GCC_C_LANGUAGE_STANDARD = gnu17;
				GCC_NO_COMMON_BLOCKS = YES;
				GCC_WARN_64_TO_32_BIT_CONVERSION = YES;
				GCC_WARN_ABOUT_RETURN_TYPE = YES_ERROR;
				GCC_WARN_UNDECLARED_SELECTOR = YES;
				GCC_WARN_UNINITIALIZED_AUTOS = YES_AGGRESSIVE;
				GCC_WARN_UNUSED_FUNCTION = YES;
				GCC_WARN_UNUSED_VARIABLE = YES;
				IPHONEOS_DEPLOYMENT_TARGET = 17.0;
				LOCALIZATION_PREFERS_STRING_CATALOGS = YES;
				MTL_ENABLE_DEBUG_INFO = NO;
				MTL_FAST_MATH = YES;
				STRING_CATALOG_GENERATE_SYMBOLS = YES;
				SWIFT_COMPILATION_MODE = wholemodule;
			};
			name = Release;
		};
		4AB720682B6BAC8E001E2C76 /* Debug */ = {
			isa = XCBuildConfiguration;
			buildSettings = {
				ASSETCATALOG_COMPILER_ALTERNATE_APPICON_NAMES = "AppIcon-White AppIcon-Gray AppIcon-White-Black AppIcon-Six-Colors AppIcon-Six-Colors-White AppIcon-Screaming AppIcon-Screaming-White AppIcon-Screaming-Gray AppIcon-Screaming-White-Black AppIcon-Screaming-Six-Colors AppIcon-Screaming-Six-Colors-White";
				ASSETCATALOG_COMPILER_APPICON_NAME = AppIcon;
				ASSETCATALOG_COMPILER_GLOBAL_ACCENT_COLOR_NAME = AccentColor;
				ASSETCATALOG_COMPILER_INCLUDE_ALL_APPICON_ASSETS = YES;
				CODE_SIGN_ENTITLEMENTS = Kedi/Kedi.entitlements;
				CODE_SIGN_STYLE = Automatic;
				CURRENT_PROJECT_VERSION = 1;
				DEAD_CODE_STRIPPING = YES;
				DEVELOPMENT_ASSET_PATHS = "";
				ENABLE_APP_SANDBOX = YES;
				ENABLE_HARDENED_RUNTIME = YES;
				ENABLE_PREVIEWS = YES;
				ENABLE_USER_SELECTED_FILES = readonly;
				GENERATE_INFOPLIST_FILE = YES;
				INFOPLIST_FILE = Kedi/Info.plist;
				INFOPLIST_KEY_CFBundleDisplayName = Kedi;
				INFOPLIST_KEY_LSApplicationCategoryType = "public.app-category.developer-tools";
				"INFOPLIST_KEY_UIApplicationSceneManifest_Generation[sdk=iphoneos*]" = YES;
				"INFOPLIST_KEY_UIApplicationSceneManifest_Generation[sdk=iphonesimulator*]" = YES;
				"INFOPLIST_KEY_UIApplicationSupportsIndirectInputEvents[sdk=iphoneos*]" = YES;
				"INFOPLIST_KEY_UIApplicationSupportsIndirectInputEvents[sdk=iphonesimulator*]" = YES;
				"INFOPLIST_KEY_UILaunchScreen_Generation[sdk=iphoneos*]" = YES;
				"INFOPLIST_KEY_UILaunchScreen_Generation[sdk=iphonesimulator*]" = YES;
				"INFOPLIST_KEY_UIStatusBarStyle[sdk=iphoneos*]" = UIStatusBarStyleDefault;
				"INFOPLIST_KEY_UIStatusBarStyle[sdk=iphonesimulator*]" = UIStatusBarStyleDefault;
				INFOPLIST_KEY_UISupportedInterfaceOrientations = "UIInterfaceOrientationLandscapeLeft UIInterfaceOrientationLandscapeRight UIInterfaceOrientationPortrait UIInterfaceOrientationPortraitUpsideDown";
				IPHONEOS_DEPLOYMENT_TARGET = 17.0;
				LD_RUNPATH_SEARCH_PATHS = "@executable_path/Frameworks";
				"LD_RUNPATH_SEARCH_PATHS[sdk=macosx*]" = "@executable_path/../Frameworks";
				MACOSX_DEPLOYMENT_TARGET = 14.0;
				MARKETING_VERSION = 1.2.1;
				PRODUCT_BUNDLE_IDENTIFIER = com.sereisoglu.kedi;
				PRODUCT_NAME = "$(TARGET_NAME)";
				SDKROOT = auto;
				SUPPORTED_PLATFORMS = "iphoneos iphonesimulator";
				SUPPORTS_MACCATALYST = NO;
				SUPPORTS_MAC_DESIGNED_FOR_IPHONE_IPAD = YES;
				SUPPORTS_XR_DESIGNED_FOR_IPHONE_IPAD = YES;
				SWIFT_EMIT_LOC_STRINGS = YES;
				SWIFT_VERSION = 5.0;
				TARGETED_DEVICE_FAMILY = "1,2";
			};
			name = Debug;
		};
		4AB720692B6BAC8E001E2C76 /* Release */ = {
			isa = XCBuildConfiguration;
			buildSettings = {
				ASSETCATALOG_COMPILER_ALTERNATE_APPICON_NAMES = "AppIcon-White AppIcon-Gray AppIcon-White-Black AppIcon-Six-Colors AppIcon-Six-Colors-White AppIcon-Screaming AppIcon-Screaming-White AppIcon-Screaming-Gray AppIcon-Screaming-White-Black AppIcon-Screaming-Six-Colors AppIcon-Screaming-Six-Colors-White";
				ASSETCATALOG_COMPILER_APPICON_NAME = AppIcon;
				ASSETCATALOG_COMPILER_GLOBAL_ACCENT_COLOR_NAME = AccentColor;
				ASSETCATALOG_COMPILER_INCLUDE_ALL_APPICON_ASSETS = YES;
				CODE_SIGN_ENTITLEMENTS = Kedi/Kedi.entitlements;
				CODE_SIGN_STYLE = Automatic;
				CURRENT_PROJECT_VERSION = 1;
				DEAD_CODE_STRIPPING = YES;
				DEVELOPMENT_ASSET_PATHS = "";
				ENABLE_APP_SANDBOX = YES;
				ENABLE_HARDENED_RUNTIME = YES;
				ENABLE_PREVIEWS = YES;
				ENABLE_USER_SELECTED_FILES = readonly;
				GENERATE_INFOPLIST_FILE = YES;
				INFOPLIST_FILE = Kedi/Info.plist;
				INFOPLIST_KEY_CFBundleDisplayName = Kedi;
				INFOPLIST_KEY_LSApplicationCategoryType = "public.app-category.developer-tools";
				"INFOPLIST_KEY_UIApplicationSceneManifest_Generation[sdk=iphoneos*]" = YES;
				"INFOPLIST_KEY_UIApplicationSceneManifest_Generation[sdk=iphonesimulator*]" = YES;
				"INFOPLIST_KEY_UIApplicationSupportsIndirectInputEvents[sdk=iphoneos*]" = YES;
				"INFOPLIST_KEY_UIApplicationSupportsIndirectInputEvents[sdk=iphonesimulator*]" = YES;
				"INFOPLIST_KEY_UILaunchScreen_Generation[sdk=iphoneos*]" = YES;
				"INFOPLIST_KEY_UILaunchScreen_Generation[sdk=iphonesimulator*]" = YES;
				"INFOPLIST_KEY_UIStatusBarStyle[sdk=iphoneos*]" = UIStatusBarStyleDefault;
				"INFOPLIST_KEY_UIStatusBarStyle[sdk=iphonesimulator*]" = UIStatusBarStyleDefault;
				INFOPLIST_KEY_UISupportedInterfaceOrientations = "UIInterfaceOrientationLandscapeLeft UIInterfaceOrientationLandscapeRight UIInterfaceOrientationPortrait UIInterfaceOrientationPortraitUpsideDown";
				IPHONEOS_DEPLOYMENT_TARGET = 17.0;
				LD_RUNPATH_SEARCH_PATHS = "@executable_path/Frameworks";
				"LD_RUNPATH_SEARCH_PATHS[sdk=macosx*]" = "@executable_path/../Frameworks";
				MACOSX_DEPLOYMENT_TARGET = 14.0;
				MARKETING_VERSION = 1.2.1;
				PRODUCT_BUNDLE_IDENTIFIER = com.sereisoglu.kedi;
				PRODUCT_NAME = "$(TARGET_NAME)";
				SDKROOT = auto;
				SUPPORTED_PLATFORMS = "iphoneos iphonesimulator";
				SUPPORTS_MACCATALYST = NO;
				SUPPORTS_MAC_DESIGNED_FOR_IPHONE_IPAD = YES;
				SUPPORTS_XR_DESIGNED_FOR_IPHONE_IPAD = YES;
				SWIFT_EMIT_LOC_STRINGS = YES;
				SWIFT_VERSION = 5.0;
				TARGETED_DEVICE_FAMILY = "1,2";
			};
			name = Release;
		};
		4AB721392B738BA1001E2C76 /* Debug */ = {
			isa = XCBuildConfiguration;
			buildSettings = {
				ASSETCATALOG_COMPILER_GLOBAL_ACCENT_COLOR_NAME = AccentColor;
				ASSETCATALOG_COMPILER_WIDGET_BACKGROUND_COLOR_NAME = WidgetBackground;
				CODE_SIGN_ENTITLEMENTS = WidgetExtension/WidgetExtension.entitlements;
				CODE_SIGN_STYLE = Automatic;
				CURRENT_PROJECT_VERSION = 1;
				GENERATE_INFOPLIST_FILE = YES;
				INFOPLIST_FILE = WidgetExtension/Info.plist;
				INFOPLIST_KEY_CFBundleDisplayName = WidgetExtension;
				INFOPLIST_KEY_NSHumanReadableCopyright = "";
				IPHONEOS_DEPLOYMENT_TARGET = 17.0;
				LD_RUNPATH_SEARCH_PATHS = (
					"$(inherited)",
					"@executable_path/Frameworks",
					"@executable_path/../../Frameworks",
				);
				MARKETING_VERSION = 1.2.1;
				PRODUCT_BUNDLE_IDENTIFIER = com.sereisoglu.kedi.WidgetExtension;
				PRODUCT_NAME = "$(TARGET_NAME)";
				SDKROOT = iphoneos;
				SKIP_INSTALL = YES;
				SWIFT_EMIT_LOC_STRINGS = YES;
				SWIFT_VERSION = 5.0;
				TARGETED_DEVICE_FAMILY = "1,2";
			};
			name = Debug;
		};
		4AB7213A2B738BA1001E2C76 /* Release */ = {
			isa = XCBuildConfiguration;
			buildSettings = {
				ASSETCATALOG_COMPILER_GLOBAL_ACCENT_COLOR_NAME = AccentColor;
				ASSETCATALOG_COMPILER_WIDGET_BACKGROUND_COLOR_NAME = WidgetBackground;
				CODE_SIGN_ENTITLEMENTS = WidgetExtension/WidgetExtension.entitlements;
				CODE_SIGN_STYLE = Automatic;
				CURRENT_PROJECT_VERSION = 1;
				GENERATE_INFOPLIST_FILE = YES;
				INFOPLIST_FILE = WidgetExtension/Info.plist;
				INFOPLIST_KEY_CFBundleDisplayName = WidgetExtension;
				INFOPLIST_KEY_NSHumanReadableCopyright = "";
				IPHONEOS_DEPLOYMENT_TARGET = 17.0;
				LD_RUNPATH_SEARCH_PATHS = (
					"$(inherited)",
					"@executable_path/Frameworks",
					"@executable_path/../../Frameworks",
				);
				MARKETING_VERSION = 1.2.1;
				PRODUCT_BUNDLE_IDENTIFIER = com.sereisoglu.kedi.WidgetExtension;
				PRODUCT_NAME = "$(TARGET_NAME)";
				SDKROOT = iphoneos;
				SKIP_INSTALL = YES;
				SWIFT_EMIT_LOC_STRINGS = YES;
				SWIFT_VERSION = 5.0;
				TARGETED_DEVICE_FAMILY = "1,2";
				VALIDATE_PRODUCT = YES;
			};
			name = Release;
		};
		4ADFB9DA2BADE20000BDAA58 /* Debug */ = {
			isa = XCBuildConfiguration;
			buildSettings = {
				CODE_SIGN_ENTITLEMENTS = OneSignalNotificationServiceExtension/OneSignalNotificationServiceExtension.entitlements;
				CODE_SIGN_STYLE = Automatic;
				CURRENT_PROJECT_VERSION = 1;
				GENERATE_INFOPLIST_FILE = YES;
				INFOPLIST_FILE = OneSignalNotificationServiceExtension/Info.plist;
				INFOPLIST_KEY_CFBundleDisplayName = OneSignalNotificationServiceExtension;
				INFOPLIST_KEY_NSHumanReadableCopyright = "";
				IPHONEOS_DEPLOYMENT_TARGET = 17.0;
				LD_RUNPATH_SEARCH_PATHS = (
					"$(inherited)",
					"@executable_path/Frameworks",
					"@executable_path/../../Frameworks",
				);
				MARKETING_VERSION = 1.2.1;
				PRODUCT_BUNDLE_IDENTIFIER = com.sereisoglu.kedi.OneSignalNotificationServiceExtension;
				PRODUCT_NAME = "$(TARGET_NAME)";
				SDKROOT = iphoneos;
				SKIP_INSTALL = YES;
				SWIFT_EMIT_LOC_STRINGS = YES;
				SWIFT_VERSION = 5.0;
				TARGETED_DEVICE_FAMILY = "1,2";
			};
			name = Debug;
		};
		4ADFB9DB2BADE20000BDAA58 /* Release */ = {
			isa = XCBuildConfiguration;
			buildSettings = {
				CODE_SIGN_ENTITLEMENTS = OneSignalNotificationServiceExtension/OneSignalNotificationServiceExtension.entitlements;
				CODE_SIGN_STYLE = Automatic;
				CURRENT_PROJECT_VERSION = 1;
				GENERATE_INFOPLIST_FILE = YES;
				INFOPLIST_FILE = OneSignalNotificationServiceExtension/Info.plist;
				INFOPLIST_KEY_CFBundleDisplayName = OneSignalNotificationServiceExtension;
				INFOPLIST_KEY_NSHumanReadableCopyright = "";
				IPHONEOS_DEPLOYMENT_TARGET = 17.0;
				LD_RUNPATH_SEARCH_PATHS = (
					"$(inherited)",
					"@executable_path/Frameworks",
					"@executable_path/../../Frameworks",
				);
				MARKETING_VERSION = 1.2.1;
				PRODUCT_BUNDLE_IDENTIFIER = com.sereisoglu.kedi.OneSignalNotificationServiceExtension;
				PRODUCT_NAME = "$(TARGET_NAME)";
				SDKROOT = iphoneos;
				SKIP_INSTALL = YES;
				SWIFT_EMIT_LOC_STRINGS = YES;
				SWIFT_VERSION = 5.0;
				TARGETED_DEVICE_FAMILY = "1,2";
				VALIDATE_PRODUCT = YES;
			};
			name = Release;
		};
/* End XCBuildConfiguration section */

/* Begin XCConfigurationList section */
		4AB720532B6BAC8D001E2C76 /* Build configuration list for PBXProject "Kedi" */ = {
			isa = XCConfigurationList;
			buildConfigurations = (
				4AB720652B6BAC8E001E2C76 /* Debug */,
				4AB720662B6BAC8E001E2C76 /* Release */,
			);
			defaultConfigurationIsVisible = 0;
			defaultConfigurationName = Release;
		};
		4AB720672B6BAC8E001E2C76 /* Build configuration list for PBXNativeTarget "Kedi" */ = {
			isa = XCConfigurationList;
			buildConfigurations = (
				4AB720682B6BAC8E001E2C76 /* Debug */,
				4AB720692B6BAC8E001E2C76 /* Release */,
			);
			defaultConfigurationIsVisible = 0;
			defaultConfigurationName = Release;
		};
		4AB721382B738BA1001E2C76 /* Build configuration list for PBXNativeTarget "WidgetExtension" */ = {
			isa = XCConfigurationList;
			buildConfigurations = (
				4AB721392B738BA1001E2C76 /* Debug */,
				4AB7213A2B738BA1001E2C76 /* Release */,
			);
			defaultConfigurationIsVisible = 0;
			defaultConfigurationName = Release;
		};
		4ADFB9D92BADE20000BDAA58 /* Build configuration list for PBXNativeTarget "OneSignalNotificationServiceExtension" */ = {
			isa = XCConfigurationList;
			buildConfigurations = (
				4ADFB9DA2BADE20000BDAA58 /* Debug */,
				4ADFB9DB2BADE20000BDAA58 /* Release */,
			);
			defaultConfigurationIsVisible = 0;
			defaultConfigurationName = Release;
		};
/* End XCConfigurationList section */

/* Begin XCRemoteSwiftPackageReference section */
		4AAF69122E7619DF00FEAE97 /* XCRemoteSwiftPackageReference "purchases-ios" */ = {
			isa = XCRemoteSwiftPackageReference;
			repositoryURL = "https://github.com/RevenueCat/purchases-ios.git";
			requirement = {
				kind = upToNextMajorVersion;
				minimumVersion = 5.39.0;
			};
		};
		4AAF69152E761A2400FEAE97 /* XCRemoteSwiftPackageReference "Cache" */ = {
			isa = XCRemoteSwiftPackageReference;
			repositoryURL = "https://github.com/hyperoslo/Cache.git";
			requirement = {
				kind = upToNextMajorVersion;
				minimumVersion = 7.4.0;
			};
		};
		4AB6B3BA2CA690C100F6BE9F /* XCRemoteSwiftPackageReference "Alamofire" */ = {
			isa = XCRemoteSwiftPackageReference;
			repositoryURL = "https://github.com/Alamofire/Alamofire.git";
			requirement = {
				kind = upToNextMajorVersion;
				minimumVersion = 5.9.1;
			};
		};
		4AB6B3BD2CA6912B00F6BE9F /* XCRemoteSwiftPackageReference "SwiftSDK" */ = {
			isa = XCRemoteSwiftPackageReference;
			repositoryURL = "https://github.com/TelemetryDeck/SwiftSDK.git";
			requirement = {
				kind = upToNextMajorVersion;
				minimumVersion = 2.3.0;
			};
		};
		4AB7209D2B6C74FE001E2C76 /* XCRemoteSwiftPackageReference "keychain-swift" */ = {
			isa = XCRemoteSwiftPackageReference;
			repositoryURL = "https://github.com/evgenyneu/keychain-swift.git";
			requirement = {
				kind = upToNextMajorVersion;
				minimumVersion = 21.0.0;
			};
		};
		4ADFB9DD2BADE31E00BDAA58 /* XCRemoteSwiftPackageReference "OneSignal-XCFramework" */ = {
			isa = XCRemoteSwiftPackageReference;
			repositoryURL = "https://github.com/OneSignal/OneSignal-XCFramework.git";
			requirement = {
				kind = upToNextMajorVersion;
				minimumVersion = 5.1.3;
			};
		};
/* End XCRemoteSwiftPackageReference section */

/* Begin XCSwiftPackageProductDependency section */
		4AAF69132E7619DF00FEAE97 /* RevenueCat */ = {
			isa = XCSwiftPackageProductDependency;
			package = 4AAF69122E7619DF00FEAE97 /* XCRemoteSwiftPackageReference "purchases-ios" */;
			productName = RevenueCat;
		};
		4AAF69162E761A2400FEAE97 /* Cache */ = {
			isa = XCSwiftPackageProductDependency;
			package = 4AAF69152E761A2400FEAE97 /* XCRemoteSwiftPackageReference "Cache" */;
			productName = Cache;
		};
		4AAF691D2E761CA400FEAE97 /* Cache */ = {
			isa = XCSwiftPackageProductDependency;
			package = 4AAF69152E761A2400FEAE97 /* XCRemoteSwiftPackageReference "Cache" */;
			productName = Cache;
		};
		4AAF691F2E761CAA00FEAE97 /* Cache */ = {
			isa = XCSwiftPackageProductDependency;
			package = 4AAF69152E761A2400FEAE97 /* XCRemoteSwiftPackageReference "Cache" */;
			productName = Cache;
		};
		4AB6B3BB2CA690C100F6BE9F /* Alamofire */ = {
			isa = XCSwiftPackageProductDependency;
			package = 4AB6B3BA2CA690C100F6BE9F /* XCRemoteSwiftPackageReference "Alamofire" */;
			productName = Alamofire;
		};
		4AB6B3BE2CA6912B00F6BE9F /* TelemetryDeck */ = {
			isa = XCSwiftPackageProductDependency;
			package = 4AB6B3BD2CA6912B00F6BE9F /* XCRemoteSwiftPackageReference "SwiftSDK" */;
			productName = TelemetryDeck;
		};
		4AB6B3C02CA6944700F6BE9F /* Alamofire */ = {
			isa = XCSwiftPackageProductDependency;
			package = 4AB6B3BA2CA690C100F6BE9F /* XCRemoteSwiftPackageReference "Alamofire" */;
			productName = Alamofire;
		};
		4AB7209E2B6C74FE001E2C76 /* KeychainSwift */ = {
			isa = XCSwiftPackageProductDependency;
			package = 4AB7209D2B6C74FE001E2C76 /* XCRemoteSwiftPackageReference "keychain-swift" */;
			productName = KeychainSwift;
		};
		4AB7214D2B739C2D001E2C76 /* KeychainSwift */ = {
			isa = XCSwiftPackageProductDependency;
			package = 4AB7209D2B6C74FE001E2C76 /* XCRemoteSwiftPackageReference "keychain-swift" */;
			productName = KeychainSwift;
		};
		4ADFB9DE2BADE31F00BDAA58 /* OneSignalExtension */ = {
			isa = XCSwiftPackageProductDependency;
			package = 4ADFB9DD2BADE31E00BDAA58 /* XCRemoteSwiftPackageReference "OneSignal-XCFramework" */;
			productName = OneSignalExtension;
		};
		4ADFB9E02BADE31F00BDAA58 /* OneSignalFramework */ = {
			isa = XCSwiftPackageProductDependency;
			package = 4ADFB9DD2BADE31E00BDAA58 /* XCRemoteSwiftPackageReference "OneSignal-XCFramework" */;
			productName = OneSignalFramework;
		};
/* End XCSwiftPackageProductDependency section */
	};
	rootObject = 4AB720502B6BAC8D001E2C76 /* Project object */;
}
