// !$*UTF8*$!
{
	archiveVersion = 1;
	classes = {
	};
	objectVersion = 56;
	objects = {

/* Begin PBXBuildFile section */
		4AB7205C2B6BAC8D001E2C76 /* KediApp.swift in Sources */ = {isa = PBXBuildFile; fileRef = 4AB7205B2B6BAC8D001E2C76 /* KediApp.swift */; };
		4AB7205E2B6BAC8D001E2C76 /* SignInView.swift in Sources */ = {isa = PBXBuildFile; fileRef = 4AB7205D2B6BAC8D001E2C76 /* SignInView.swift */; };
		4AB720602B6BAC8E001E2C76 /* Assets.xcassets in Resources */ = {isa = PBXBuildFile; fileRef = 4AB7205F2B6BAC8E001E2C76 /* Assets.xcassets */; };
		4AB720642B6BAC8E001E2C76 /* Preview Assets.xcassets in Resources */ = {isa = PBXBuildFile; fileRef = 4AB720632B6BAC8E001E2C76 /* Preview Assets.xcassets */; };
		4AB7206D2B6BDC36001E2C76 /* SignInViewModel.swift in Sources */ = {isa = PBXBuildFile; fileRef = 4AB7206C2B6BDC36001E2C76 /* SignInViewModel.swift */; };
		4AB720712B6BF497001E2C76 /* APIService.swift in Sources */ = {isa = PBXBuildFile; fileRef = 4AB720702B6BF497001E2C76 /* APIService.swift */; };
		4AB720742B6BF4A9001E2C76 /* Endpoint.swift in Sources */ = {isa = PBXBuildFile; fileRef = 4AB720732B6BF4A9001E2C76 /* Endpoint.swift */; };
		4AB720772B6C1202001E2C76 /* Alamofire in Frameworks */ = {isa = PBXBuildFile; productRef = 4AB720762B6C1202001E2C76 /* Alamofire */; };
		4AB7207B2B6C17A0001E2C76 /* RCLoginModel.swift in Sources */ = {isa = PBXBuildFile; fileRef = 4AB7207A2B6C17A0001E2C76 /* RCLoginModel.swift */; };
		4AB7207D2B6C17A9001E2C76 /* RCErrorModel.swift in Sources */ = {isa = PBXBuildFile; fileRef = 4AB7207C2B6C17A9001E2C76 /* RCErrorModel.swift */; };
		4AB7207F2B6C17B3001E2C76 /* RCError.swift in Sources */ = {isa = PBXBuildFile; fileRef = 4AB7207E2B6C17B3001E2C76 /* RCError.swift */; };
		4AB720822B6C4FEA001E2C76 /* OverviewViewModel.swift in Sources */ = {isa = PBXBuildFile; fileRef = 4AB720812B6C4FEA001E2C76 /* OverviewViewModel.swift */; };
		4AB720842B6C4FF3001E2C76 /* OverviewView.swift in Sources */ = {isa = PBXBuildFile; fileRef = 4AB720832B6C4FF3001E2C76 /* OverviewView.swift */; };
		4AB720872B6C56E7001E2C76 /* RootView.swift in Sources */ = {isa = PBXBuildFile; fileRef = 4AB720862B6C56E7001E2C76 /* RootView.swift */; };
		4AB720892B6C5826001E2C76 /* RCOverviewModel.swift in Sources */ = {isa = PBXBuildFile; fileRef = 4AB720882B6C5826001E2C76 /* RCOverviewModel.swift */; };
		4AB7208C2B6C642D001E2C76 /* Color+Extension.swift in Sources */ = {isa = PBXBuildFile; fileRef = 4AB7208B2B6C642D001E2C76 /* Color+Extension.swift */; };
		4AB7208F2B6C6842001E2C76 /* MainView.swift in Sources */ = {isa = PBXBuildFile; fileRef = 4AB7208E2B6C6842001E2C76 /* MainView.swift */; };
		4AB720922B6C6893001E2C76 /* SettingsView.swift in Sources */ = {isa = PBXBuildFile; fileRef = 4AB720912B6C6893001E2C76 /* SettingsView.swift */; };
		4AB7209F2B6C74FE001E2C76 /* KeychainSwift in Frameworks */ = {isa = PBXBuildFile; productRef = 4AB7209E2B6C74FE001E2C76 /* KeychainSwift */; };
		4AB720A22B6C7925001E2C76 /* KeychainManager.swift in Sources */ = {isa = PBXBuildFile; fileRef = 4AB720A12B6C7925001E2C76 /* KeychainManager.swift */; };
		4AB720A42B6DA77C001E2C76 /* AuthManager.swift in Sources */ = {isa = PBXBuildFile; fileRef = 4AB720A32B6DA77C001E2C76 /* AuthManager.swift */; };
		4AB720A62B6DAC81001E2C76 /* DateFormatter+Extension.swift in Sources */ = {isa = PBXBuildFile; fileRef = 4AB720A52B6DAC81001E2C76 /* DateFormatter+Extension.swift */; };
		4AB720A92B6DB3A0001E2C76 /* AsyncButton.swift in Sources */ = {isa = PBXBuildFile; fileRef = 4AB720A82B6DB3A0001E2C76 /* AsyncButton.swift */; };
		4AB720AB2B6DB4D2001E2C76 /* SettingsViewModel.swift in Sources */ = {isa = PBXBuildFile; fileRef = 4AB720AA2B6DB4D2001E2C76 /* SettingsViewModel.swift */; };
		4AB720AE2B6DB698001E2C76 /* OverviewItem.swift in Sources */ = {isa = PBXBuildFile; fileRef = 4AB720AD2B6DB698001E2C76 /* OverviewItem.swift */; };
		4AB720B22B6DC9AB001E2C76 /* SpacingLabelStyle.swift in Sources */ = {isa = PBXBuildFile; fileRef = 4AB720B12B6DC9AB001E2C76 /* SpacingLabelStyle.swift */; };
		4AB720B62B6E3E16001E2C76 /* SidebarView.swift in Sources */ = {isa = PBXBuildFile; fileRef = 4AB720B52B6E3E16001E2C76 /* SidebarView.swift */; };
		4AB720B82B6E3E1D001E2C76 /* TabBarView.swift in Sources */ = {isa = PBXBuildFile; fileRef = 4AB720B72B6E3E1D001E2C76 /* TabBarView.swift */; };
		4AB720BA2B6E4183001E2C76 /* NavigationItem.swift in Sources */ = {isa = PBXBuildFile; fileRef = 4AB720B92B6E4183001E2C76 /* NavigationItem.swift */; };
		4AB720BD2B6E49D2001E2C76 /* RCChartName.swift in Sources */ = {isa = PBXBuildFile; fileRef = 4AB720BC2B6E49D2001E2C76 /* RCChartName.swift */; };
		4AB720C02B6E4A62001E2C76 /* RCChartModel.swift in Sources */ = {isa = PBXBuildFile; fileRef = 4AB720BF2B6E4A62001E2C76 /* RCChartModel.swift */; };
		4AB720C22B6E4DFD001E2C76 /* Collection+Extension.swift in Sources */ = {isa = PBXBuildFile; fileRef = 4AB720C12B6E4DFD001E2C76 /* Collection+Extension.swift */; };
		4AB720C42B6E6156001E2C76 /* LineAndAreaMarkChartView.swift in Sources */ = {isa = PBXBuildFile; fileRef = 4AB720C32B6E6156001E2C76 /* LineAndAreaMarkChartView.swift */; };
		4AB720C62B6E625D001E2C76 /* RCChartResolution.swift in Sources */ = {isa = PBXBuildFile; fileRef = 4AB720C52B6E625D001E2C76 /* RCChartResolution.swift */; };
		4AB720CA2B6E6341001E2C76 /* RCMeModel.swift in Sources */ = {isa = PBXBuildFile; fileRef = 4AB720C92B6E6341001E2C76 /* RCMeModel.swift */; };
		4AB720CC2B6EAECD001E2C76 /* Array+Extension.swift in Sources */ = {isa = PBXBuildFile; fileRef = 4AB720CB2B6EAECD001E2C76 /* Array+Extension.swift */; };
		4AB720CE2B6EB36C001E2C76 /* OverviewItemType.swift in Sources */ = {isa = PBXBuildFile; fileRef = 4AB720CD2B6EB36C001E2C76 /* OverviewItemType.swift */; };
		4AB720E52B70C8D3001E2C76 /* TransactionsViewModel.swift in Sources */ = {isa = PBXBuildFile; fileRef = 4AB720E42B70C8D3001E2C76 /* TransactionsViewModel.swift */; };
		4AB720E92B70C8EC001E2C76 /* TransactionsView.swift in Sources */ = {isa = PBXBuildFile; fileRef = 4AB720E82B70C8EC001E2C76 /* TransactionsView.swift */; };
		4AB720ED2B70CA2D001E2C76 /* RCTransactionsModel.swift in Sources */ = {isa = PBXBuildFile; fileRef = 4AB720EC2B70CA2D001E2C76 /* RCTransactionsModel.swift */; };
		4AB720EF2B70D8AA001E2C76 /* TransactionModel.swift in Sources */ = {isa = PBXBuildFile; fileRef = 4AB720EE2B70D8AA001E2C76 /* TransactionModel.swift */; };
		4AB720F12B70E399001E2C76 /* String+Extension.swift in Sources */ = {isa = PBXBuildFile; fileRef = 4AB720F02B70E399001E2C76 /* String+Extension.swift */; };
		4AB720F52B70FB84001E2C76 /* TransactionListView.swift in Sources */ = {isa = PBXBuildFile; fileRef = 4AB720F42B70FB84001E2C76 /* TransactionListView.swift */; };
		4AB720F82B70FBF1001E2C76 /* Date+Extension.swift in Sources */ = {isa = PBXBuildFile; fileRef = 4AB720F72B70FBF1001E2C76 /* Date+Extension.swift */; };
		4AB720FC2B712CE4001E2C76 /* CacheAsyncImage.swift in Sources */ = {isa = PBXBuildFile; fileRef = 4AB720FB2B712CE4001E2C76 /* CacheAsyncImage.swift */; };
/* End PBXBuildFile section */

/* Begin PBXFileReference section */
		4AB720582B6BAC8D001E2C76 /* Kedi.app */ = {isa = PBXFileReference; explicitFileType = wrapper.application; includeInIndex = 0; path = Kedi.app; sourceTree = BUILT_PRODUCTS_DIR; };
		4AB7205B2B6BAC8D001E2C76 /* KediApp.swift */ = {isa = PBXFileReference; lastKnownFileType = sourcecode.swift; path = KediApp.swift; sourceTree = "<group>"; };
		4AB7205D2B6BAC8D001E2C76 /* SignInView.swift */ = {isa = PBXFileReference; lastKnownFileType = sourcecode.swift; path = SignInView.swift; sourceTree = "<group>"; };
		4AB7205F2B6BAC8E001E2C76 /* Assets.xcassets */ = {isa = PBXFileReference; lastKnownFileType = folder.assetcatalog; path = Assets.xcassets; sourceTree = "<group>"; };
		4AB720612B6BAC8E001E2C76 /* Kedi.entitlements */ = {isa = PBXFileReference; lastKnownFileType = text.plist.entitlements; path = Kedi.entitlements; sourceTree = "<group>"; };
		4AB720632B6BAC8E001E2C76 /* Preview Assets.xcassets */ = {isa = PBXFileReference; lastKnownFileType = folder.assetcatalog; path = "Preview Assets.xcassets"; sourceTree = "<group>"; };
		4AB7206C2B6BDC36001E2C76 /* SignInViewModel.swift */ = {isa = PBXFileReference; lastKnownFileType = sourcecode.swift; path = SignInViewModel.swift; sourceTree = "<group>"; };
		4AB720702B6BF497001E2C76 /* APIService.swift */ = {isa = PBXFileReference; lastKnownFileType = sourcecode.swift; path = APIService.swift; sourceTree = "<group>"; };
		4AB720732B6BF4A9001E2C76 /* Endpoint.swift */ = {isa = PBXFileReference; lastKnownFileType = sourcecode.swift; path = Endpoint.swift; sourceTree = "<group>"; };
		4AB7207A2B6C17A0001E2C76 /* RCLoginModel.swift */ = {isa = PBXFileReference; lastKnownFileType = sourcecode.swift; path = RCLoginModel.swift; sourceTree = "<group>"; };
		4AB7207C2B6C17A9001E2C76 /* RCErrorModel.swift */ = {isa = PBXFileReference; lastKnownFileType = sourcecode.swift; path = RCErrorModel.swift; sourceTree = "<group>"; };
		4AB7207E2B6C17B3001E2C76 /* RCError.swift */ = {isa = PBXFileReference; lastKnownFileType = sourcecode.swift; path = RCError.swift; sourceTree = "<group>"; };
		4AB720812B6C4FEA001E2C76 /* OverviewViewModel.swift */ = {isa = PBXFileReference; lastKnownFileType = sourcecode.swift; path = OverviewViewModel.swift; sourceTree = "<group>"; };
		4AB720832B6C4FF3001E2C76 /* OverviewView.swift */ = {isa = PBXFileReference; lastKnownFileType = sourcecode.swift; path = OverviewView.swift; sourceTree = "<group>"; };
		4AB720862B6C56E7001E2C76 /* RootView.swift */ = {isa = PBXFileReference; lastKnownFileType = sourcecode.swift; path = RootView.swift; sourceTree = "<group>"; };
		4AB720882B6C5826001E2C76 /* RCOverviewModel.swift */ = {isa = PBXFileReference; lastKnownFileType = sourcecode.swift; path = RCOverviewModel.swift; sourceTree = "<group>"; };
		4AB7208B2B6C642D001E2C76 /* Color+Extension.swift */ = {isa = PBXFileReference; lastKnownFileType = sourcecode.swift; path = "Color+Extension.swift"; sourceTree = "<group>"; };
		4AB7208E2B6C6842001E2C76 /* MainView.swift */ = {isa = PBXFileReference; lastKnownFileType = sourcecode.swift; path = MainView.swift; sourceTree = "<group>"; };
		4AB720912B6C6893001E2C76 /* SettingsView.swift */ = {isa = PBXFileReference; lastKnownFileType = sourcecode.swift; path = SettingsView.swift; sourceTree = "<group>"; };
		4AB720A12B6C7925001E2C76 /* KeychainManager.swift */ = {isa = PBXFileReference; lastKnownFileType = sourcecode.swift; path = KeychainManager.swift; sourceTree = "<group>"; };
		4AB720A32B6DA77C001E2C76 /* AuthManager.swift */ = {isa = PBXFileReference; lastKnownFileType = sourcecode.swift; path = AuthManager.swift; sourceTree = "<group>"; };
		4AB720A52B6DAC81001E2C76 /* DateFormatter+Extension.swift */ = {isa = PBXFileReference; lastKnownFileType = sourcecode.swift; path = "DateFormatter+Extension.swift"; sourceTree = "<group>"; };
		4AB720A82B6DB3A0001E2C76 /* AsyncButton.swift */ = {isa = PBXFileReference; lastKnownFileType = sourcecode.swift; path = AsyncButton.swift; sourceTree = "<group>"; };
		4AB720AA2B6DB4D2001E2C76 /* SettingsViewModel.swift */ = {isa = PBXFileReference; lastKnownFileType = sourcecode.swift; path = SettingsViewModel.swift; sourceTree = "<group>"; };
		4AB720AD2B6DB698001E2C76 /* OverviewItem.swift */ = {isa = PBXFileReference; lastKnownFileType = sourcecode.swift; path = OverviewItem.swift; sourceTree = "<group>"; };
		4AB720B12B6DC9AB001E2C76 /* SpacingLabelStyle.swift */ = {isa = PBXFileReference; lastKnownFileType = sourcecode.swift; path = SpacingLabelStyle.swift; sourceTree = "<group>"; };
		4AB720B52B6E3E16001E2C76 /* SidebarView.swift */ = {isa = PBXFileReference; lastKnownFileType = sourcecode.swift; path = SidebarView.swift; sourceTree = "<group>"; };
		4AB720B72B6E3E1D001E2C76 /* TabBarView.swift */ = {isa = PBXFileReference; lastKnownFileType = sourcecode.swift; path = TabBarView.swift; sourceTree = "<group>"; };
		4AB720B92B6E4183001E2C76 /* NavigationItem.swift */ = {isa = PBXFileReference; lastKnownFileType = sourcecode.swift; path = NavigationItem.swift; sourceTree = "<group>"; };
		4AB720BC2B6E49D2001E2C76 /* RCChartName.swift */ = {isa = PBXFileReference; lastKnownFileType = sourcecode.swift; path = RCChartName.swift; sourceTree = "<group>"; };
		4AB720BF2B6E4A62001E2C76 /* RCChartModel.swift */ = {isa = PBXFileReference; lastKnownFileType = sourcecode.swift; path = RCChartModel.swift; sourceTree = "<group>"; };
		4AB720C12B6E4DFD001E2C76 /* Collection+Extension.swift */ = {isa = PBXFileReference; lastKnownFileType = sourcecode.swift; path = "Collection+Extension.swift"; sourceTree = "<group>"; };
		4AB720C32B6E6156001E2C76 /* LineAndAreaMarkChartView.swift */ = {isa = PBXFileReference; lastKnownFileType = sourcecode.swift; path = LineAndAreaMarkChartView.swift; sourceTree = "<group>"; };
		4AB720C52B6E625D001E2C76 /* RCChartResolution.swift */ = {isa = PBXFileReference; lastKnownFileType = sourcecode.swift; path = RCChartResolution.swift; sourceTree = "<group>"; };
		4AB720C92B6E6341001E2C76 /* RCMeModel.swift */ = {isa = PBXFileReference; lastKnownFileType = sourcecode.swift; path = RCMeModel.swift; sourceTree = "<group>"; };
		4AB720CB2B6EAECD001E2C76 /* Array+Extension.swift */ = {isa = PBXFileReference; lastKnownFileType = sourcecode.swift; path = "Array+Extension.swift"; sourceTree = "<group>"; };
		4AB720CD2B6EB36C001E2C76 /* OverviewItemType.swift */ = {isa = PBXFileReference; lastKnownFileType = sourcecode.swift; path = OverviewItemType.swift; sourceTree = "<group>"; };
		4AB720E42B70C8D3001E2C76 /* TransactionsViewModel.swift */ = {isa = PBXFileReference; lastKnownFileType = sourcecode.swift; path = TransactionsViewModel.swift; sourceTree = "<group>"; };
		4AB720E82B70C8EC001E2C76 /* TransactionsView.swift */ = {isa = PBXFileReference; lastKnownFileType = sourcecode.swift; path = TransactionsView.swift; sourceTree = "<group>"; };
		4AB720EC2B70CA2D001E2C76 /* RCTransactionsModel.swift */ = {isa = PBXFileReference; lastKnownFileType = sourcecode.swift; path = RCTransactionsModel.swift; sourceTree = "<group>"; };
		4AB720EE2B70D8AA001E2C76 /* TransactionModel.swift */ = {isa = PBXFileReference; lastKnownFileType = sourcecode.swift; path = TransactionModel.swift; sourceTree = "<group>"; };
		4AB720F02B70E399001E2C76 /* String+Extension.swift */ = {isa = PBXFileReference; lastKnownFileType = sourcecode.swift; path = "String+Extension.swift"; sourceTree = "<group>"; };
		4AB720F42B70FB84001E2C76 /* TransactionListView.swift */ = {isa = PBXFileReference; lastKnownFileType = sourcecode.swift; path = TransactionListView.swift; sourceTree = "<group>"; };
		4AB720F72B70FBF1001E2C76 /* Date+Extension.swift */ = {isa = PBXFileReference; lastKnownFileType = sourcecode.swift; path = "Date+Extension.swift"; sourceTree = "<group>"; };
		4AB720FB2B712CE4001E2C76 /* CacheAsyncImage.swift */ = {isa = PBXFileReference; lastKnownFileType = sourcecode.swift; path = CacheAsyncImage.swift; sourceTree = "<group>"; };
/* End PBXFileReference section */

/* Begin PBXFrameworksBuildPhase section */
		4AB720552B6BAC8D001E2C76 /* Frameworks */ = {
			isa = PBXFrameworksBuildPhase;
			buildActionMask = 2147483647;
			files = (
				4AB7209F2B6C74FE001E2C76 /* KeychainSwift in Frameworks */,
				4AB720772B6C1202001E2C76 /* Alamofire in Frameworks */,
			);
			runOnlyForDeploymentPostprocessing = 0;
		};
/* End PBXFrameworksBuildPhase section */

/* Begin PBXGroup section */
		4AB7204F2B6BAC8D001E2C76 = {
			isa = PBXGroup;
			children = (
				4AB7205A2B6BAC8D001E2C76 /* Kedi */,
				4AB720592B6BAC8D001E2C76 /* Products */,
			);
			sourceTree = "<group>";
		};
		4AB720592B6BAC8D001E2C76 /* Products */ = {
			isa = PBXGroup;
			children = (
				4AB720582B6BAC8D001E2C76 /* Kedi.app */,
			);
			name = Products;
			sourceTree = "<group>";
		};
		4AB7205A2B6BAC8D001E2C76 /* Kedi */ = {
			isa = PBXGroup;
			children = (
				4AB7205B2B6BAC8D001E2C76 /* KediApp.swift */,
				4AB7206E2B6BF477001E2C76 /* Network */,
				4AB7206A2B6BDC1E001E2C76 /* Modules */,
				4AB720A72B6DB396001E2C76 /* Components */,
				4AB720A02B6C791A001E2C76 /* Managers */,
				4AB7208A2B6C6422001E2C76 /* Extensions */,
				4AB7205F2B6BAC8E001E2C76 /* Assets.xcassets */,
				4AB720612B6BAC8E001E2C76 /* Kedi.entitlements */,
				4AB720622B6BAC8E001E2C76 /* Preview Content */,
			);
			path = Kedi;
			sourceTree = "<group>";
		};
		4AB720622B6BAC8E001E2C76 /* Preview Content */ = {
			isa = PBXGroup;
			children = (
				4AB720632B6BAC8E001E2C76 /* Preview Assets.xcassets */,
			);
			path = "Preview Content";
			sourceTree = "<group>";
		};
		4AB7206A2B6BDC1E001E2C76 /* Modules */ = {
			isa = PBXGroup;
			children = (
				4AB720852B6C56DE001E2C76 /* Root */,
				4AB7206B2B6BDC27001E2C76 /* SignIn */,
				4AB7208D2B6C682C001E2C76 /* Main */,
				4AB720802B6C4FDA001E2C76 /* Overview */,
				4AB720E32B70C8BA001E2C76 /* Transactions */,
				4AB720902B6C6888001E2C76 /* Settings */,
			);
			path = Modules;
			sourceTree = "<group>";
		};
		4AB7206B2B6BDC27001E2C76 /* SignIn */ = {
			isa = PBXGroup;
			children = (
				4AB7205D2B6BAC8D001E2C76 /* SignInView.swift */,
				4AB7206C2B6BDC36001E2C76 /* SignInViewModel.swift */,
			);
			path = SignIn;
			sourceTree = "<group>";
		};
		4AB7206E2B6BF477001E2C76 /* Network */ = {
			isa = PBXGroup;
			children = (
				4AB720782B6C1791001E2C76 /* Models */,
				4AB720702B6BF497001E2C76 /* APIService.swift */,
				4AB720732B6BF4A9001E2C76 /* Endpoint.swift */,
			);
			path = Network;
			sourceTree = "<group>";
		};
		4AB720782B6C1791001E2C76 /* Models */ = {
			isa = PBXGroup;
			children = (
				4AB7209C2B6C71AD001E2C76 /* General */,
				4AB720BB2B6E49C7001E2C76 /* Charts */,
				4AB7209B2B6C719B001E2C76 /* Error */,
			);
			path = Models;
			sourceTree = "<group>";
		};
		4AB720802B6C4FDA001E2C76 /* Overview */ = {
			isa = PBXGroup;
			children = (
				4AB720AC2B6DB68F001E2C76 /* Models */,
				4AB720832B6C4FF3001E2C76 /* OverviewView.swift */,
				4AB720812B6C4FEA001E2C76 /* OverviewViewModel.swift */,
			);
			path = Overview;
			sourceTree = "<group>";
		};
		4AB720852B6C56DE001E2C76 /* Root */ = {
			isa = PBXGroup;
			children = (
				4AB720862B6C56E7001E2C76 /* RootView.swift */,
			);
			path = Root;
			sourceTree = "<group>";
		};
		4AB7208A2B6C6422001E2C76 /* Extensions */ = {
			isa = PBXGroup;
			children = (
				4AB7208B2B6C642D001E2C76 /* Color+Extension.swift */,
				4AB720A52B6DAC81001E2C76 /* DateFormatter+Extension.swift */,
				4AB720C12B6E4DFD001E2C76 /* Collection+Extension.swift */,
				4AB720CB2B6EAECD001E2C76 /* Array+Extension.swift */,
				4AB720F02B70E399001E2C76 /* String+Extension.swift */,
				4AB720F72B70FBF1001E2C76 /* Date+Extension.swift */,
			);
			path = Extensions;
			sourceTree = "<group>";
		};
		4AB7208D2B6C682C001E2C76 /* Main */ = {
			isa = PBXGroup;
			children = (
				4AB720EA2B70C9B2001E2C76 /* Models */,
				4AB720B32B6E3D0E001E2C76 /* TabBar */,
				4AB720B42B6E3D98001E2C76 /* Sidebar */,
				4AB7208E2B6C6842001E2C76 /* MainView.swift */,
			);
			path = Main;
			sourceTree = "<group>";
		};
		4AB720902B6C6888001E2C76 /* Settings */ = {
			isa = PBXGroup;
			children = (
				4AB720912B6C6893001E2C76 /* SettingsView.swift */,
				4AB720AA2B6DB4D2001E2C76 /* SettingsViewModel.swift */,
			);
			path = Settings;
			sourceTree = "<group>";
		};
		4AB7209B2B6C719B001E2C76 /* Error */ = {
			isa = PBXGroup;
			children = (
				4AB7207E2B6C17B3001E2C76 /* RCError.swift */,
				4AB7207C2B6C17A9001E2C76 /* RCErrorModel.swift */,
			);
			path = Error;
			sourceTree = "<group>";
		};
		4AB7209C2B6C71AD001E2C76 /* General */ = {
			isa = PBXGroup;
			children = (
				4AB7207A2B6C17A0001E2C76 /* RCLoginModel.swift */,
				4AB720C92B6E6341001E2C76 /* RCMeModel.swift */,
				4AB720882B6C5826001E2C76 /* RCOverviewModel.swift */,
				4AB720EC2B70CA2D001E2C76 /* RCTransactionsModel.swift */,
			);
			path = General;
			sourceTree = "<group>";
		};
		4AB720A02B6C791A001E2C76 /* Managers */ = {
			isa = PBXGroup;
			children = (
				4AB720A32B6DA77C001E2C76 /* AuthManager.swift */,
				4AB720A12B6C7925001E2C76 /* KeychainManager.swift */,
			);
			path = Managers;
			sourceTree = "<group>";
		};
		4AB720A72B6DB396001E2C76 /* Components */ = {
			isa = PBXGroup;
			children = (
				4AB720A82B6DB3A0001E2C76 /* AsyncButton.swift */,
				4AB720B12B6DC9AB001E2C76 /* SpacingLabelStyle.swift */,
				4AB720C32B6E6156001E2C76 /* LineAndAreaMarkChartView.swift */,
				4AB720FB2B712CE4001E2C76 /* CacheAsyncImage.swift */,
			);
			path = Components;
			sourceTree = "<group>";
		};
		4AB720AC2B6DB68F001E2C76 /* Models */ = {
			isa = PBXGroup;
			children = (
				4AB720AD2B6DB698001E2C76 /* OverviewItem.swift */,
				4AB720CD2B6EB36C001E2C76 /* OverviewItemType.swift */,
			);
			path = Models;
			sourceTree = "<group>";
		};
		4AB720B32B6E3D0E001E2C76 /* TabBar */ = {
			isa = PBXGroup;
			children = (
				4AB720B72B6E3E1D001E2C76 /* TabBarView.swift */,
			);
			path = TabBar;
			sourceTree = "<group>";
		};
		4AB720B42B6E3D98001E2C76 /* Sidebar */ = {
			isa = PBXGroup;
			children = (
				4AB720B52B6E3E16001E2C76 /* SidebarView.swift */,
			);
			path = Sidebar;
			sourceTree = "<group>";
		};
		4AB720BB2B6E49C7001E2C76 /* Charts */ = {
			isa = PBXGroup;
			children = (
				4AB720BC2B6E49D2001E2C76 /* RCChartName.swift */,
				4AB720C52B6E625D001E2C76 /* RCChartResolution.swift */,
				4AB720BF2B6E4A62001E2C76 /* RCChartModel.swift */,
			);
			path = Charts;
			sourceTree = "<group>";
		};
		4AB720E32B70C8BA001E2C76 /* Transactions */ = {
			isa = PBXGroup;
			children = (
				4AB720F32B70FB79001E2C76 /* Views */,
				4AB720F22B70FB74001E2C76 /* Models */,
				4AB720E82B70C8EC001E2C76 /* TransactionsView.swift */,
				4AB720E42B70C8D3001E2C76 /* TransactionsViewModel.swift */,
			);
			path = Transactions;
			sourceTree = "<group>";
		};
		4AB720EA2B70C9B2001E2C76 /* Models */ = {
			isa = PBXGroup;
			children = (
				4AB720B92B6E4183001E2C76 /* NavigationItem.swift */,
			);
			path = Models;
			sourceTree = "<group>";
		};
		4AB720F22B70FB74001E2C76 /* Models */ = {
			isa = PBXGroup;
			children = (
				4AB720EE2B70D8AA001E2C76 /* TransactionModel.swift */,
			);
			path = Models;
			sourceTree = "<group>";
		};
		4AB720F32B70FB79001E2C76 /* Views */ = {
			isa = PBXGroup;
			children = (
				4AB720F42B70FB84001E2C76 /* TransactionListView.swift */,
			);
			path = Views;
			sourceTree = "<group>";
		};
/* End PBXGroup section */

/* Begin PBXNativeTarget section */
		4AB720572B6BAC8D001E2C76 /* Kedi */ = {
			isa = PBXNativeTarget;
			buildConfigurationList = 4AB720672B6BAC8E001E2C76 /* Build configuration list for PBXNativeTarget "Kedi" */;
			buildPhases = (
				4AB720542B6BAC8D001E2C76 /* Sources */,
				4AB720552B6BAC8D001E2C76 /* Frameworks */,
				4AB720562B6BAC8D001E2C76 /* Resources */,
			);
			buildRules = (
			);
			dependencies = (
			);
			name = Kedi;
			packageProductDependencies = (
				4AB720762B6C1202001E2C76 /* Alamofire */,
				4AB7209E2B6C74FE001E2C76 /* KeychainSwift */,
			);
			productName = Kedi;
			productReference = 4AB720582B6BAC8D001E2C76 /* Kedi.app */;
			productType = "com.apple.product-type.application";
		};
/* End PBXNativeTarget section */

/* Begin PBXProject section */
		4AB720502B6BAC8D001E2C76 /* Project object */ = {
			isa = PBXProject;
			attributes = {
				BuildIndependentTargetsInParallel = 1;
				LastSwiftUpdateCheck = 1520;
				LastUpgradeCheck = 1520;
				TargetAttributes = {
					4AB720572B6BAC8D001E2C76 = {
						CreatedOnToolsVersion = 15.2;
					};
				};
			};
			buildConfigurationList = 4AB720532B6BAC8D001E2C76 /* Build configuration list for PBXProject "Kedi" */;
			compatibilityVersion = "Xcode 14.0";
			developmentRegion = en;
			hasScannedForEncodings = 0;
			knownRegions = (
				en,
				Base,
			);
			mainGroup = 4AB7204F2B6BAC8D001E2C76;
			packageReferences = (
				4AB720752B6C1202001E2C76 /* XCRemoteSwiftPackageReference "Alamofire" */,
				4AB7209D2B6C74FE001E2C76 /* XCRemoteSwiftPackageReference "keychain-swift" */,
			);
			productRefGroup = 4AB720592B6BAC8D001E2C76 /* Products */;
			projectDirPath = "";
			projectRoot = "";
			targets = (
				4AB720572B6BAC8D001E2C76 /* Kedi */,
			);
		};
/* End PBXProject section */

/* Begin PBXResourcesBuildPhase section */
		4AB720562B6BAC8D001E2C76 /* Resources */ = {
			isa = PBXResourcesBuildPhase;
			buildActionMask = 2147483647;
			files = (
				4AB720642B6BAC8E001E2C76 /* Preview Assets.xcassets in Resources */,
				4AB720602B6BAC8E001E2C76 /* Assets.xcassets in Resources */,
			);
			runOnlyForDeploymentPostprocessing = 0;
		};
/* End PBXResourcesBuildPhase section */

/* Begin PBXSourcesBuildPhase section */
		4AB720542B6BAC8D001E2C76 /* Sources */ = {
			isa = PBXSourcesBuildPhase;
			buildActionMask = 2147483647;
			files = (
				4AB720922B6C6893001E2C76 /* SettingsView.swift in Sources */,
				4AB720C22B6E4DFD001E2C76 /* Collection+Extension.swift in Sources */,
				4AB720A42B6DA77C001E2C76 /* AuthManager.swift in Sources */,
				4AB720C62B6E625D001E2C76 /* RCChartResolution.swift in Sources */,
				4AB7205E2B6BAC8D001E2C76 /* SignInView.swift in Sources */,
				4AB720F82B70FBF1001E2C76 /* Date+Extension.swift in Sources */,
				4AB7205C2B6BAC8D001E2C76 /* KediApp.swift in Sources */,
				4AB7208F2B6C6842001E2C76 /* MainView.swift in Sources */,
				4AB720E52B70C8D3001E2C76 /* TransactionsViewModel.swift in Sources */,
				4AB720712B6BF497001E2C76 /* APIService.swift in Sources */,
				4AB720CA2B6E6341001E2C76 /* RCMeModel.swift in Sources */,
				4AB720842B6C4FF3001E2C76 /* OverviewView.swift in Sources */,
				4AB720EF2B70D8AA001E2C76 /* TransactionModel.swift in Sources */,
				4AB720A22B6C7925001E2C76 /* KeychainManager.swift in Sources */,
				4AB7206D2B6BDC36001E2C76 /* SignInViewModel.swift in Sources */,
				4AB7207D2B6C17A9001E2C76 /* RCErrorModel.swift in Sources */,
				4AB720B82B6E3E1D001E2C76 /* TabBarView.swift in Sources */,
				4AB720BA2B6E4183001E2C76 /* NavigationItem.swift in Sources */,
				4AB720B22B6DC9AB001E2C76 /* SpacingLabelStyle.swift in Sources */,
				4AB7207B2B6C17A0001E2C76 /* RCLoginModel.swift in Sources */,
				4AB720872B6C56E7001E2C76 /* RootView.swift in Sources */,
				4AB720F52B70FB84001E2C76 /* TransactionListView.swift in Sources */,
				4AB720742B6BF4A9001E2C76 /* Endpoint.swift in Sources */,
				4AB720E92B70C8EC001E2C76 /* TransactionsView.swift in Sources */,
				4AB720F12B70E399001E2C76 /* String+Extension.swift in Sources */,
				4AB720892B6C5826001E2C76 /* RCOverviewModel.swift in Sources */,
				4AB720A62B6DAC81001E2C76 /* DateFormatter+Extension.swift in Sources */,
				4AB720ED2B70CA2D001E2C76 /* RCTransactionsModel.swift in Sources */,
				4AB720C42B6E6156001E2C76 /* LineAndAreaMarkChartView.swift in Sources */,
				4AB720AB2B6DB4D2001E2C76 /* SettingsViewModel.swift in Sources */,
				4AB720CC2B6EAECD001E2C76 /* Array+Extension.swift in Sources */,
				4AB7207F2B6C17B3001E2C76 /* RCError.swift in Sources */,
				4AB720BD2B6E49D2001E2C76 /* RCChartName.swift in Sources */,
				4AB720822B6C4FEA001E2C76 /* OverviewViewModel.swift in Sources */,
				4AB720B62B6E3E16001E2C76 /* SidebarView.swift in Sources */,
				4AB720A92B6DB3A0001E2C76 /* AsyncButton.swift in Sources */,
				4AB720CE2B6EB36C001E2C76 /* OverviewItemType.swift in Sources */,
				4AB720C02B6E4A62001E2C76 /* RCChartModel.swift in Sources */,
				4AB7208C2B6C642D001E2C76 /* Color+Extension.swift in Sources */,
				4AB720FC2B712CE4001E2C76 /* CacheAsyncImage.swift in Sources */,
				4AB720AE2B6DB698001E2C76 /* OverviewItem.swift in Sources */,
			);
			runOnlyForDeploymentPostprocessing = 0;
		};
/* End PBXSourcesBuildPhase section */

/* Begin XCBuildConfiguration section */
		4AB720652B6BAC8E001E2C76 /* Debug */ = {
			isa = XCBuildConfiguration;
			buildSettings = {
				ALWAYS_SEARCH_USER_PATHS = NO;
				ASSETCATALOG_COMPILER_GENERATE_SWIFT_ASSET_SYMBOL_EXTENSIONS = YES;
				CLANG_ANALYZER_NONNULL = YES;
				CLANG_ANALYZER_NUMBER_OBJECT_CONVERSION = YES_AGGRESSIVE;
				CLANG_CXX_LANGUAGE_STANDARD = "gnu++20";
				CLANG_ENABLE_MODULES = YES;
				CLANG_ENABLE_OBJC_ARC = YES;
				CLANG_ENABLE_OBJC_WEAK = YES;
				CLANG_WARN_BLOCK_CAPTURE_AUTORELEASING = YES;
				CLANG_WARN_BOOL_CONVERSION = YES;
				CLANG_WARN_COMMA = YES;
				CLANG_WARN_CONSTANT_CONVERSION = YES;
				CLANG_WARN_DEPRECATED_OBJC_IMPLEMENTATIONS = YES;
				CLANG_WARN_DIRECT_OBJC_ISA_USAGE = YES_ERROR;
				CLANG_WARN_DOCUMENTATION_COMMENTS = YES;
				CLANG_WARN_EMPTY_BODY = YES;
				CLANG_WARN_ENUM_CONVERSION = YES;
				CLANG_WARN_INFINITE_RECURSION = YES;
				CLANG_WARN_INT_CONVERSION = YES;
				CLANG_WARN_NON_LITERAL_NULL_CONVERSION = YES;
				CLANG_WARN_OBJC_IMPLICIT_RETAIN_SELF = YES;
				CLANG_WARN_OBJC_LITERAL_CONVERSION = YES;
				CLANG_WARN_OBJC_ROOT_CLASS = YES_ERROR;
				CLANG_WARN_QUOTED_INCLUDE_IN_FRAMEWORK_HEADER = YES;
				CLANG_WARN_RANGE_LOOP_ANALYSIS = YES;
				CLANG_WARN_STRICT_PROTOTYPES = YES;
				CLANG_WARN_SUSPICIOUS_MOVE = YES;
				CLANG_WARN_UNGUARDED_AVAILABILITY = YES_AGGRESSIVE;
				CLANG_WARN_UNREACHABLE_CODE = YES;
				CLANG_WARN__DUPLICATE_METHOD_MATCH = YES;
				COPY_PHASE_STRIP = NO;
				DEBUG_INFORMATION_FORMAT = dwarf;
				ENABLE_STRICT_OBJC_MSGSEND = YES;
				ENABLE_TESTABILITY = YES;
				ENABLE_USER_SCRIPT_SANDBOXING = YES;
				GCC_C_LANGUAGE_STANDARD = gnu17;
				GCC_DYNAMIC_NO_PIC = NO;
				GCC_NO_COMMON_BLOCKS = YES;
				GCC_OPTIMIZATION_LEVEL = 0;
				GCC_PREPROCESSOR_DEFINITIONS = (
					"DEBUG=1",
					"$(inherited)",
				);
				GCC_WARN_64_TO_32_BIT_CONVERSION = YES;
				GCC_WARN_ABOUT_RETURN_TYPE = YES_ERROR;
				GCC_WARN_UNDECLARED_SELECTOR = YES;
				GCC_WARN_UNINITIALIZED_AUTOS = YES_AGGRESSIVE;
				GCC_WARN_UNUSED_FUNCTION = YES;
				GCC_WARN_UNUSED_VARIABLE = YES;
				LOCALIZATION_PREFERS_STRING_CATALOGS = YES;
				MTL_ENABLE_DEBUG_INFO = INCLUDE_SOURCE;
				MTL_FAST_MATH = YES;
				ONLY_ACTIVE_ARCH = YES;
				SWIFT_ACTIVE_COMPILATION_CONDITIONS = "DEBUG $(inherited)";
				SWIFT_OPTIMIZATION_LEVEL = "-Onone";
			};
			name = Debug;
		};
		4AB720662B6BAC8E001E2C76 /* Release */ = {
			isa = XCBuildConfiguration;
			buildSettings = {
				ALWAYS_SEARCH_USER_PATHS = NO;
				ASSETCATALOG_COMPILER_GENERATE_SWIFT_ASSET_SYMBOL_EXTENSIONS = YES;
				CLANG_ANALYZER_NONNULL = YES;
				CLANG_ANALYZER_NUMBER_OBJECT_CONVERSION = YES_AGGRESSIVE;
				CLANG_CXX_LANGUAGE_STANDARD = "gnu++20";
				CLANG_ENABLE_MODULES = YES;
				CLANG_ENABLE_OBJC_ARC = YES;
				CLANG_ENABLE_OBJC_WEAK = YES;
				CLANG_WARN_BLOCK_CAPTURE_AUTORELEASING = YES;
				CLANG_WARN_BOOL_CONVERSION = YES;
				CLANG_WARN_COMMA = YES;
				CLANG_WARN_CONSTANT_CONVERSION = YES;
				CLANG_WARN_DEPRECATED_OBJC_IMPLEMENTATIONS = YES;
				CLANG_WARN_DIRECT_OBJC_ISA_USAGE = YES_ERROR;
				CLANG_WARN_DOCUMENTATION_COMMENTS = YES;
				CLANG_WARN_EMPTY_BODY = YES;
				CLANG_WARN_ENUM_CONVERSION = YES;
				CLANG_WARN_INFINITE_RECURSION = YES;
				CLANG_WARN_INT_CONVERSION = YES;
				CLANG_WARN_NON_LITERAL_NULL_CONVERSION = YES;
				CLANG_WARN_OBJC_IMPLICIT_RETAIN_SELF = YES;
				CLANG_WARN_OBJC_LITERAL_CONVERSION = YES;
				CLANG_WARN_OBJC_ROOT_CLASS = YES_ERROR;
				CLANG_WARN_QUOTED_INCLUDE_IN_FRAMEWORK_HEADER = YES;
				CLANG_WARN_RANGE_LOOP_ANALYSIS = YES;
				CLANG_WARN_STRICT_PROTOTYPES = YES;
				CLANG_WARN_SUSPICIOUS_MOVE = YES;
				CLANG_WARN_UNGUARDED_AVAILABILITY = YES_AGGRESSIVE;
				CLANG_WARN_UNREACHABLE_CODE = YES;
				CLANG_WARN__DUPLICATE_METHOD_MATCH = YES;
				COPY_PHASE_STRIP = NO;
				DEBUG_INFORMATION_FORMAT = "dwarf-with-dsym";
				ENABLE_NS_ASSERTIONS = NO;
				ENABLE_STRICT_OBJC_MSGSEND = YES;
				ENABLE_USER_SCRIPT_SANDBOXING = YES;
				GCC_C_LANGUAGE_STANDARD = gnu17;
				GCC_NO_COMMON_BLOCKS = YES;
				GCC_WARN_64_TO_32_BIT_CONVERSION = YES;
				GCC_WARN_ABOUT_RETURN_TYPE = YES_ERROR;
				GCC_WARN_UNDECLARED_SELECTOR = YES;
				GCC_WARN_UNINITIALIZED_AUTOS = YES_AGGRESSIVE;
				GCC_WARN_UNUSED_FUNCTION = YES;
				GCC_WARN_UNUSED_VARIABLE = YES;
				LOCALIZATION_PREFERS_STRING_CATALOGS = YES;
				MTL_ENABLE_DEBUG_INFO = NO;
				MTL_FAST_MATH = YES;
				SWIFT_COMPILATION_MODE = wholemodule;
			};
			name = Release;
		};
		4AB720682B6BAC8E001E2C76 /* Debug */ = {
			isa = XCBuildConfiguration;
			buildSettings = {
				ASSETCATALOG_COMPILER_APPICON_NAME = AppIcon;
				ASSETCATALOG_COMPILER_GLOBAL_ACCENT_COLOR_NAME = AccentColor;
				CODE_SIGN_ENTITLEMENTS = Kedi/Kedi.entitlements;
				CODE_SIGN_STYLE = Automatic;
				CURRENT_PROJECT_VERSION = 1;
				DEVELOPMENT_ASSET_PATHS = "\"Kedi/Preview Content\"";
				DEVELOPMENT_TEAM = 4K634X2CUP;
				ENABLE_HARDENED_RUNTIME = YES;
				ENABLE_PREVIEWS = YES;
				GENERATE_INFOPLIST_FILE = YES;
				INFOPLIST_KEY_CFBundleDisplayName = Kedi;
				INFOPLIST_KEY_LSApplicationCategoryType = "public.app-category.developer-tools";
				"INFOPLIST_KEY_UIApplicationSceneManifest_Generation[sdk=iphoneos*]" = YES;
				"INFOPLIST_KEY_UIApplicationSceneManifest_Generation[sdk=iphonesimulator*]" = YES;
				"INFOPLIST_KEY_UIApplicationSupportsIndirectInputEvents[sdk=iphoneos*]" = YES;
				"INFOPLIST_KEY_UIApplicationSupportsIndirectInputEvents[sdk=iphonesimulator*]" = YES;
				"INFOPLIST_KEY_UILaunchScreen_Generation[sdk=iphoneos*]" = YES;
				"INFOPLIST_KEY_UILaunchScreen_Generation[sdk=iphonesimulator*]" = YES;
				"INFOPLIST_KEY_UIStatusBarStyle[sdk=iphoneos*]" = UIStatusBarStyleDefault;
				"INFOPLIST_KEY_UIStatusBarStyle[sdk=iphonesimulator*]" = UIStatusBarStyleDefault;
				INFOPLIST_KEY_UISupportedInterfaceOrientations_iPad = "UIInterfaceOrientationPortrait UIInterfaceOrientationPortraitUpsideDown UIInterfaceOrientationLandscapeLeft UIInterfaceOrientationLandscapeRight";
				INFOPLIST_KEY_UISupportedInterfaceOrientations_iPhone = "UIInterfaceOrientationPortrait UIInterfaceOrientationLandscapeLeft UIInterfaceOrientationLandscapeRight";
				IPHONEOS_DEPLOYMENT_TARGET = 17.0;
				LD_RUNPATH_SEARCH_PATHS = "@executable_path/Frameworks";
				"LD_RUNPATH_SEARCH_PATHS[sdk=macosx*]" = "@executable_path/../Frameworks";
				MACOSX_DEPLOYMENT_TARGET = 14.0;
				MARKETING_VERSION = 1.0;
				PRODUCT_BUNDLE_IDENTIFIER = com.sereisoglu.Kedi;
				PRODUCT_NAME = "$(TARGET_NAME)";
				SDKROOT = auto;
				SUPPORTED_PLATFORMS = "iphoneos iphonesimulator";
				SUPPORTS_MACCATALYST = NO;
				SUPPORTS_MAC_DESIGNED_FOR_IPHONE_IPAD = YES;
				SWIFT_EMIT_LOC_STRINGS = YES;
				SWIFT_VERSION = 5.0;
				TARGETED_DEVICE_FAMILY = "1,2";
			};
			name = Debug;
		};
		4AB720692B6BAC8E001E2C76 /* Release */ = {
			isa = XCBuildConfiguration;
			buildSettings = {
				ASSETCATALOG_COMPILER_APPICON_NAME = AppIcon;
				ASSETCATALOG_COMPILER_GLOBAL_ACCENT_COLOR_NAME = AccentColor;
				CODE_SIGN_ENTITLEMENTS = Kedi/Kedi.entitlements;
				CODE_SIGN_STYLE = Automatic;
				CURRENT_PROJECT_VERSION = 1;
				DEVELOPMENT_ASSET_PATHS = "\"Kedi/Preview Content\"";
				DEVELOPMENT_TEAM = 4K634X2CUP;
				ENABLE_HARDENED_RUNTIME = YES;
				ENABLE_PREVIEWS = YES;
				GENERATE_INFOPLIST_FILE = YES;
				INFOPLIST_KEY_CFBundleDisplayName = Kedi;
				INFOPLIST_KEY_LSApplicationCategoryType = "public.app-category.developer-tools";
				"INFOPLIST_KEY_UIApplicationSceneManifest_Generation[sdk=iphoneos*]" = YES;
				"INFOPLIST_KEY_UIApplicationSceneManifest_Generation[sdk=iphonesimulator*]" = YES;
				"INFOPLIST_KEY_UIApplicationSupportsIndirectInputEvents[sdk=iphoneos*]" = YES;
				"INFOPLIST_KEY_UIApplicationSupportsIndirectInputEvents[sdk=iphonesimulator*]" = YES;
				"INFOPLIST_KEY_UILaunchScreen_Generation[sdk=iphoneos*]" = YES;
				"INFOPLIST_KEY_UILaunchScreen_Generation[sdk=iphonesimulator*]" = YES;
				"INFOPLIST_KEY_UIStatusBarStyle[sdk=iphoneos*]" = UIStatusBarStyleDefault;
				"INFOPLIST_KEY_UIStatusBarStyle[sdk=iphonesimulator*]" = UIStatusBarStyleDefault;
				INFOPLIST_KEY_UISupportedInterfaceOrientations_iPad = "UIInterfaceOrientationPortrait UIInterfaceOrientationPortraitUpsideDown UIInterfaceOrientationLandscapeLeft UIInterfaceOrientationLandscapeRight";
				INFOPLIST_KEY_UISupportedInterfaceOrientations_iPhone = "UIInterfaceOrientationPortrait UIInterfaceOrientationLandscapeLeft UIInterfaceOrientationLandscapeRight";
				IPHONEOS_DEPLOYMENT_TARGET = 17.0;
				LD_RUNPATH_SEARCH_PATHS = "@executable_path/Frameworks";
				"LD_RUNPATH_SEARCH_PATHS[sdk=macosx*]" = "@executable_path/../Frameworks";
				MACOSX_DEPLOYMENT_TARGET = 14.0;
				MARKETING_VERSION = 1.0;
				PRODUCT_BUNDLE_IDENTIFIER = com.sereisoglu.Kedi;
				PRODUCT_NAME = "$(TARGET_NAME)";
				SDKROOT = auto;
				SUPPORTED_PLATFORMS = "iphoneos iphonesimulator";
				SUPPORTS_MACCATALYST = NO;
				SUPPORTS_MAC_DESIGNED_FOR_IPHONE_IPAD = YES;
				SWIFT_EMIT_LOC_STRINGS = YES;
				SWIFT_VERSION = 5.0;
				TARGETED_DEVICE_FAMILY = "1,2";
			};
			name = Release;
		};
/* End XCBuildConfiguration section */

/* Begin XCConfigurationList section */
		4AB720532B6BAC8D001E2C76 /* Build configuration list for PBXProject "Kedi" */ = {
			isa = XCConfigurationList;
			buildConfigurations = (
				4AB720652B6BAC8E001E2C76 /* Debug */,
				4AB720662B6BAC8E001E2C76 /* Release */,
			);
			defaultConfigurationIsVisible = 0;
			defaultConfigurationName = Release;
		};
		4AB720672B6BAC8E001E2C76 /* Build configuration list for PBXNativeTarget "Kedi" */ = {
			isa = XCConfigurationList;
			buildConfigurations = (
				4AB720682B6BAC8E001E2C76 /* Debug */,
				4AB720692B6BAC8E001E2C76 /* Release */,
			);
			defaultConfigurationIsVisible = 0;
			defaultConfigurationName = Release;
		};
/* End XCConfigurationList section */

/* Begin XCRemoteSwiftPackageReference section */
		4AB720752B6C1202001E2C76 /* XCRemoteSwiftPackageReference "Alamofire" */ = {
			isa = XCRemoteSwiftPackageReference;
			repositoryURL = "https://github.com/Alamofire/Alamofire.git";
			requirement = {
				kind = upToNextMajorVersion;
				minimumVersion = 5.8.1;
			};
		};
		4AB7209D2B6C74FE001E2C76 /* XCRemoteSwiftPackageReference "keychain-swift" */ = {
			isa = XCRemoteSwiftPackageReference;
			repositoryURL = "https://github.com/evgenyneu/keychain-swift.git";
			requirement = {
				kind = upToNextMajorVersion;
				minimumVersion = 21.0.0;
			};
		};
/* End XCRemoteSwiftPackageReference section */

/* Begin XCSwiftPackageProductDependency section */
		4AB720762B6C1202001E2C76 /* Alamofire */ = {
			isa = XCSwiftPackageProductDependency;
			package = 4AB720752B6C1202001E2C76 /* XCRemoteSwiftPackageReference "Alamofire" */;
			productName = Alamofire;
		};
		4AB7209E2B6C74FE001E2C76 /* KeychainSwift */ = {
			isa = XCSwiftPackageProductDependency;
			package = 4AB7209D2B6C74FE001E2C76 /* XCRemoteSwiftPackageReference "keychain-swift" */;
			productName = KeychainSwift;
		};
/* End XCSwiftPackageProductDependency section */
	};
	rootObject = 4AB720502B6BAC8D001E2C76 /* Project object */;
}
