// !$*UTF8*$!
{
	archiveVersion = 1;
	classes = {
	};
	objectVersion = 56;
	objects = {

/* Begin PBXBuildFile section */
		4A1DFC7B2B7BEDAF0094BAA0 /* View+Extension.swift in Sources */ = {isa = PBXBuildFile; fileRef = 4A1DFC7A2B7BEDAF0094BAA0 /* View+Extension.swift */; };
		4A1DFC7D2B7BEDD90094BAA0 /* AppIcon.swift in Sources */ = {isa = PBXBuildFile; fileRef = 4A1DFC7C2B7BEDD90094BAA0 /* AppIcon.swift */; };
		4A1DFC812B7C93C80094BAA0 /* Bundle+Extension.swift in Sources */ = {isa = PBXBuildFile; fileRef = 4A1DFC802B7C93C80094BAA0 /* Bundle+Extension.swift */; };
		4A1DFC842B7CD7460094BAA0 /* AboutView.swift in Sources */ = {isa = PBXBuildFile; fileRef = 4A1DFC832B7CD7460094BAA0 /* AboutView.swift */; };
		4A1DFC862B7E13430094BAA0 /* GeneralListView.swift in Sources */ = {isa = PBXBuildFile; fileRef = 4A1DFC852B7E13420094BAA0 /* GeneralListView.swift */; };
		4A1DFC8A2B7ECF0C0094BAA0 /* CacheAsyncImage.swift in Sources */ = {isa = PBXBuildFile; fileRef = 4A1DFC892B7ECF0C0094BAA0 /* CacheAsyncImage.swift */; };
		4AB7205C2B6BAC8D001E2C76 /* KediApp.swift in Sources */ = {isa = PBXBuildFile; fileRef = 4AB7205B2B6BAC8D001E2C76 /* KediApp.swift */; };
		4AB7205E2B6BAC8D001E2C76 /* SignInView.swift in Sources */ = {isa = PBXBuildFile; fileRef = 4AB7205D2B6BAC8D001E2C76 /* SignInView.swift */; };
		4AB720602B6BAC8E001E2C76 /* Assets.xcassets in Resources */ = {isa = PBXBuildFile; fileRef = 4AB7205F2B6BAC8E001E2C76 /* Assets.xcassets */; };
		4AB720642B6BAC8E001E2C76 /* Preview Assets.xcassets in Resources */ = {isa = PBXBuildFile; fileRef = 4AB720632B6BAC8E001E2C76 /* Preview Assets.xcassets */; };
		4AB7206D2B6BDC36001E2C76 /* SignInViewModel.swift in Sources */ = {isa = PBXBuildFile; fileRef = 4AB7206C2B6BDC36001E2C76 /* SignInViewModel.swift */; };
		4AB720712B6BF497001E2C76 /* APIService.swift in Sources */ = {isa = PBXBuildFile; fileRef = 4AB720702B6BF497001E2C76 /* APIService.swift */; };
		4AB720742B6BF4A9001E2C76 /* Endpoint.swift in Sources */ = {isa = PBXBuildFile; fileRef = 4AB720732B6BF4A9001E2C76 /* Endpoint.swift */; };
		4AB720772B6C1202001E2C76 /* Alamofire in Frameworks */ = {isa = PBXBuildFile; productRef = 4AB720762B6C1202001E2C76 /* Alamofire */; };
		4AB7207B2B6C17A0001E2C76 /* RCLoginResponse.swift in Sources */ = {isa = PBXBuildFile; fileRef = 4AB7207A2B6C17A0001E2C76 /* RCLoginResponse.swift */; };
		4AB7207D2B6C17A9001E2C76 /* RCErrorResponse.swift in Sources */ = {isa = PBXBuildFile; fileRef = 4AB7207C2B6C17A9001E2C76 /* RCErrorResponse.swift */; };
		4AB7207F2B6C17B3001E2C76 /* RCError.swift in Sources */ = {isa = PBXBuildFile; fileRef = 4AB7207E2B6C17B3001E2C76 /* RCError.swift */; };
		4AB720822B6C4FEA001E2C76 /* OverviewViewModel.swift in Sources */ = {isa = PBXBuildFile; fileRef = 4AB720812B6C4FEA001E2C76 /* OverviewViewModel.swift */; };
		4AB720842B6C4FF3001E2C76 /* OverviewView.swift in Sources */ = {isa = PBXBuildFile; fileRef = 4AB720832B6C4FF3001E2C76 /* OverviewView.swift */; };
		4AB720872B6C56E7001E2C76 /* RootView.swift in Sources */ = {isa = PBXBuildFile; fileRef = 4AB720862B6C56E7001E2C76 /* RootView.swift */; };
		4AB720892B6C5826001E2C76 /* RCOverviewResponse.swift in Sources */ = {isa = PBXBuildFile; fileRef = 4AB720882B6C5826001E2C76 /* RCOverviewResponse.swift */; };
		4AB7208C2B6C642D001E2C76 /* Color+Extension.swift in Sources */ = {isa = PBXBuildFile; fileRef = 4AB7208B2B6C642D001E2C76 /* Color+Extension.swift */; };
		4AB7208F2B6C6842001E2C76 /* MainView.swift in Sources */ = {isa = PBXBuildFile; fileRef = 4AB7208E2B6C6842001E2C76 /* MainView.swift */; };
		4AB720922B6C6893001E2C76 /* SettingsView.swift in Sources */ = {isa = PBXBuildFile; fileRef = 4AB720912B6C6893001E2C76 /* SettingsView.swift */; };
		4AB7209F2B6C74FE001E2C76 /* KeychainSwift in Frameworks */ = {isa = PBXBuildFile; productRef = 4AB7209E2B6C74FE001E2C76 /* KeychainSwift */; };
		4AB720A22B6C7925001E2C76 /* KeychainManager.swift in Sources */ = {isa = PBXBuildFile; fileRef = 4AB720A12B6C7925001E2C76 /* KeychainManager.swift */; };
		4AB720A42B6DA77C001E2C76 /* MeManager.swift in Sources */ = {isa = PBXBuildFile; fileRef = 4AB720A32B6DA77C001E2C76 /* MeManager.swift */; };
		4AB720A62B6DAC81001E2C76 /* DateFormatter+Extension.swift in Sources */ = {isa = PBXBuildFile; fileRef = 4AB720A52B6DAC81001E2C76 /* DateFormatter+Extension.swift */; };
		4AB720A92B6DB3A0001E2C76 /* AsyncButton.swift in Sources */ = {isa = PBXBuildFile; fileRef = 4AB720A82B6DB3A0001E2C76 /* AsyncButton.swift */; };
		4AB720AB2B6DB4D2001E2C76 /* SettingsViewModel.swift in Sources */ = {isa = PBXBuildFile; fileRef = 4AB720AA2B6DB4D2001E2C76 /* SettingsViewModel.swift */; };
		4AB720AE2B6DB698001E2C76 /* OverviewItem.swift in Sources */ = {isa = PBXBuildFile; fileRef = 4AB720AD2B6DB698001E2C76 /* OverviewItem.swift */; };
		4AB720B22B6DC9AB001E2C76 /* SpacingLabelStyle.swift in Sources */ = {isa = PBXBuildFile; fileRef = 4AB720B12B6DC9AB001E2C76 /* SpacingLabelStyle.swift */; };
		4AB720B62B6E3E16001E2C76 /* SidebarView.swift in Sources */ = {isa = PBXBuildFile; fileRef = 4AB720B52B6E3E16001E2C76 /* SidebarView.swift */; };
		4AB720B82B6E3E1D001E2C76 /* TabBarView.swift in Sources */ = {isa = PBXBuildFile; fileRef = 4AB720B72B6E3E1D001E2C76 /* TabBarView.swift */; };
		4AB720BA2B6E4183001E2C76 /* NavigationItem.swift in Sources */ = {isa = PBXBuildFile; fileRef = 4AB720B92B6E4183001E2C76 /* NavigationItem.swift */; };
		4AB720C02B6E4A62001E2C76 /* RCChartResponse.swift in Sources */ = {isa = PBXBuildFile; fileRef = 4AB720BF2B6E4A62001E2C76 /* RCChartResponse.swift */; };
		4AB720C22B6E4DFD001E2C76 /* Collection+Extension.swift in Sources */ = {isa = PBXBuildFile; fileRef = 4AB720C12B6E4DFD001E2C76 /* Collection+Extension.swift */; };
		4AB720C42B6E6156001E2C76 /* LineAndAreaMarkChartView.swift in Sources */ = {isa = PBXBuildFile; fileRef = 4AB720C32B6E6156001E2C76 /* LineAndAreaMarkChartView.swift */; };
		4AB720CA2B6E6341001E2C76 /* RCMeResponse.swift in Sources */ = {isa = PBXBuildFile; fileRef = 4AB720C92B6E6341001E2C76 /* RCMeResponse.swift */; };
		4AB720CC2B6EAECD001E2C76 /* Array+Extension.swift in Sources */ = {isa = PBXBuildFile; fileRef = 4AB720CB2B6EAECD001E2C76 /* Array+Extension.swift */; };
		4AB720CE2B6EB36C001E2C76 /* OverviewItemType.swift in Sources */ = {isa = PBXBuildFile; fileRef = 4AB720CD2B6EB36C001E2C76 /* OverviewItemType.swift */; };
		4AB720E52B70C8D3001E2C76 /* TransactionsViewModel.swift in Sources */ = {isa = PBXBuildFile; fileRef = 4AB720E42B70C8D3001E2C76 /* TransactionsViewModel.swift */; };
		4AB720E92B70C8EC001E2C76 /* TransactionsView.swift in Sources */ = {isa = PBXBuildFile; fileRef = 4AB720E82B70C8EC001E2C76 /* TransactionsView.swift */; };
		4AB720ED2B70CA2D001E2C76 /* RCTransactionsResponse.swift in Sources */ = {isa = PBXBuildFile; fileRef = 4AB720EC2B70CA2D001E2C76 /* RCTransactionsResponse.swift */; };
		4AB720EF2B70D8AA001E2C76 /* TransactionItem.swift in Sources */ = {isa = PBXBuildFile; fileRef = 4AB720EE2B70D8AA001E2C76 /* TransactionItem.swift */; };
		4AB720F12B70E399001E2C76 /* String+Extension.swift in Sources */ = {isa = PBXBuildFile; fileRef = 4AB720F02B70E399001E2C76 /* String+Extension.swift */; };
		4AB720F52B70FB84001E2C76 /* TransactionItemView.swift in Sources */ = {isa = PBXBuildFile; fileRef = 4AB720F42B70FB84001E2C76 /* TransactionItemView.swift */; };
		4AB720F82B70FBF1001E2C76 /* Date+Extension.swift in Sources */ = {isa = PBXBuildFile; fileRef = 4AB720F72B70FBF1001E2C76 /* Date+Extension.swift */; };
		4AB721022B722DFF001E2C76 /* TransactionDetailViewModel.swift in Sources */ = {isa = PBXBuildFile; fileRef = 4AB721012B722DFF001E2C76 /* TransactionDetailViewModel.swift */; };
		4AB721042B722E07001E2C76 /* TransactionDetailView.swift in Sources */ = {isa = PBXBuildFile; fileRef = 4AB721032B722E07001E2C76 /* TransactionDetailView.swift */; };
		4AB721062B72371E001E2C76 /* RCTransactionDetailResponse.swift in Sources */ = {isa = PBXBuildFile; fileRef = 4AB721052B72371E001E2C76 /* RCTransactionDetailResponse.swift */; };
		4AB721092B726C62001E2C76 /* TransactionDetailInfoItem.swift in Sources */ = {isa = PBXBuildFile; fileRef = 4AB721082B726C62001E2C76 /* TransactionDetailInfoItem.swift */; };
		4AB7210B2B72B8A6001E2C76 /* TransactionDetailHistoryItem.swift in Sources */ = {isa = PBXBuildFile; fileRef = 4AB7210A2B72B8A6001E2C76 /* TransactionDetailHistoryItem.swift */; };
		4AB721102B72B966001E2C76 /* TransactionDetailHistoryItemView.swift in Sources */ = {isa = PBXBuildFile; fileRef = 4AB7210F2B72B966001E2C76 /* TransactionDetailHistoryItemView.swift */; };
		4AB721122B72B970001E2C76 /* TransactionDetailInfoItemView.swift in Sources */ = {isa = PBXBuildFile; fileRef = 4AB721112B72B970001E2C76 /* TransactionDetailInfoItemView.swift */; };
		4AB721142B72C368001E2C76 /* RelativeDateTimeFormatter+Extension.swift in Sources */ = {isa = PBXBuildFile; fileRef = 4AB721132B72C368001E2C76 /* RelativeDateTimeFormatter+Extension.swift */; };
		4AB721162B72DD8B001E2C76 /* TransactionDetailEntitlementItem.swift in Sources */ = {isa = PBXBuildFile; fileRef = 4AB721152B72DD8B001E2C76 /* TransactionDetailEntitlementItem.swift */; };
		4AB7211A2B736FEC001E2C76 /* TransactionDetailEntitlementItemView.swift in Sources */ = {isa = PBXBuildFile; fileRef = 4AB721192B736FEC001E2C76 /* TransactionDetailEntitlementItemView.swift */; };
		4AB7211C2B73751F001E2C76 /* RCTransactionDetailActivityResponse.swift in Sources */ = {isa = PBXBuildFile; fileRef = 4AB7211B2B73751F001E2C76 /* RCTransactionDetailActivityResponse.swift */; };
		4AB7211F2B7378EF001E2C76 /* GeneralState.swift in Sources */ = {isa = PBXBuildFile; fileRef = 4AB7211E2B7378EF001E2C76 /* GeneralState.swift */; };
		4AB721222B73881B001E2C76 /* OverviewItemView.swift in Sources */ = {isa = PBXBuildFile; fileRef = 4AB721212B73881B001E2C76 /* OverviewItemView.swift */; };
		4AB7212A2B738BA0001E2C76 /* WidgetKit.framework in Frameworks */ = {isa = PBXBuildFile; fileRef = 4AB721292B738BA0001E2C76 /* WidgetKit.framework */; };
		4AB7212C2B738BA0001E2C76 /* SwiftUI.framework in Frameworks */ = {isa = PBXBuildFile; fileRef = 4AB7212B2B738BA0001E2C76 /* SwiftUI.framework */; };
		4AB7212F2B738BA0001E2C76 /* WidgetsBundle.swift in Sources */ = {isa = PBXBuildFile; fileRef = 4AB7212E2B738BA0001E2C76 /* WidgetsBundle.swift */; };
		4AB721332B738BA1001E2C76 /* Assets.xcassets in Resources */ = {isa = PBXBuildFile; fileRef = 4AB721322B738BA1001E2C76 /* Assets.xcassets */; };
		4AB721372B738BA1001E2C76 /* WidgetExtension.appex in Embed Foundation Extensions */ = {isa = PBXBuildFile; fileRef = 4AB721272B738BA0001E2C76 /* WidgetExtension.appex */; settings = {ATTRIBUTES = (RemoveHeadersOnCopy, ); }; };
		4AB721402B739AA5001E2C76 /* Date+Extension.swift in Sources */ = {isa = PBXBuildFile; fileRef = 4AB720F72B70FBF1001E2C76 /* Date+Extension.swift */; };
		4AB721452B739B3A001E2C76 /* Array+Extension.swift in Sources */ = {isa = PBXBuildFile; fileRef = 4AB720CB2B6EAECD001E2C76 /* Array+Extension.swift */; };
		4AB721462B739BAB001E2C76 /* RectangleMarkGraphView.swift in Sources */ = {isa = PBXBuildFile; fileRef = 4AB7213E2B739A8A001E2C76 /* RectangleMarkGraphView.swift */; };
		4AB721472B739BAB001E2C76 /* InsettableRectangle.swift in Sources */ = {isa = PBXBuildFile; fileRef = 4AB721432B739AFD001E2C76 /* InsettableRectangle.swift */; };
		4AB721482B739BAB001E2C76 /* RectangleMarkGraphModel.swift in Sources */ = {isa = PBXBuildFile; fileRef = 4AB721412B739AEC001E2C76 /* RectangleMarkGraphModel.swift */; };
		4AB721492B739C21001E2C76 /* APIService.swift in Sources */ = {isa = PBXBuildFile; fileRef = 4AB720702B6BF497001E2C76 /* APIService.swift */; };
		4AB7214A2B739C21001E2C76 /* Endpoint.swift in Sources */ = {isa = PBXBuildFile; fileRef = 4AB720732B6BF4A9001E2C76 /* Endpoint.swift */; };
		4AB7214C2B739C2D001E2C76 /* Alamofire in Frameworks */ = {isa = PBXBuildFile; productRef = 4AB7214B2B739C2D001E2C76 /* Alamofire */; };
		4AB7214E2B739C2D001E2C76 /* KeychainSwift in Frameworks */ = {isa = PBXBuildFile; productRef = 4AB7214D2B739C2D001E2C76 /* KeychainSwift */; };
		4AB7214F2B739C36001E2C76 /* KeychainManager.swift in Sources */ = {isa = PBXBuildFile; fileRef = 4AB720A12B6C7925001E2C76 /* KeychainManager.swift */; };
		4AB721502B739C36001E2C76 /* MeManager.swift in Sources */ = {isa = PBXBuildFile; fileRef = 4AB720A32B6DA77C001E2C76 /* MeManager.swift */; };
		4AB721532B739C6D001E2C76 /* RCChartResponse.swift in Sources */ = {isa = PBXBuildFile; fileRef = 4AB720BF2B6E4A62001E2C76 /* RCChartResponse.swift */; };
		4AB721542B739D30001E2C76 /* RCError.swift in Sources */ = {isa = PBXBuildFile; fileRef = 4AB7207E2B6C17B3001E2C76 /* RCError.swift */; };
		4AB721552B739D34001E2C76 /* RCErrorResponse.swift in Sources */ = {isa = PBXBuildFile; fileRef = 4AB7207C2B6C17A9001E2C76 /* RCErrorResponse.swift */; };
		4AB721562B739D74001E2C76 /* DateFormatter+Extension.swift in Sources */ = {isa = PBXBuildFile; fileRef = 4AB720A52B6DAC81001E2C76 /* DateFormatter+Extension.swift */; };
		4AB721582B73A1C2001E2C76 /* Collection+Extension.swift in Sources */ = {isa = PBXBuildFile; fileRef = 4AB720C12B6E4DFD001E2C76 /* Collection+Extension.swift */; };
		4AB721592B73A944001E2C76 /* Color+Extension.swift in Sources */ = {isa = PBXBuildFile; fileRef = 4AB7208B2B6C642D001E2C76 /* Color+Extension.swift */; };
		4AB7215E2B756E9C001E2C76 /* DailyGraphWidget.swift in Sources */ = {isa = PBXBuildFile; fileRef = 4AB7215C2B756E97001E2C76 /* DailyGraphWidget.swift */; };
		4AB721602B756ED5001E2C76 /* DailyGraphWidgetView.swift in Sources */ = {isa = PBXBuildFile; fileRef = 4AB7215F2B756ED5001E2C76 /* DailyGraphWidgetView.swift */; };
		4AB721622B756F24001E2C76 /* DailyGraphWidgetProvider.swift in Sources */ = {isa = PBXBuildFile; fileRef = 4AB721612B756F24001E2C76 /* DailyGraphWidgetProvider.swift */; };
		4AB721642B756F75001E2C76 /* DailyGraphWidgetEntry.swift in Sources */ = {isa = PBXBuildFile; fileRef = 4AB721632B756F75001E2C76 /* DailyGraphWidgetEntry.swift */; };
		4AB7216E2B7619D7001E2C76 /* Encodable+Extension.swift in Sources */ = {isa = PBXBuildFile; fileRef = 4AB7216D2B7619D7001E2C76 /* Encodable+Extension.swift */; };
		4AB7216F2B7619E6001E2C76 /* Encodable+Extension.swift in Sources */ = {isa = PBXBuildFile; fileRef = 4AB7216D2B7619D7001E2C76 /* Encodable+Extension.swift */; };
		4ADF09D42B761CD1002318B2 /* RCLoginRequest.swift in Sources */ = {isa = PBXBuildFile; fileRef = 4ADF09D32B761CD1002318B2 /* RCLoginRequest.swift */; };
		4ADF09D52B761CD6002318B2 /* RCLoginRequest.swift in Sources */ = {isa = PBXBuildFile; fileRef = 4ADF09D32B761CD1002318B2 /* RCLoginRequest.swift */; };
		4ADF09D72B761CED002318B2 /* RCChartRequest.swift in Sources */ = {isa = PBXBuildFile; fileRef = 4ADF09D62B761CED002318B2 /* RCChartRequest.swift */; };
		4ADF09D82B761CED002318B2 /* RCChartRequest.swift in Sources */ = {isa = PBXBuildFile; fileRef = 4ADF09D62B761CED002318B2 /* RCChartRequest.swift */; };
		4ADF09DB2B761D88002318B2 /* RCTransactionsRequest.swift in Sources */ = {isa = PBXBuildFile; fileRef = 4ADF09DA2B761D88002318B2 /* RCTransactionsRequest.swift */; };
		4ADF09DC2B761D88002318B2 /* RCTransactionsRequest.swift in Sources */ = {isa = PBXBuildFile; fileRef = 4ADF09DA2B761D88002318B2 /* RCTransactionsRequest.swift */; };
		4ADF09E02B763CB7002318B2 /* Cache in Frameworks */ = {isa = PBXBuildFile; productRef = 4ADF09DF2B763CB7002318B2 /* Cache */; };
		4ADF09E22B763CC2002318B2 /* Cache in Frameworks */ = {isa = PBXBuildFile; productRef = 4ADF09E12B763CC2002318B2 /* Cache */; };
		4ADF09E42B763CCE002318B2 /* CacheManager.swift in Sources */ = {isa = PBXBuildFile; fileRef = 4ADF09E32B763CCE002318B2 /* CacheManager.swift */; };
		4ADF09E52B763CCE002318B2 /* CacheManager.swift in Sources */ = {isa = PBXBuildFile; fileRef = 4ADF09E32B763CCE002318B2 /* CacheManager.swift */; };
		4ADF09E62B7762F0002318B2 /* String+Extension.swift in Sources */ = {isa = PBXBuildFile; fileRef = 4AB720F02B70E399001E2C76 /* String+Extension.swift */; };
		4ADF09E82B7780D6002318B2 /* PaginationState.swift in Sources */ = {isa = PBXBuildFile; fileRef = 4ADF09E72B7780D6002318B2 /* PaginationState.swift */; };
		4ADF09E92B7780D6002318B2 /* PaginationState.swift in Sources */ = {isa = PBXBuildFile; fileRef = 4ADF09E72B7780D6002318B2 /* PaginationState.swift */; };
		4ADF09EB2B7783FB002318B2 /* EdgeInsets+Extension.swift in Sources */ = {isa = PBXBuildFile; fileRef = 4ADF09EA2B7783FB002318B2 /* EdgeInsets+Extension.swift */; };
		4ADF09F02B77CE37002318B2 /* OverviewWidget.swift in Sources */ = {isa = PBXBuildFile; fileRef = 4ADF09EF2B77CE37002318B2 /* OverviewWidget.swift */; };
		4ADF09F22B77CE77002318B2 /* OverviewWidgetView.swift in Sources */ = {isa = PBXBuildFile; fileRef = 4ADF09F12B77CE77002318B2 /* OverviewWidgetView.swift */; };
		4ADF09F42B77CEB7002318B2 /* OverviewWidgetEntry.swift in Sources */ = {isa = PBXBuildFile; fileRef = 4ADF09F32B77CEB7002318B2 /* OverviewWidgetEntry.swift */; };
		4ADF09F52B77CEE3002318B2 /* RCOverviewResponse.swift in Sources */ = {isa = PBXBuildFile; fileRef = 4AB720882B6C5826001E2C76 /* RCOverviewResponse.swift */; };
		4ADF09F72B77CFAD002318B2 /* OverviewWidgetProvider.swift in Sources */ = {isa = PBXBuildFile; fileRef = 4ADF09F62B77CFAD002318B2 /* OverviewWidgetProvider.swift */; };
		4ADF09F92B792998002318B2 /* WidgetsManager.swift in Sources */ = {isa = PBXBuildFile; fileRef = 4ADF09F82B792998002318B2 /* WidgetsManager.swift */; };
		4ADF09FA2B792998002318B2 /* WidgetsManager.swift in Sources */ = {isa = PBXBuildFile; fileRef = 4ADF09F82B792998002318B2 /* WidgetsManager.swift */; };
		4ADF09FB2B793039002318B2 /* RCMeResponse.swift in Sources */ = {isa = PBXBuildFile; fileRef = 4AB720C92B6E6341001E2C76 /* RCMeResponse.swift */; };
		4ADF0A002B7934B8002318B2 /* SettingsAccountItemView.swift in Sources */ = {isa = PBXBuildFile; fileRef = 4ADF09FF2B7934B8002318B2 /* SettingsAccountItemView.swift */; };
		4ADF0A052B7A3B3F002318B2 /* WidgetError.swift in Sources */ = {isa = PBXBuildFile; fileRef = 4ADF0A042B7A3B3F002318B2 /* WidgetError.swift */; };
		4ADF0A062B7A3B3F002318B2 /* WidgetError.swift in Sources */ = {isa = PBXBuildFile; fileRef = 4ADF0A042B7A3B3F002318B2 /* WidgetError.swift */; };
		4ADF0A082B7A3B86002318B2 /* WidgetErrorView.swift in Sources */ = {isa = PBXBuildFile; fileRef = 4ADF0A072B7A3B86002318B2 /* WidgetErrorView.swift */; };
		4ADF0A092B7A3B86002318B2 /* WidgetErrorView.swift in Sources */ = {isa = PBXBuildFile; fileRef = 4ADF0A072B7A3B86002318B2 /* WidgetErrorView.swift */; };
		4ADF0A0C2B7BB6C5002318B2 /* AppIconView.swift in Sources */ = {isa = PBXBuildFile; fileRef = 4ADF0A0B2B7BB6C5002318B2 /* AppIconView.swift */; };
/* End PBXBuildFile section */

/* Begin PBXContainerItemProxy section */
		4AB721352B738BA1001E2C76 /* PBXContainerItemProxy */ = {
			isa = PBXContainerItemProxy;
			containerPortal = 4AB720502B6BAC8D001E2C76 /* Project object */;
			proxyType = 1;
			remoteGlobalIDString = 4AB721262B738BA0001E2C76;
			remoteInfo = WidgetExtensionExtension;
		};
/* End PBXContainerItemProxy section */

/* Begin PBXCopyFilesBuildPhase section */
		4AB7213B2B738BA1001E2C76 /* Embed Foundation Extensions */ = {
			isa = PBXCopyFilesBuildPhase;
			buildActionMask = 2147483647;
			dstPath = "";
			dstSubfolderSpec = 13;
			files = (
				4AB721372B738BA1001E2C76 /* WidgetExtension.appex in Embed Foundation Extensions */,
			);
			name = "Embed Foundation Extensions";
			runOnlyForDeploymentPostprocessing = 0;
		};
/* End PBXCopyFilesBuildPhase section */

/* Begin PBXFileReference section */
		4A1DFC7A2B7BEDAF0094BAA0 /* View+Extension.swift */ = {isa = PBXFileReference; lastKnownFileType = sourcecode.swift; path = "View+Extension.swift"; sourceTree = "<group>"; };
		4A1DFC7C2B7BEDD90094BAA0 /* AppIcon.swift */ = {isa = PBXFileReference; lastKnownFileType = sourcecode.swift; path = AppIcon.swift; sourceTree = "<group>"; };
		4A1DFC802B7C93C80094BAA0 /* Bundle+Extension.swift */ = {isa = PBXFileReference; lastKnownFileType = sourcecode.swift; path = "Bundle+Extension.swift"; sourceTree = "<group>"; };
		4A1DFC832B7CD7460094BAA0 /* AboutView.swift */ = {isa = PBXFileReference; lastKnownFileType = sourcecode.swift; path = AboutView.swift; sourceTree = "<group>"; };
		4A1DFC852B7E13420094BAA0 /* GeneralListView.swift */ = {isa = PBXFileReference; lastKnownFileType = sourcecode.swift; path = GeneralListView.swift; sourceTree = "<group>"; };
		4A1DFC892B7ECF0C0094BAA0 /* CacheAsyncImage.swift */ = {isa = PBXFileReference; lastKnownFileType = sourcecode.swift; path = CacheAsyncImage.swift; sourceTree = "<group>"; };
		4AB720582B6BAC8D001E2C76 /* Kedi.app */ = {isa = PBXFileReference; explicitFileType = wrapper.application; includeInIndex = 0; path = Kedi.app; sourceTree = BUILT_PRODUCTS_DIR; };
		4AB7205B2B6BAC8D001E2C76 /* KediApp.swift */ = {isa = PBXFileReference; lastKnownFileType = sourcecode.swift; path = KediApp.swift; sourceTree = "<group>"; };
		4AB7205D2B6BAC8D001E2C76 /* SignInView.swift */ = {isa = PBXFileReference; lastKnownFileType = sourcecode.swift; path = SignInView.swift; sourceTree = "<group>"; };
		4AB7205F2B6BAC8E001E2C76 /* Assets.xcassets */ = {isa = PBXFileReference; lastKnownFileType = folder.assetcatalog; path = Assets.xcassets; sourceTree = "<group>"; };
		4AB720612B6BAC8E001E2C76 /* Kedi.entitlements */ = {isa = PBXFileReference; lastKnownFileType = text.plist.entitlements; path = Kedi.entitlements; sourceTree = "<group>"; };
		4AB720632B6BAC8E001E2C76 /* Preview Assets.xcassets */ = {isa = PBXFileReference; lastKnownFileType = folder.assetcatalog; path = "Preview Assets.xcassets"; sourceTree = "<group>"; };
		4AB7206C2B6BDC36001E2C76 /* SignInViewModel.swift */ = {isa = PBXFileReference; lastKnownFileType = sourcecode.swift; path = SignInViewModel.swift; sourceTree = "<group>"; };
		4AB720702B6BF497001E2C76 /* APIService.swift */ = {isa = PBXFileReference; lastKnownFileType = sourcecode.swift; path = APIService.swift; sourceTree = "<group>"; };
		4AB720732B6BF4A9001E2C76 /* Endpoint.swift */ = {isa = PBXFileReference; lastKnownFileType = sourcecode.swift; path = Endpoint.swift; sourceTree = "<group>"; };
		4AB7207A2B6C17A0001E2C76 /* RCLoginResponse.swift */ = {isa = PBXFileReference; lastKnownFileType = sourcecode.swift; path = RCLoginResponse.swift; sourceTree = "<group>"; };
		4AB7207C2B6C17A9001E2C76 /* RCErrorResponse.swift */ = {isa = PBXFileReference; lastKnownFileType = sourcecode.swift; path = RCErrorResponse.swift; sourceTree = "<group>"; };
		4AB7207E2B6C17B3001E2C76 /* RCError.swift */ = {isa = PBXFileReference; lastKnownFileType = sourcecode.swift; path = RCError.swift; sourceTree = "<group>"; };
		4AB720812B6C4FEA001E2C76 /* OverviewViewModel.swift */ = {isa = PBXFileReference; lastKnownFileType = sourcecode.swift; path = OverviewViewModel.swift; sourceTree = "<group>"; };
		4AB720832B6C4FF3001E2C76 /* OverviewView.swift */ = {isa = PBXFileReference; lastKnownFileType = sourcecode.swift; path = OverviewView.swift; sourceTree = "<group>"; };
		4AB720862B6C56E7001E2C76 /* RootView.swift */ = {isa = PBXFileReference; lastKnownFileType = sourcecode.swift; path = RootView.swift; sourceTree = "<group>"; };
		4AB720882B6C5826001E2C76 /* RCOverviewResponse.swift */ = {isa = PBXFileReference; lastKnownFileType = sourcecode.swift; path = RCOverviewResponse.swift; sourceTree = "<group>"; };
		4AB7208B2B6C642D001E2C76 /* Color+Extension.swift */ = {isa = PBXFileReference; lastKnownFileType = sourcecode.swift; path = "Color+Extension.swift"; sourceTree = "<group>"; };
		4AB7208E2B6C6842001E2C76 /* MainView.swift */ = {isa = PBXFileReference; lastKnownFileType = sourcecode.swift; path = MainView.swift; sourceTree = "<group>"; };
		4AB720912B6C6893001E2C76 /* SettingsView.swift */ = {isa = PBXFileReference; lastKnownFileType = sourcecode.swift; path = SettingsView.swift; sourceTree = "<group>"; };
		4AB720A12B6C7925001E2C76 /* KeychainManager.swift */ = {isa = PBXFileReference; lastKnownFileType = sourcecode.swift; path = KeychainManager.swift; sourceTree = "<group>"; };
		4AB720A32B6DA77C001E2C76 /* MeManager.swift */ = {isa = PBXFileReference; lastKnownFileType = sourcecode.swift; path = MeManager.swift; sourceTree = "<group>"; };
		4AB720A52B6DAC81001E2C76 /* DateFormatter+Extension.swift */ = {isa = PBXFileReference; lastKnownFileType = sourcecode.swift; path = "DateFormatter+Extension.swift"; sourceTree = "<group>"; };
		4AB720A82B6DB3A0001E2C76 /* AsyncButton.swift */ = {isa = PBXFileReference; lastKnownFileType = sourcecode.swift; path = AsyncButton.swift; sourceTree = "<group>"; };
		4AB720AA2B6DB4D2001E2C76 /* SettingsViewModel.swift */ = {isa = PBXFileReference; lastKnownFileType = sourcecode.swift; path = SettingsViewModel.swift; sourceTree = "<group>"; };
		4AB720AD2B6DB698001E2C76 /* OverviewItem.swift */ = {isa = PBXFileReference; lastKnownFileType = sourcecode.swift; path = OverviewItem.swift; sourceTree = "<group>"; };
		4AB720B12B6DC9AB001E2C76 /* SpacingLabelStyle.swift */ = {isa = PBXFileReference; lastKnownFileType = sourcecode.swift; path = SpacingLabelStyle.swift; sourceTree = "<group>"; };
		4AB720B52B6E3E16001E2C76 /* SidebarView.swift */ = {isa = PBXFileReference; lastKnownFileType = sourcecode.swift; path = SidebarView.swift; sourceTree = "<group>"; };
		4AB720B72B6E3E1D001E2C76 /* TabBarView.swift */ = {isa = PBXFileReference; lastKnownFileType = sourcecode.swift; path = TabBarView.swift; sourceTree = "<group>"; };
		4AB720B92B6E4183001E2C76 /* NavigationItem.swift */ = {isa = PBXFileReference; lastKnownFileType = sourcecode.swift; path = NavigationItem.swift; sourceTree = "<group>"; };
		4AB720BF2B6E4A62001E2C76 /* RCChartResponse.swift */ = {isa = PBXFileReference; lastKnownFileType = sourcecode.swift; path = RCChartResponse.swift; sourceTree = "<group>"; };
		4AB720C12B6E4DFD001E2C76 /* Collection+Extension.swift */ = {isa = PBXFileReference; lastKnownFileType = sourcecode.swift; path = "Collection+Extension.swift"; sourceTree = "<group>"; };
		4AB720C32B6E6156001E2C76 /* LineAndAreaMarkChartView.swift */ = {isa = PBXFileReference; lastKnownFileType = sourcecode.swift; path = LineAndAreaMarkChartView.swift; sourceTree = "<group>"; };
		4AB720C92B6E6341001E2C76 /* RCMeResponse.swift */ = {isa = PBXFileReference; lastKnownFileType = sourcecode.swift; path = RCMeResponse.swift; sourceTree = "<group>"; };
		4AB720CB2B6EAECD001E2C76 /* Array+Extension.swift */ = {isa = PBXFileReference; lastKnownFileType = sourcecode.swift; path = "Array+Extension.swift"; sourceTree = "<group>"; };
		4AB720CD2B6EB36C001E2C76 /* OverviewItemType.swift */ = {isa = PBXFileReference; lastKnownFileType = sourcecode.swift; path = OverviewItemType.swift; sourceTree = "<group>"; };
		4AB720E42B70C8D3001E2C76 /* TransactionsViewModel.swift */ = {isa = PBXFileReference; lastKnownFileType = sourcecode.swift; path = TransactionsViewModel.swift; sourceTree = "<group>"; };
		4AB720E82B70C8EC001E2C76 /* TransactionsView.swift */ = {isa = PBXFileReference; lastKnownFileType = sourcecode.swift; path = TransactionsView.swift; sourceTree = "<group>"; };
		4AB720EC2B70CA2D001E2C76 /* RCTransactionsResponse.swift */ = {isa = PBXFileReference; lastKnownFileType = sourcecode.swift; path = RCTransactionsResponse.swift; sourceTree = "<group>"; };
		4AB720EE2B70D8AA001E2C76 /* TransactionItem.swift */ = {isa = PBXFileReference; lastKnownFileType = sourcecode.swift; path = TransactionItem.swift; sourceTree = "<group>"; };
		4AB720F02B70E399001E2C76 /* String+Extension.swift */ = {isa = PBXFileReference; lastKnownFileType = sourcecode.swift; path = "String+Extension.swift"; sourceTree = "<group>"; };
		4AB720F42B70FB84001E2C76 /* TransactionItemView.swift */ = {isa = PBXFileReference; lastKnownFileType = sourcecode.swift; path = TransactionItemView.swift; sourceTree = "<group>"; };
		4AB720F72B70FBF1001E2C76 /* Date+Extension.swift */ = {isa = PBXFileReference; lastKnownFileType = sourcecode.swift; path = "Date+Extension.swift"; sourceTree = "<group>"; };
		4AB721012B722DFF001E2C76 /* TransactionDetailViewModel.swift */ = {isa = PBXFileReference; lastKnownFileType = sourcecode.swift; path = TransactionDetailViewModel.swift; sourceTree = "<group>"; };
		4AB721032B722E07001E2C76 /* TransactionDetailView.swift */ = {isa = PBXFileReference; lastKnownFileType = sourcecode.swift; path = TransactionDetailView.swift; sourceTree = "<group>"; };
		4AB721052B72371E001E2C76 /* RCTransactionDetailResponse.swift */ = {isa = PBXFileReference; lastKnownFileType = sourcecode.swift; path = RCTransactionDetailResponse.swift; sourceTree = "<group>"; };
		4AB721082B726C62001E2C76 /* TransactionDetailInfoItem.swift */ = {isa = PBXFileReference; lastKnownFileType = sourcecode.swift; path = TransactionDetailInfoItem.swift; sourceTree = "<group>"; };
		4AB7210A2B72B8A6001E2C76 /* TransactionDetailHistoryItem.swift */ = {isa = PBXFileReference; lastKnownFileType = sourcecode.swift; path = TransactionDetailHistoryItem.swift; sourceTree = "<group>"; };
		4AB7210F2B72B966001E2C76 /* TransactionDetailHistoryItemView.swift */ = {isa = PBXFileReference; lastKnownFileType = sourcecode.swift; path = TransactionDetailHistoryItemView.swift; sourceTree = "<group>"; };
		4AB721112B72B970001E2C76 /* TransactionDetailInfoItemView.swift */ = {isa = PBXFileReference; lastKnownFileType = sourcecode.swift; path = TransactionDetailInfoItemView.swift; sourceTree = "<group>"; };
		4AB721132B72C368001E2C76 /* RelativeDateTimeFormatter+Extension.swift */ = {isa = PBXFileReference; lastKnownFileType = sourcecode.swift; path = "RelativeDateTimeFormatter+Extension.swift"; sourceTree = "<group>"; };
		4AB721152B72DD8B001E2C76 /* TransactionDetailEntitlementItem.swift */ = {isa = PBXFileReference; lastKnownFileType = sourcecode.swift; path = TransactionDetailEntitlementItem.swift; sourceTree = "<group>"; };
		4AB721192B736FEC001E2C76 /* TransactionDetailEntitlementItemView.swift */ = {isa = PBXFileReference; lastKnownFileType = sourcecode.swift; path = TransactionDetailEntitlementItemView.swift; sourceTree = "<group>"; };
		4AB7211B2B73751F001E2C76 /* RCTransactionDetailActivityResponse.swift */ = {isa = PBXFileReference; lastKnownFileType = sourcecode.swift; path = RCTransactionDetailActivityResponse.swift; sourceTree = "<group>"; };
		4AB7211E2B7378EF001E2C76 /* GeneralState.swift */ = {isa = PBXFileReference; lastKnownFileType = sourcecode.swift; path = GeneralState.swift; sourceTree = "<group>"; };
		4AB721212B73881B001E2C76 /* OverviewItemView.swift */ = {isa = PBXFileReference; lastKnownFileType = sourcecode.swift; path = OverviewItemView.swift; sourceTree = "<group>"; };
		4AB721272B738BA0001E2C76 /* WidgetExtension.appex */ = {isa = PBXFileReference; explicitFileType = "wrapper.app-extension"; includeInIndex = 0; path = WidgetExtension.appex; sourceTree = BUILT_PRODUCTS_DIR; };
		4AB721292B738BA0001E2C76 /* WidgetKit.framework */ = {isa = PBXFileReference; lastKnownFileType = wrapper.framework; name = WidgetKit.framework; path = System/Library/Frameworks/WidgetKit.framework; sourceTree = SDKROOT; };
		4AB7212B2B738BA0001E2C76 /* SwiftUI.framework */ = {isa = PBXFileReference; lastKnownFileType = wrapper.framework; name = SwiftUI.framework; path = System/Library/Frameworks/SwiftUI.framework; sourceTree = SDKROOT; };
		4AB7212E2B738BA0001E2C76 /* WidgetsBundle.swift */ = {isa = PBXFileReference; lastKnownFileType = sourcecode.swift; path = WidgetsBundle.swift; sourceTree = "<group>"; };
		4AB721322B738BA1001E2C76 /* Assets.xcassets */ = {isa = PBXFileReference; lastKnownFileType = folder.assetcatalog; path = Assets.xcassets; sourceTree = "<group>"; };
		4AB721342B738BA1001E2C76 /* Info.plist */ = {isa = PBXFileReference; lastKnownFileType = text.plist.xml; path = Info.plist; sourceTree = "<group>"; };
		4AB7213E2B739A8A001E2C76 /* RectangleMarkGraphView.swift */ = {isa = PBXFileReference; lastKnownFileType = sourcecode.swift; path = RectangleMarkGraphView.swift; sourceTree = "<group>"; };
		4AB721412B739AEC001E2C76 /* RectangleMarkGraphModel.swift */ = {isa = PBXFileReference; lastKnownFileType = sourcecode.swift; path = RectangleMarkGraphModel.swift; sourceTree = "<group>"; };
		4AB721432B739AFD001E2C76 /* InsettableRectangle.swift */ = {isa = PBXFileReference; lastKnownFileType = sourcecode.swift; path = InsettableRectangle.swift; sourceTree = "<group>"; };
		4AB721572B739F4B001E2C76 /* WidgetExtension.entitlements */ = {isa = PBXFileReference; lastKnownFileType = text.plist.entitlements; path = WidgetExtension.entitlements; sourceTree = "<group>"; };
		4AB7215C2B756E97001E2C76 /* DailyGraphWidget.swift */ = {isa = PBXFileReference; lastKnownFileType = sourcecode.swift; path = DailyGraphWidget.swift; sourceTree = "<group>"; };
		4AB7215F2B756ED5001E2C76 /* DailyGraphWidgetView.swift */ = {isa = PBXFileReference; lastKnownFileType = sourcecode.swift; path = DailyGraphWidgetView.swift; sourceTree = "<group>"; };
		4AB721612B756F24001E2C76 /* DailyGraphWidgetProvider.swift */ = {isa = PBXFileReference; lastKnownFileType = sourcecode.swift; path = DailyGraphWidgetProvider.swift; sourceTree = "<group>"; };
		4AB721632B756F75001E2C76 /* DailyGraphWidgetEntry.swift */ = {isa = PBXFileReference; lastKnownFileType = sourcecode.swift; path = DailyGraphWidgetEntry.swift; sourceTree = "<group>"; };
		4AB7216D2B7619D7001E2C76 /* Encodable+Extension.swift */ = {isa = PBXFileReference; lastKnownFileType = sourcecode.swift; path = "Encodable+Extension.swift"; sourceTree = "<group>"; };
		4ADF09D32B761CD1002318B2 /* RCLoginRequest.swift */ = {isa = PBXFileReference; lastKnownFileType = sourcecode.swift; path = RCLoginRequest.swift; sourceTree = "<group>"; };
		4ADF09D62B761CED002318B2 /* RCChartRequest.swift */ = {isa = PBXFileReference; lastKnownFileType = sourcecode.swift; path = RCChartRequest.swift; sourceTree = "<group>"; };
		4ADF09DA2B761D88002318B2 /* RCTransactionsRequest.swift */ = {isa = PBXFileReference; lastKnownFileType = sourcecode.swift; path = RCTransactionsRequest.swift; sourceTree = "<group>"; };
		4ADF09E32B763CCE002318B2 /* CacheManager.swift */ = {isa = PBXFileReference; lastKnownFileType = sourcecode.swift; path = CacheManager.swift; sourceTree = "<group>"; };
		4ADF09E72B7780D6002318B2 /* PaginationState.swift */ = {isa = PBXFileReference; lastKnownFileType = sourcecode.swift; path = PaginationState.swift; sourceTree = "<group>"; };
		4ADF09EA2B7783FB002318B2 /* EdgeInsets+Extension.swift */ = {isa = PBXFileReference; lastKnownFileType = sourcecode.swift; path = "EdgeInsets+Extension.swift"; sourceTree = "<group>"; };
		4ADF09EF2B77CE37002318B2 /* OverviewWidget.swift */ = {isa = PBXFileReference; lastKnownFileType = sourcecode.swift; path = OverviewWidget.swift; sourceTree = "<group>"; };
		4ADF09F12B77CE77002318B2 /* OverviewWidgetView.swift */ = {isa = PBXFileReference; lastKnownFileType = sourcecode.swift; path = OverviewWidgetView.swift; sourceTree = "<group>"; };
		4ADF09F32B77CEB7002318B2 /* OverviewWidgetEntry.swift */ = {isa = PBXFileReference; lastKnownFileType = sourcecode.swift; path = OverviewWidgetEntry.swift; sourceTree = "<group>"; };
		4ADF09F62B77CFAD002318B2 /* OverviewWidgetProvider.swift */ = {isa = PBXFileReference; lastKnownFileType = sourcecode.swift; path = OverviewWidgetProvider.swift; sourceTree = "<group>"; };
		4ADF09F82B792998002318B2 /* WidgetsManager.swift */ = {isa = PBXFileReference; lastKnownFileType = sourcecode.swift; path = WidgetsManager.swift; sourceTree = "<group>"; };
		4ADF09FF2B7934B8002318B2 /* SettingsAccountItemView.swift */ = {isa = PBXFileReference; lastKnownFileType = sourcecode.swift; path = SettingsAccountItemView.swift; sourceTree = "<group>"; };
		4ADF0A042B7A3B3F002318B2 /* WidgetError.swift */ = {isa = PBXFileReference; lastKnownFileType = sourcecode.swift; path = WidgetError.swift; sourceTree = "<group>"; };
		4ADF0A072B7A3B86002318B2 /* WidgetErrorView.swift */ = {isa = PBXFileReference; lastKnownFileType = sourcecode.swift; path = WidgetErrorView.swift; sourceTree = "<group>"; };
		4ADF0A0B2B7BB6C5002318B2 /* AppIconView.swift */ = {isa = PBXFileReference; lastKnownFileType = sourcecode.swift; path = AppIconView.swift; sourceTree = "<group>"; };
/* End PBXFileReference section */

/* Begin PBXFrameworksBuildPhase section */
		4AB720552B6BAC8D001E2C76 /* Frameworks */ = {
			isa = PBXFrameworksBuildPhase;
			buildActionMask = 2147483647;
			files = (
				4ADF09E02B763CB7002318B2 /* Cache in Frameworks */,
				4AB7209F2B6C74FE001E2C76 /* KeychainSwift in Frameworks */,
				4AB720772B6C1202001E2C76 /* Alamofire in Frameworks */,
			);
			runOnlyForDeploymentPostprocessing = 0;
		};
		4AB721242B738BA0001E2C76 /* Frameworks */ = {
			isa = PBXFrameworksBuildPhase;
			buildActionMask = 2147483647;
			files = (
				4AB7214C2B739C2D001E2C76 /* Alamofire in Frameworks */,
				4AB7212C2B738BA0001E2C76 /* SwiftUI.framework in Frameworks */,
				4AB7214E2B739C2D001E2C76 /* KeychainSwift in Frameworks */,
				4AB7212A2B738BA0001E2C76 /* WidgetKit.framework in Frameworks */,
				4ADF09E22B763CC2002318B2 /* Cache in Frameworks */,
			);
			runOnlyForDeploymentPostprocessing = 0;
		};
/* End PBXFrameworksBuildPhase section */

/* Begin PBXGroup section */
		4A1DFC7E2B7BEDDC0094BAA0 /* Models */ = {
			isa = PBXGroup;
			children = (
				4A1DFC7C2B7BEDD90094BAA0 /* AppIcon.swift */,
			);
			path = Models;
			sourceTree = "<group>";
		};
		4A1DFC822B7CD7380094BAA0 /* About */ = {
			isa = PBXGroup;
			children = (
				4A1DFC832B7CD7460094BAA0 /* AboutView.swift */,
			);
			path = About;
			sourceTree = "<group>";
		};
		4AB7204F2B6BAC8D001E2C76 = {
			isa = PBXGroup;
			children = (
				4AB7213C2B738D03001E2C76 /* Shared */,
				4AB7205A2B6BAC8D001E2C76 /* Kedi */,
				4AB7212D2B738BA0001E2C76 /* WidgetExtension */,
				4AB721282B738BA0001E2C76 /* Frameworks */,
				4AB720592B6BAC8D001E2C76 /* Products */,
			);
			sourceTree = "<group>";
		};
		4AB720592B6BAC8D001E2C76 /* Products */ = {
			isa = PBXGroup;
			children = (
				4AB720582B6BAC8D001E2C76 /* Kedi.app */,
				4AB721272B738BA0001E2C76 /* WidgetExtension.appex */,
			);
			name = Products;
			sourceTree = "<group>";
		};
		4AB7205A2B6BAC8D001E2C76 /* Kedi */ = {
			isa = PBXGroup;
			children = (
				4AB7205B2B6BAC8D001E2C76 /* KediApp.swift */,
				4AB7206A2B6BDC1E001E2C76 /* Screens */,
				4AB720A72B6DB396001E2C76 /* Components */,
				4AB7205F2B6BAC8E001E2C76 /* Assets.xcassets */,
				4AB720612B6BAC8E001E2C76 /* Kedi.entitlements */,
				4AB720622B6BAC8E001E2C76 /* Preview Content */,
			);
			path = Kedi;
			sourceTree = "<group>";
		};
		4AB720622B6BAC8E001E2C76 /* Preview Content */ = {
			isa = PBXGroup;
			children = (
				4AB720632B6BAC8E001E2C76 /* Preview Assets.xcassets */,
			);
			path = "Preview Content";
			sourceTree = "<group>";
		};
		4AB7206A2B6BDC1E001E2C76 /* Screens */ = {
			isa = PBXGroup;
			children = (
				4AB7211D2B7378E5001E2C76 /* Shared */,
				4AB720852B6C56DE001E2C76 /* Root */,
				4AB7206B2B6BDC27001E2C76 /* SignIn */,
				4AB7208D2B6C682C001E2C76 /* Main */,
				4AB720802B6C4FDA001E2C76 /* Overview */,
				4AB720E32B70C8BA001E2C76 /* Transactions */,
				4AB721002B722DF1001E2C76 /* TransactionDetail */,
				4AB720902B6C6888001E2C76 /* Settings */,
			);
			path = Screens;
			sourceTree = "<group>";
		};
		4AB7206B2B6BDC27001E2C76 /* SignIn */ = {
			isa = PBXGroup;
			children = (
				4AB7205D2B6BAC8D001E2C76 /* SignInView.swift */,
				4AB7206C2B6BDC36001E2C76 /* SignInViewModel.swift */,
			);
			path = SignIn;
			sourceTree = "<group>";
		};
		4AB7206E2B6BF477001E2C76 /* Network */ = {
			isa = PBXGroup;
			children = (
				4AB720782B6C1791001E2C76 /* Models */,
				4AB720702B6BF497001E2C76 /* APIService.swift */,
				4AB720732B6BF4A9001E2C76 /* Endpoint.swift */,
			);
			path = Network;
			sourceTree = "<group>";
		};
		4AB720782B6C1791001E2C76 /* Models */ = {
			isa = PBXGroup;
			children = (
				4AB7209C2B6C71AD001E2C76 /* General */,
				4ADF09D22B761CA5002318B2 /* Login */,
				4AB720BB2B6E49C7001E2C76 /* Charts */,
				4ADF09D92B761D63002318B2 /* Transactions */,
				4AB7209B2B6C719B001E2C76 /* Error */,
			);
			path = Models;
			sourceTree = "<group>";
		};
		4AB720802B6C4FDA001E2C76 /* Overview */ = {
			isa = PBXGroup;
			children = (
				4AB720AC2B6DB68F001E2C76 /* Models */,
				4AB721202B7387F8001E2C76 /* Views */,
				4AB720832B6C4FF3001E2C76 /* OverviewView.swift */,
				4AB720812B6C4FEA001E2C76 /* OverviewViewModel.swift */,
			);
			path = Overview;
			sourceTree = "<group>";
		};
		4AB720852B6C56DE001E2C76 /* Root */ = {
			isa = PBXGroup;
			children = (
				4AB720862B6C56E7001E2C76 /* RootView.swift */,
			);
			path = Root;
			sourceTree = "<group>";
		};
		4AB7208A2B6C6422001E2C76 /* Extensions */ = {
			isa = PBXGroup;
			children = (
				4AB720F72B70FBF1001E2C76 /* Date+Extension.swift */,
				4AB7208B2B6C642D001E2C76 /* Color+Extension.swift */,
				4AB720A52B6DAC81001E2C76 /* DateFormatter+Extension.swift */,
				4AB721132B72C368001E2C76 /* RelativeDateTimeFormatter+Extension.swift */,
				4AB720C12B6E4DFD001E2C76 /* Collection+Extension.swift */,
				4AB720CB2B6EAECD001E2C76 /* Array+Extension.swift */,
				4AB720F02B70E399001E2C76 /* String+Extension.swift */,
				4AB7216D2B7619D7001E2C76 /* Encodable+Extension.swift */,
				4ADF09EA2B7783FB002318B2 /* EdgeInsets+Extension.swift */,
				4A1DFC7A2B7BEDAF0094BAA0 /* View+Extension.swift */,
				4A1DFC802B7C93C80094BAA0 /* Bundle+Extension.swift */,
			);
			path = Extensions;
			sourceTree = "<group>";
		};
		4AB7208D2B6C682C001E2C76 /* Main */ = {
			isa = PBXGroup;
			children = (
				4AB720EA2B70C9B2001E2C76 /* Models */,
				4AB720B32B6E3D0E001E2C76 /* TabBar */,
				4AB720B42B6E3D98001E2C76 /* Sidebar */,
				4AB7208E2B6C6842001E2C76 /* MainView.swift */,
			);
			path = Main;
			sourceTree = "<group>";
		};
		4AB720902B6C6888001E2C76 /* Settings */ = {
			isa = PBXGroup;
			children = (
				4ADF0A102B7BB6E4002318B2 /* Main */,
				4ADF0A0A2B7BB6A3002318B2 /* AppIcon */,
				4A1DFC822B7CD7380094BAA0 /* About */,
			);
			path = Settings;
			sourceTree = "<group>";
		};
		4AB7209B2B6C719B001E2C76 /* Error */ = {
			isa = PBXGroup;
			children = (
				4AB7207E2B6C17B3001E2C76 /* RCError.swift */,
				4AB7207C2B6C17A9001E2C76 /* RCErrorResponse.swift */,
			);
			path = Error;
			sourceTree = "<group>";
		};
		4AB7209C2B6C71AD001E2C76 /* General */ = {
			isa = PBXGroup;
			children = (
				4AB720C92B6E6341001E2C76 /* RCMeResponse.swift */,
				4AB720882B6C5826001E2C76 /* RCOverviewResponse.swift */,
			);
			path = General;
			sourceTree = "<group>";
		};
		4AB720A02B6C791A001E2C76 /* Managers */ = {
			isa = PBXGroup;
			children = (
				4AB720A32B6DA77C001E2C76 /* MeManager.swift */,
				4AB720A12B6C7925001E2C76 /* KeychainManager.swift */,
				4ADF09E32B763CCE002318B2 /* CacheManager.swift */,
				4ADF09F82B792998002318B2 /* WidgetsManager.swift */,
			);
			path = Managers;
			sourceTree = "<group>";
		};
		4AB720A72B6DB396001E2C76 /* Components */ = {
			isa = PBXGroup;
			children = (
				4AB720A82B6DB3A0001E2C76 /* AsyncButton.swift */,
				4A1DFC892B7ECF0C0094BAA0 /* CacheAsyncImage.swift */,
				4AB720B12B6DC9AB001E2C76 /* SpacingLabelStyle.swift */,
				4AB720C32B6E6156001E2C76 /* LineAndAreaMarkChartView.swift */,
				4A1DFC852B7E13420094BAA0 /* GeneralListView.swift */,
			);
			path = Components;
			sourceTree = "<group>";
		};
		4AB720AC2B6DB68F001E2C76 /* Models */ = {
			isa = PBXGroup;
			children = (
				4AB720AD2B6DB698001E2C76 /* OverviewItem.swift */,
				4AB720CD2B6EB36C001E2C76 /* OverviewItemType.swift */,
			);
			path = Models;
			sourceTree = "<group>";
		};
		4AB720B32B6E3D0E001E2C76 /* TabBar */ = {
			isa = PBXGroup;
			children = (
				4AB720B72B6E3E1D001E2C76 /* TabBarView.swift */,
			);
			path = TabBar;
			sourceTree = "<group>";
		};
		4AB720B42B6E3D98001E2C76 /* Sidebar */ = {
			isa = PBXGroup;
			children = (
				4AB720B52B6E3E16001E2C76 /* SidebarView.swift */,
			);
			path = Sidebar;
			sourceTree = "<group>";
		};
		4AB720BB2B6E49C7001E2C76 /* Charts */ = {
			isa = PBXGroup;
			children = (
				4ADF09D62B761CED002318B2 /* RCChartRequest.swift */,
				4AB720BF2B6E4A62001E2C76 /* RCChartResponse.swift */,
			);
			path = Charts;
			sourceTree = "<group>";
		};
		4AB720E32B70C8BA001E2C76 /* Transactions */ = {
			isa = PBXGroup;
			children = (
				4AB720F22B70FB74001E2C76 /* Models */,
				4AB720F32B70FB79001E2C76 /* Views */,
				4AB720E82B70C8EC001E2C76 /* TransactionsView.swift */,
				4AB720E42B70C8D3001E2C76 /* TransactionsViewModel.swift */,
			);
			path = Transactions;
			sourceTree = "<group>";
		};
		4AB720EA2B70C9B2001E2C76 /* Models */ = {
			isa = PBXGroup;
			children = (
				4AB720B92B6E4183001E2C76 /* NavigationItem.swift */,
			);
			path = Models;
			sourceTree = "<group>";
		};
		4AB720F22B70FB74001E2C76 /* Models */ = {
			isa = PBXGroup;
			children = (
				4AB720EE2B70D8AA001E2C76 /* TransactionItem.swift */,
			);
			path = Models;
			sourceTree = "<group>";
		};
		4AB720F32B70FB79001E2C76 /* Views */ = {
			isa = PBXGroup;
			children = (
				4AB720F42B70FB84001E2C76 /* TransactionItemView.swift */,
			);
			path = Views;
			sourceTree = "<group>";
		};
		4AB721002B722DF1001E2C76 /* TransactionDetail */ = {
			isa = PBXGroup;
			children = (
				4AB721072B726C5A001E2C76 /* Models */,
				4AB7210C2B72B926001E2C76 /* Views */,
				4AB721032B722E07001E2C76 /* TransactionDetailView.swift */,
				4AB721012B722DFF001E2C76 /* TransactionDetailViewModel.swift */,
			);
			path = TransactionDetail;
			sourceTree = "<group>";
		};
		4AB721072B726C5A001E2C76 /* Models */ = {
			isa = PBXGroup;
			children = (
				4AB721082B726C62001E2C76 /* TransactionDetailInfoItem.swift */,
				4AB721152B72DD8B001E2C76 /* TransactionDetailEntitlementItem.swift */,
				4AB7210A2B72B8A6001E2C76 /* TransactionDetailHistoryItem.swift */,
			);
			path = Models;
			sourceTree = "<group>";
		};
		4AB7210C2B72B926001E2C76 /* Views */ = {
			isa = PBXGroup;
			children = (
				4AB721112B72B970001E2C76 /* TransactionDetailInfoItemView.swift */,
				4AB721192B736FEC001E2C76 /* TransactionDetailEntitlementItemView.swift */,
				4AB7210F2B72B966001E2C76 /* TransactionDetailHistoryItemView.swift */,
			);
			path = Views;
			sourceTree = "<group>";
		};
		4AB7211D2B7378E5001E2C76 /* Shared */ = {
			isa = PBXGroup;
			children = (
				4AB7211E2B7378EF001E2C76 /* GeneralState.swift */,
				4ADF09E72B7780D6002318B2 /* PaginationState.swift */,
			);
			path = Shared;
			sourceTree = "<group>";
		};
		4AB721202B7387F8001E2C76 /* Views */ = {
			isa = PBXGroup;
			children = (
				4AB721212B73881B001E2C76 /* OverviewItemView.swift */,
			);
			path = Views;
			sourceTree = "<group>";
		};
		4AB721282B738BA0001E2C76 /* Frameworks */ = {
			isa = PBXGroup;
			children = (
				4AB721292B738BA0001E2C76 /* WidgetKit.framework */,
				4AB7212B2B738BA0001E2C76 /* SwiftUI.framework */,
			);
			name = Frameworks;
			sourceTree = "<group>";
		};
		4AB7212D2B738BA0001E2C76 /* WidgetExtension */ = {
			isa = PBXGroup;
			children = (
				4ADF0A032B7A3B1A002318B2 /* Shared */,
				4AB7215B2B756E37001E2C76 /* Views */,
				4AB7215A2B756E2B001E2C76 /* Widgets */,
				4AB7212E2B738BA0001E2C76 /* WidgetsBundle.swift */,
				4AB721572B739F4B001E2C76 /* WidgetExtension.entitlements */,
				4AB721322B738BA1001E2C76 /* Assets.xcassets */,
				4AB721342B738BA1001E2C76 /* Info.plist */,
			);
			path = WidgetExtension;
			sourceTree = "<group>";
		};
		4AB7213C2B738D03001E2C76 /* Shared */ = {
			isa = PBXGroup;
			children = (
				4AB7206E2B6BF477001E2C76 /* Network */,
				4AB720A02B6C791A001E2C76 /* Managers */,
				4AB7208A2B6C6422001E2C76 /* Extensions */,
			);
			path = Shared;
			sourceTree = "<group>";
		};
		4AB7213D2B738D85001E2C76 /* RectangleMarkGraph */ = {
			isa = PBXGroup;
			children = (
				4AB7213E2B739A8A001E2C76 /* RectangleMarkGraphView.swift */,
				4AB721412B739AEC001E2C76 /* RectangleMarkGraphModel.swift */,
				4AB721432B739AFD001E2C76 /* InsettableRectangle.swift */,
			);
			path = RectangleMarkGraph;
			sourceTree = "<group>";
		};
		4AB7215A2B756E2B001E2C76 /* Widgets */ = {
			isa = PBXGroup;
			children = (
				4ADF09EE2B77CE1F002318B2 /* Overview */,
				4ADF09ED2B77CE0F002318B2 /* DailyGraph */,
			);
			path = Widgets;
			sourceTree = "<group>";
		};
		4AB7215B2B756E37001E2C76 /* Views */ = {
			isa = PBXGroup;
			children = (
				4AB7213D2B738D85001E2C76 /* RectangleMarkGraph */,
				4ADF0A072B7A3B86002318B2 /* WidgetErrorView.swift */,
			);
			path = Views;
			sourceTree = "<group>";
		};
		4ADF09D22B761CA5002318B2 /* Login */ = {
			isa = PBXGroup;
			children = (
				4ADF09D32B761CD1002318B2 /* RCLoginRequest.swift */,
				4AB7207A2B6C17A0001E2C76 /* RCLoginResponse.swift */,
			);
			path = Login;
			sourceTree = "<group>";
		};
		4ADF09D92B761D63002318B2 /* Transactions */ = {
			isa = PBXGroup;
			children = (
				4ADF09DA2B761D88002318B2 /* RCTransactionsRequest.swift */,
				4AB720EC2B70CA2D001E2C76 /* RCTransactionsResponse.swift */,
				4AB721052B72371E001E2C76 /* RCTransactionDetailResponse.swift */,
				4AB7211B2B73751F001E2C76 /* RCTransactionDetailActivityResponse.swift */,
			);
			path = Transactions;
			sourceTree = "<group>";
		};
		4ADF09ED2B77CE0F002318B2 /* DailyGraph */ = {
			isa = PBXGroup;
			children = (
				4AB7215C2B756E97001E2C76 /* DailyGraphWidget.swift */,
				4AB7215F2B756ED5001E2C76 /* DailyGraphWidgetView.swift */,
				4AB721612B756F24001E2C76 /* DailyGraphWidgetProvider.swift */,
				4AB721632B756F75001E2C76 /* DailyGraphWidgetEntry.swift */,
			);
			path = DailyGraph;
			sourceTree = "<group>";
		};
		4ADF09EE2B77CE1F002318B2 /* Overview */ = {
			isa = PBXGroup;
			children = (
				4ADF09EF2B77CE37002318B2 /* OverviewWidget.swift */,
				4ADF09F12B77CE77002318B2 /* OverviewWidgetView.swift */,
				4ADF09F62B77CFAD002318B2 /* OverviewWidgetProvider.swift */,
				4ADF09F32B77CEB7002318B2 /* OverviewWidgetEntry.swift */,
			);
			path = Overview;
			sourceTree = "<group>";
		};
		4ADF0A022B7934BE002318B2 /* Views */ = {
			isa = PBXGroup;
			children = (
				4ADF09FF2B7934B8002318B2 /* SettingsAccountItemView.swift */,
			);
			path = Views;
			sourceTree = "<group>";
		};
		4ADF0A032B7A3B1A002318B2 /* Shared */ = {
			isa = PBXGroup;
			children = (
				4ADF0A042B7A3B3F002318B2 /* WidgetError.swift */,
			);
			path = Shared;
			sourceTree = "<group>";
		};
		4ADF0A0A2B7BB6A3002318B2 /* AppIcon */ = {
			isa = PBXGroup;
			children = (
				4A1DFC7E2B7BEDDC0094BAA0 /* Models */,
				4ADF0A0B2B7BB6C5002318B2 /* AppIconView.swift */,
			);
			path = AppIcon;
			sourceTree = "<group>";
		};
		4ADF0A102B7BB6E4002318B2 /* Main */ = {
			isa = PBXGroup;
			children = (
				4ADF0A022B7934BE002318B2 /* Views */,
				4AB720912B6C6893001E2C76 /* SettingsView.swift */,
				4AB720AA2B6DB4D2001E2C76 /* SettingsViewModel.swift */,
			);
			path = Main;
			sourceTree = "<group>";
		};
/* End PBXGroup section */

/* Begin PBXNativeTarget section */
		4AB720572B6BAC8D001E2C76 /* Kedi */ = {
			isa = PBXNativeTarget;
			buildConfigurationList = 4AB720672B6BAC8E001E2C76 /* Build configuration list for PBXNativeTarget "Kedi" */;
			buildPhases = (
				4AB720542B6BAC8D001E2C76 /* Sources */,
				4AB720552B6BAC8D001E2C76 /* Frameworks */,
				4AB720562B6BAC8D001E2C76 /* Resources */,
				4AB7213B2B738BA1001E2C76 /* Embed Foundation Extensions */,
			);
			buildRules = (
			);
			dependencies = (
				4AB721362B738BA1001E2C76 /* PBXTargetDependency */,
			);
			name = Kedi;
			packageProductDependencies = (
				4AB720762B6C1202001E2C76 /* Alamofire */,
				4AB7209E2B6C74FE001E2C76 /* KeychainSwift */,
				4ADF09DF2B763CB7002318B2 /* Cache */,
			);
			productName = Kedi;
			productReference = 4AB720582B6BAC8D001E2C76 /* Kedi.app */;
			productType = "com.apple.product-type.application";
		};
		4AB721262B738BA0001E2C76 /* WidgetExtension */ = {
			isa = PBXNativeTarget;
			buildConfigurationList = 4AB721382B738BA1001E2C76 /* Build configuration list for PBXNativeTarget "WidgetExtension" */;
			buildPhases = (
				4AB721232B738BA0001E2C76 /* Sources */,
				4AB721242B738BA0001E2C76 /* Frameworks */,
				4AB721252B738BA0001E2C76 /* Resources */,
			);
			buildRules = (
			);
			dependencies = (
			);
			name = WidgetExtension;
			packageProductDependencies = (
				4AB7214B2B739C2D001E2C76 /* Alamofire */,
				4AB7214D2B739C2D001E2C76 /* KeychainSwift */,
				4ADF09E12B763CC2002318B2 /* Cache */,
			);
			productName = WidgetExtensionExtension;
			productReference = 4AB721272B738BA0001E2C76 /* WidgetExtension.appex */;
			productType = "com.apple.product-type.app-extension";
		};
/* End PBXNativeTarget section */

/* Begin PBXProject section */
		4AB720502B6BAC8D001E2C76 /* Project object */ = {
			isa = PBXProject;
			attributes = {
				BuildIndependentTargetsInParallel = 1;
				LastSwiftUpdateCheck = 1520;
				LastUpgradeCheck = 1520;
				TargetAttributes = {
					4AB720572B6BAC8D001E2C76 = {
						CreatedOnToolsVersion = 15.2;
					};
					4AB721262B738BA0001E2C76 = {
						CreatedOnToolsVersion = 15.2;
					};
				};
			};
			buildConfigurationList = 4AB720532B6BAC8D001E2C76 /* Build configuration list for PBXProject "Kedi" */;
			compatibilityVersion = "Xcode 14.0";
			developmentRegion = en;
			hasScannedForEncodings = 0;
			knownRegions = (
				en,
				Base,
			);
			mainGroup = 4AB7204F2B6BAC8D001E2C76;
			packageReferences = (
				4AB720752B6C1202001E2C76 /* XCRemoteSwiftPackageReference "Alamofire" */,
				4AB7209D2B6C74FE001E2C76 /* XCRemoteSwiftPackageReference "keychain-swift" */,
				4ADF09DE2B763CB7002318B2 /* XCRemoteSwiftPackageReference "Cache" */,
			);
			productRefGroup = 4AB720592B6BAC8D001E2C76 /* Products */;
			projectDirPath = "";
			projectRoot = "";
			targets = (
				4AB720572B6BAC8D001E2C76 /* Kedi */,
				4AB721262B738BA0001E2C76 /* WidgetExtension */,
			);
		};
/* End PBXProject section */

/* Begin PBXResourcesBuildPhase section */
		4AB720562B6BAC8D001E2C76 /* Resources */ = {
			isa = PBXResourcesBuildPhase;
			buildActionMask = 2147483647;
			files = (
				4AB720642B6BAC8E001E2C76 /* Preview Assets.xcassets in Resources */,
				4AB720602B6BAC8E001E2C76 /* Assets.xcassets in Resources */,
			);
			runOnlyForDeploymentPostprocessing = 0;
		};
		4AB721252B738BA0001E2C76 /* Resources */ = {
			isa = PBXResourcesBuildPhase;
			buildActionMask = 2147483647;
			files = (
				4AB721332B738BA1001E2C76 /* Assets.xcassets in Resources */,
			);
			runOnlyForDeploymentPostprocessing = 0;
		};
/* End PBXResourcesBuildPhase section */

/* Begin PBXSourcesBuildPhase section */
		4AB720542B6BAC8D001E2C76 /* Sources */ = {
			isa = PBXSourcesBuildPhase;
			buildActionMask = 2147483647;
			files = (
				4A1DFC862B7E13430094BAA0 /* GeneralListView.swift in Sources */,
				4AB720922B6C6893001E2C76 /* SettingsView.swift in Sources */,
				4AB720C22B6E4DFD001E2C76 /* Collection+Extension.swift in Sources */,
				4AB720A42B6DA77C001E2C76 /* MeManager.swift in Sources */,
				4AB7216E2B7619D7001E2C76 /* Encodable+Extension.swift in Sources */,
				4AB7205E2B6BAC8D001E2C76 /* SignInView.swift in Sources */,
				4A1DFC7D2B7BEDD90094BAA0 /* AppIcon.swift in Sources */,
				4ADF09F92B792998002318B2 /* WidgetsManager.swift in Sources */,
				4AB720F82B70FBF1001E2C76 /* Date+Extension.swift in Sources */,
				4AB721222B73881B001E2C76 /* OverviewItemView.swift in Sources */,
				4AB7205C2B6BAC8D001E2C76 /* KediApp.swift in Sources */,
				4AB7208F2B6C6842001E2C76 /* MainView.swift in Sources */,
				4AB7211F2B7378EF001E2C76 /* GeneralState.swift in Sources */,
				4AB720E52B70C8D3001E2C76 /* TransactionsViewModel.swift in Sources */,
				4AB720712B6BF497001E2C76 /* APIService.swift in Sources */,
				4AB721122B72B970001E2C76 /* TransactionDetailInfoItemView.swift in Sources */,
				4ADF09E42B763CCE002318B2 /* CacheManager.swift in Sources */,
				4AB720CA2B6E6341001E2C76 /* RCMeResponse.swift in Sources */,
				4AB720842B6C4FF3001E2C76 /* OverviewView.swift in Sources */,
				4AB720EF2B70D8AA001E2C76 /* TransactionItem.swift in Sources */,
				4AB720A22B6C7925001E2C76 /* KeychainManager.swift in Sources */,
				4AB7206D2B6BDC36001E2C76 /* SignInViewModel.swift in Sources */,
				4AB7207D2B6C17A9001E2C76 /* RCErrorResponse.swift in Sources */,
				4AB721022B722DFF001E2C76 /* TransactionDetailViewModel.swift in Sources */,
				4ADF0A082B7A3B86002318B2 /* WidgetErrorView.swift in Sources */,
				4ADF0A052B7A3B3F002318B2 /* WidgetError.swift in Sources */,
				4AB721042B722E07001E2C76 /* TransactionDetailView.swift in Sources */,
				4AB720B82B6E3E1D001E2C76 /* TabBarView.swift in Sources */,
				4AB720BA2B6E4183001E2C76 /* NavigationItem.swift in Sources */,
				4A1DFC8A2B7ECF0C0094BAA0 /* CacheAsyncImage.swift in Sources */,
				4ADF09EB2B7783FB002318B2 /* EdgeInsets+Extension.swift in Sources */,
				4A1DFC812B7C93C80094BAA0 /* Bundle+Extension.swift in Sources */,
				4AB720B22B6DC9AB001E2C76 /* SpacingLabelStyle.swift in Sources */,
				4AB7207B2B6C17A0001E2C76 /* RCLoginResponse.swift in Sources */,
				4AB720872B6C56E7001E2C76 /* RootView.swift in Sources */,
				4AB721162B72DD8B001E2C76 /* TransactionDetailEntitlementItem.swift in Sources */,
				4AB7211C2B73751F001E2C76 /* RCTransactionDetailActivityResponse.swift in Sources */,
				4AB720F52B70FB84001E2C76 /* TransactionItemView.swift in Sources */,
				4A1DFC842B7CD7460094BAA0 /* AboutView.swift in Sources */,
				4ADF09DB2B761D88002318B2 /* RCTransactionsRequest.swift in Sources */,
				4ADF09D42B761CD1002318B2 /* RCLoginRequest.swift in Sources */,
				4AB720742B6BF4A9001E2C76 /* Endpoint.swift in Sources */,
				4AB720E92B70C8EC001E2C76 /* TransactionsView.swift in Sources */,
				4AB7211A2B736FEC001E2C76 /* TransactionDetailEntitlementItemView.swift in Sources */,
				4AB720F12B70E399001E2C76 /* String+Extension.swift in Sources */,
				4A1DFC7B2B7BEDAF0094BAA0 /* View+Extension.swift in Sources */,
				4ADF09D72B761CED002318B2 /* RCChartRequest.swift in Sources */,
				4AB7210B2B72B8A6001E2C76 /* TransactionDetailHistoryItem.swift in Sources */,
				4AB721102B72B966001E2C76 /* TransactionDetailHistoryItemView.swift in Sources */,
				4AB720892B6C5826001E2C76 /* RCOverviewResponse.swift in Sources */,
				4AB721062B72371E001E2C76 /* RCTransactionDetailResponse.swift in Sources */,
				4AB720A62B6DAC81001E2C76 /* DateFormatter+Extension.swift in Sources */,
				4AB720ED2B70CA2D001E2C76 /* RCTransactionsResponse.swift in Sources */,
				4AB720C42B6E6156001E2C76 /* LineAndAreaMarkChartView.swift in Sources */,
				4AB720AB2B6DB4D2001E2C76 /* SettingsViewModel.swift in Sources */,
				4ADF0A0C2B7BB6C5002318B2 /* AppIconView.swift in Sources */,
				4AB720CC2B6EAECD001E2C76 /* Array+Extension.swift in Sources */,
				4AB7207F2B6C17B3001E2C76 /* RCError.swift in Sources */,
				4ADF0A002B7934B8002318B2 /* SettingsAccountItemView.swift in Sources */,
				4AB721142B72C368001E2C76 /* RelativeDateTimeFormatter+Extension.swift in Sources */,
				4AB720822B6C4FEA001E2C76 /* OverviewViewModel.swift in Sources */,
				4AB720B62B6E3E16001E2C76 /* SidebarView.swift in Sources */,
				4AB720A92B6DB3A0001E2C76 /* AsyncButton.swift in Sources */,
				4AB721092B726C62001E2C76 /* TransactionDetailInfoItem.swift in Sources */,
				4AB720CE2B6EB36C001E2C76 /* OverviewItemType.swift in Sources */,
				4AB720C02B6E4A62001E2C76 /* RCChartResponse.swift in Sources */,
				4AB7208C2B6C642D001E2C76 /* Color+Extension.swift in Sources */,
				4AB720AE2B6DB698001E2C76 /* OverviewItem.swift in Sources */,
				4ADF09E82B7780D6002318B2 /* PaginationState.swift in Sources */,
			);
			runOnlyForDeploymentPostprocessing = 0;
		};
		4AB721232B738BA0001E2C76 /* Sources */ = {
			isa = PBXSourcesBuildPhase;
			buildActionMask = 2147483647;
			files = (
				4ADF09D82B761CED002318B2 /* RCChartRequest.swift in Sources */,
				4ADF0A062B7A3B3F002318B2 /* WidgetError.swift in Sources */,
				4ADF09F52B77CEE3002318B2 /* RCOverviewResponse.swift in Sources */,
				4AB721482B739BAB001E2C76 /* RectangleMarkGraphModel.swift in Sources */,
				4ADF09E92B7780D6002318B2 /* PaginationState.swift in Sources */,
				4AB7216F2B7619E6001E2C76 /* Encodable+Extension.swift in Sources */,
				4AB7214A2B739C21001E2C76 /* Endpoint.swift in Sources */,
				4AB7212F2B738BA0001E2C76 /* WidgetsBundle.swift in Sources */,
				4AB721402B739AA5001E2C76 /* Date+Extension.swift in Sources */,
				4ADF09E62B7762F0002318B2 /* String+Extension.swift in Sources */,
				4AB721452B739B3A001E2C76 /* Array+Extension.swift in Sources */,
				4AB721622B756F24001E2C76 /* DailyGraphWidgetProvider.swift in Sources */,
				4AB721582B73A1C2001E2C76 /* Collection+Extension.swift in Sources */,
				4ADF0A092B7A3B86002318B2 /* WidgetErrorView.swift in Sources */,
				4AB721472B739BAB001E2C76 /* InsettableRectangle.swift in Sources */,
				4AB721592B73A944001E2C76 /* Color+Extension.swift in Sources */,
				4ADF09E52B763CCE002318B2 /* CacheManager.swift in Sources */,
				4ADF09F02B77CE37002318B2 /* OverviewWidget.swift in Sources */,
				4AB721492B739C21001E2C76 /* APIService.swift in Sources */,
				4AB721502B739C36001E2C76 /* MeManager.swift in Sources */,
				4ADF09F42B77CEB7002318B2 /* OverviewWidgetEntry.swift in Sources */,
				4AB721642B756F75001E2C76 /* DailyGraphWidgetEntry.swift in Sources */,
				4ADF09D52B761CD6002318B2 /* RCLoginRequest.swift in Sources */,
				4AB721542B739D30001E2C76 /* RCError.swift in Sources */,
				4AB7215E2B756E9C001E2C76 /* DailyGraphWidget.swift in Sources */,
				4AB721532B739C6D001E2C76 /* RCChartResponse.swift in Sources */,
				4AB721602B756ED5001E2C76 /* DailyGraphWidgetView.swift in Sources */,
				4ADF09FB2B793039002318B2 /* RCMeResponse.swift in Sources */,
				4AB721552B739D34001E2C76 /* RCErrorResponse.swift in Sources */,
				4AB721562B739D74001E2C76 /* DateFormatter+Extension.swift in Sources */,
				4ADF09DC2B761D88002318B2 /* RCTransactionsRequest.swift in Sources */,
				4AB721462B739BAB001E2C76 /* RectangleMarkGraphView.swift in Sources */,
				4ADF09F72B77CFAD002318B2 /* OverviewWidgetProvider.swift in Sources */,
				4AB7214F2B739C36001E2C76 /* KeychainManager.swift in Sources */,
				4ADF09F22B77CE77002318B2 /* OverviewWidgetView.swift in Sources */,
				4ADF09FA2B792998002318B2 /* WidgetsManager.swift in Sources */,
			);
			runOnlyForDeploymentPostprocessing = 0;
		};
/* End PBXSourcesBuildPhase section */

/* Begin PBXTargetDependency section */
		4AB721362B738BA1001E2C76 /* PBXTargetDependency */ = {
			isa = PBXTargetDependency;
			target = 4AB721262B738BA0001E2C76 /* WidgetExtension */;
			targetProxy = 4AB721352B738BA1001E2C76 /* PBXContainerItemProxy */;
		};
/* End PBXTargetDependency section */

/* Begin XCBuildConfiguration section */
		4AB720652B6BAC8E001E2C76 /* Debug */ = {
			isa = XCBuildConfiguration;
			buildSettings = {
				ALWAYS_SEARCH_USER_PATHS = NO;
				ASSETCATALOG_COMPILER_GENERATE_SWIFT_ASSET_SYMBOL_EXTENSIONS = YES;
				CLANG_ANALYZER_NONNULL = YES;
				CLANG_ANALYZER_NUMBER_OBJECT_CONVERSION = YES_AGGRESSIVE;
				CLANG_CXX_LANGUAGE_STANDARD = "gnu++20";
				CLANG_ENABLE_MODULES = YES;
				CLANG_ENABLE_OBJC_ARC = YES;
				CLANG_ENABLE_OBJC_WEAK = YES;
				CLANG_WARN_BLOCK_CAPTURE_AUTORELEASING = YES;
				CLANG_WARN_BOOL_CONVERSION = YES;
				CLANG_WARN_COMMA = YES;
				CLANG_WARN_CONSTANT_CONVERSION = YES;
				CLANG_WARN_DEPRECATED_OBJC_IMPLEMENTATIONS = YES;
				CLANG_WARN_DIRECT_OBJC_ISA_USAGE = YES_ERROR;
				CLANG_WARN_DOCUMENTATION_COMMENTS = YES;
				CLANG_WARN_EMPTY_BODY = YES;
				CLANG_WARN_ENUM_CONVERSION = YES;
				CLANG_WARN_INFINITE_RECURSION = YES;
				CLANG_WARN_INT_CONVERSION = YES;
				CLANG_WARN_NON_LITERAL_NULL_CONVERSION = YES;
				CLANG_WARN_OBJC_IMPLICIT_RETAIN_SELF = YES;
				CLANG_WARN_OBJC_LITERAL_CONVERSION = YES;
				CLANG_WARN_OBJC_ROOT_CLASS = YES_ERROR;
				CLANG_WARN_QUOTED_INCLUDE_IN_FRAMEWORK_HEADER = YES;
				CLANG_WARN_RANGE_LOOP_ANALYSIS = YES;
				CLANG_WARN_STRICT_PROTOTYPES = YES;
				CLANG_WARN_SUSPICIOUS_MOVE = YES;
				CLANG_WARN_UNGUARDED_AVAILABILITY = YES_AGGRESSIVE;
				CLANG_WARN_UNREACHABLE_CODE = YES;
				CLANG_WARN__DUPLICATE_METHOD_MATCH = YES;
				COPY_PHASE_STRIP = NO;
				DEBUG_INFORMATION_FORMAT = dwarf;
				ENABLE_STRICT_OBJC_MSGSEND = YES;
				ENABLE_TESTABILITY = YES;
				ENABLE_USER_SCRIPT_SANDBOXING = YES;
				GCC_C_LANGUAGE_STANDARD = gnu17;
				GCC_DYNAMIC_NO_PIC = NO;
				GCC_NO_COMMON_BLOCKS = YES;
				GCC_OPTIMIZATION_LEVEL = 0;
				GCC_PREPROCESSOR_DEFINITIONS = (
					"DEBUG=1",
					"$(inherited)",
				);
				GCC_WARN_64_TO_32_BIT_CONVERSION = YES;
				GCC_WARN_ABOUT_RETURN_TYPE = YES_ERROR;
				GCC_WARN_UNDECLARED_SELECTOR = YES;
				GCC_WARN_UNINITIALIZED_AUTOS = YES_AGGRESSIVE;
				GCC_WARN_UNUSED_FUNCTION = YES;
				GCC_WARN_UNUSED_VARIABLE = YES;
				LOCALIZATION_PREFERS_STRING_CATALOGS = YES;
				MTL_ENABLE_DEBUG_INFO = INCLUDE_SOURCE;
				MTL_FAST_MATH = YES;
				ONLY_ACTIVE_ARCH = YES;
				SWIFT_ACTIVE_COMPILATION_CONDITIONS = "DEBUG $(inherited)";
				SWIFT_OPTIMIZATION_LEVEL = "-Onone";
			};
			name = Debug;
		};
		4AB720662B6BAC8E001E2C76 /* Release */ = {
			isa = XCBuildConfiguration;
			buildSettings = {
				ALWAYS_SEARCH_USER_PATHS = NO;
				ASSETCATALOG_COMPILER_GENERATE_SWIFT_ASSET_SYMBOL_EXTENSIONS = YES;
				CLANG_ANALYZER_NONNULL = YES;
				CLANG_ANALYZER_NUMBER_OBJECT_CONVERSION = YES_AGGRESSIVE;
				CLANG_CXX_LANGUAGE_STANDARD = "gnu++20";
				CLANG_ENABLE_MODULES = YES;
				CLANG_ENABLE_OBJC_ARC = YES;
				CLANG_ENABLE_OBJC_WEAK = YES;
				CLANG_WARN_BLOCK_CAPTURE_AUTORELEASING = YES;
				CLANG_WARN_BOOL_CONVERSION = YES;
				CLANG_WARN_COMMA = YES;
				CLANG_WARN_CONSTANT_CONVERSION = YES;
				CLANG_WARN_DEPRECATED_OBJC_IMPLEMENTATIONS = YES;
				CLANG_WARN_DIRECT_OBJC_ISA_USAGE = YES_ERROR;
				CLANG_WARN_DOCUMENTATION_COMMENTS = YES;
				CLANG_WARN_EMPTY_BODY = YES;
				CLANG_WARN_ENUM_CONVERSION = YES;
				CLANG_WARN_INFINITE_RECURSION = YES;
				CLANG_WARN_INT_CONVERSION = YES;
				CLANG_WARN_NON_LITERAL_NULL_CONVERSION = YES;
				CLANG_WARN_OBJC_IMPLICIT_RETAIN_SELF = YES;
				CLANG_WARN_OBJC_LITERAL_CONVERSION = YES;
				CLANG_WARN_OBJC_ROOT_CLASS = YES_ERROR;
				CLANG_WARN_QUOTED_INCLUDE_IN_FRAMEWORK_HEADER = YES;
				CLANG_WARN_RANGE_LOOP_ANALYSIS = YES;
				CLANG_WARN_STRICT_PROTOTYPES = YES;
				CLANG_WARN_SUSPICIOUS_MOVE = YES;
				CLANG_WARN_UNGUARDED_AVAILABILITY = YES_AGGRESSIVE;
				CLANG_WARN_UNREACHABLE_CODE = YES;
				CLANG_WARN__DUPLICATE_METHOD_MATCH = YES;
				COPY_PHASE_STRIP = NO;
				DEBUG_INFORMATION_FORMAT = "dwarf-with-dsym";
				ENABLE_NS_ASSERTIONS = NO;
				ENABLE_STRICT_OBJC_MSGSEND = YES;
				ENABLE_USER_SCRIPT_SANDBOXING = YES;
				GCC_C_LANGUAGE_STANDARD = gnu17;
				GCC_NO_COMMON_BLOCKS = YES;
				GCC_WARN_64_TO_32_BIT_CONVERSION = YES;
				GCC_WARN_ABOUT_RETURN_TYPE = YES_ERROR;
				GCC_WARN_UNDECLARED_SELECTOR = YES;
				GCC_WARN_UNINITIALIZED_AUTOS = YES_AGGRESSIVE;
				GCC_WARN_UNUSED_FUNCTION = YES;
				GCC_WARN_UNUSED_VARIABLE = YES;
				LOCALIZATION_PREFERS_STRING_CATALOGS = YES;
				MTL_ENABLE_DEBUG_INFO = NO;
				MTL_FAST_MATH = YES;
				SWIFT_COMPILATION_MODE = wholemodule;
			};
			name = Release;
		};
		4AB720682B6BAC8E001E2C76 /* Debug */ = {
			isa = XCBuildConfiguration;
			buildSettings = {
				ALWAYS_EMBED_SWIFT_STANDARD_LIBRARIES = YES;
				ASSETCATALOG_COMPILER_ALTERNATE_APPICON_NAMES = "money-mouth-white-brand money-mouth-black-brand money-mouth-white-black money-mouth-black-white screaming-default screaming-white-brand screaming-black-brand screaming-white-black screaming-black-white";
				ASSETCATALOG_COMPILER_APPICON_NAME = AppIcon;
				ASSETCATALOG_COMPILER_GLOBAL_ACCENT_COLOR_NAME = AccentColor;
				ASSETCATALOG_COMPILER_INCLUDE_ALL_APPICON_ASSETS = YES;
				CODE_SIGN_ENTITLEMENTS = Kedi/Kedi.entitlements;
				CODE_SIGN_STYLE = Automatic;
				CURRENT_PROJECT_VERSION = 1;
				DEVELOPMENT_ASSET_PATHS = "\"Kedi/Preview Content\"";
				DEVELOPMENT_TEAM = 4K634X2CUP;
				ENABLE_HARDENED_RUNTIME = YES;
				ENABLE_PREVIEWS = YES;
				GENERATE_INFOPLIST_FILE = YES;
				INFOPLIST_KEY_CFBundleDisplayName = Kedi;
				INFOPLIST_KEY_LSApplicationCategoryType = "public.app-category.developer-tools";
				"INFOPLIST_KEY_UIApplicationSceneManifest_Generation[sdk=iphoneos*]" = YES;
				"INFOPLIST_KEY_UIApplicationSceneManifest_Generation[sdk=iphonesimulator*]" = YES;
				"INFOPLIST_KEY_UIApplicationSupportsIndirectInputEvents[sdk=iphoneos*]" = YES;
				"INFOPLIST_KEY_UIApplicationSupportsIndirectInputEvents[sdk=iphonesimulator*]" = YES;
				"INFOPLIST_KEY_UILaunchScreen_Generation[sdk=iphoneos*]" = YES;
				"INFOPLIST_KEY_UILaunchScreen_Generation[sdk=iphonesimulator*]" = YES;
				"INFOPLIST_KEY_UIStatusBarStyle[sdk=iphoneos*]" = UIStatusBarStyleDefault;
				"INFOPLIST_KEY_UIStatusBarStyle[sdk=iphonesimulator*]" = UIStatusBarStyleDefault;
				INFOPLIST_KEY_UISupportedInterfaceOrientations_iPad = "UIInterfaceOrientationPortrait UIInterfaceOrientationPortraitUpsideDown UIInterfaceOrientationLandscapeLeft UIInterfaceOrientationLandscapeRight";
				INFOPLIST_KEY_UISupportedInterfaceOrientations_iPhone = "UIInterfaceOrientationPortrait UIInterfaceOrientationLandscapeLeft UIInterfaceOrientationLandscapeRight";
				IPHONEOS_DEPLOYMENT_TARGET = 17.0;
				LD_RUNPATH_SEARCH_PATHS = "@executable_path/Frameworks";
				"LD_RUNPATH_SEARCH_PATHS[sdk=macosx*]" = "@executable_path/../Frameworks";
				MACOSX_DEPLOYMENT_TARGET = 14.0;
				MARKETING_VERSION = 1.0;
				PRODUCT_BUNDLE_IDENTIFIER = com.sereisoglu.kedi;
				PRODUCT_NAME = "$(TARGET_NAME)";
				SDKROOT = auto;
				SUPPORTED_PLATFORMS = "iphoneos iphonesimulator";
				SUPPORTS_MACCATALYST = NO;
				SUPPORTS_MAC_DESIGNED_FOR_IPHONE_IPAD = YES;
				SWIFT_EMIT_LOC_STRINGS = YES;
				SWIFT_VERSION = 5.0;
				TARGETED_DEVICE_FAMILY = "1,2";
			};
			name = Debug;
		};
		4AB720692B6BAC8E001E2C76 /* Release */ = {
			isa = XCBuildConfiguration;
			buildSettings = {
				ALWAYS_EMBED_SWIFT_STANDARD_LIBRARIES = YES;
				ASSETCATALOG_COMPILER_ALTERNATE_APPICON_NAMES = "money-mouth-white-brand money-mouth-black-brand money-mouth-white-black money-mouth-black-white screaming-default screaming-white-brand screaming-black-brand screaming-white-black screaming-black-white";
				ASSETCATALOG_COMPILER_APPICON_NAME = AppIcon;
				ASSETCATALOG_COMPILER_GLOBAL_ACCENT_COLOR_NAME = AccentColor;
				ASSETCATALOG_COMPILER_INCLUDE_ALL_APPICON_ASSETS = YES;
				CODE_SIGN_ENTITLEMENTS = Kedi/Kedi.entitlements;
				CODE_SIGN_STYLE = Automatic;
				CURRENT_PROJECT_VERSION = 1;
				DEVELOPMENT_ASSET_PATHS = "\"Kedi/Preview Content\"";
				DEVELOPMENT_TEAM = 4K634X2CUP;
				ENABLE_HARDENED_RUNTIME = YES;
				ENABLE_PREVIEWS = YES;
				GENERATE_INFOPLIST_FILE = YES;
				INFOPLIST_KEY_CFBundleDisplayName = Kedi;
				INFOPLIST_KEY_LSApplicationCategoryType = "public.app-category.developer-tools";
				"INFOPLIST_KEY_UIApplicationSceneManifest_Generation[sdk=iphoneos*]" = YES;
				"INFOPLIST_KEY_UIApplicationSceneManifest_Generation[sdk=iphonesimulator*]" = YES;
				"INFOPLIST_KEY_UIApplicationSupportsIndirectInputEvents[sdk=iphoneos*]" = YES;
				"INFOPLIST_KEY_UIApplicationSupportsIndirectInputEvents[sdk=iphonesimulator*]" = YES;
				"INFOPLIST_KEY_UILaunchScreen_Generation[sdk=iphoneos*]" = YES;
				"INFOPLIST_KEY_UILaunchScreen_Generation[sdk=iphonesimulator*]" = YES;
				"INFOPLIST_KEY_UIStatusBarStyle[sdk=iphoneos*]" = UIStatusBarStyleDefault;
				"INFOPLIST_KEY_UIStatusBarStyle[sdk=iphonesimulator*]" = UIStatusBarStyleDefault;
				INFOPLIST_KEY_UISupportedInterfaceOrientations_iPad = "UIInterfaceOrientationPortrait UIInterfaceOrientationPortraitUpsideDown UIInterfaceOrientationLandscapeLeft UIInterfaceOrientationLandscapeRight";
				INFOPLIST_KEY_UISupportedInterfaceOrientations_iPhone = "UIInterfaceOrientationPortrait UIInterfaceOrientationLandscapeLeft UIInterfaceOrientationLandscapeRight";
				IPHONEOS_DEPLOYMENT_TARGET = 17.0;
				LD_RUNPATH_SEARCH_PATHS = "@executable_path/Frameworks";
				"LD_RUNPATH_SEARCH_PATHS[sdk=macosx*]" = "@executable_path/../Frameworks";
				MACOSX_DEPLOYMENT_TARGET = 14.0;
				MARKETING_VERSION = 1.0;
				PRODUCT_BUNDLE_IDENTIFIER = com.sereisoglu.kedi;
				PRODUCT_NAME = "$(TARGET_NAME)";
				SDKROOT = auto;
				SUPPORTED_PLATFORMS = "iphoneos iphonesimulator";
				SUPPORTS_MACCATALYST = NO;
				SUPPORTS_MAC_DESIGNED_FOR_IPHONE_IPAD = YES;
				SWIFT_EMIT_LOC_STRINGS = YES;
				SWIFT_VERSION = 5.0;
				TARGETED_DEVICE_FAMILY = "1,2";
			};
			name = Release;
		};
		4AB721392B738BA1001E2C76 /* Debug */ = {
			isa = XCBuildConfiguration;
			buildSettings = {
				ASSETCATALOG_COMPILER_GLOBAL_ACCENT_COLOR_NAME = AccentColor;
				ASSETCATALOG_COMPILER_WIDGET_BACKGROUND_COLOR_NAME = WidgetBackground;
				CODE_SIGN_ENTITLEMENTS = WidgetExtension/WidgetExtension.entitlements;
				CODE_SIGN_STYLE = Automatic;
				CURRENT_PROJECT_VERSION = 1;
				DEVELOPMENT_TEAM = 4K634X2CUP;
				GENERATE_INFOPLIST_FILE = YES;
				INFOPLIST_FILE = WidgetExtension/Info.plist;
				INFOPLIST_KEY_CFBundleDisplayName = WidgetExtension;
				INFOPLIST_KEY_NSHumanReadableCopyright = "";
				IPHONEOS_DEPLOYMENT_TARGET = 17.2;
				LD_RUNPATH_SEARCH_PATHS = (
					"$(inherited)",
					"@executable_path/Frameworks",
					"@executable_path/../../Frameworks",
				);
				MARKETING_VERSION = 1.0;
				PRODUCT_BUNDLE_IDENTIFIER = com.sereisoglu.kedi.WidgetExtension;
				PRODUCT_NAME = "$(TARGET_NAME)";
				SDKROOT = iphoneos;
				SKIP_INSTALL = YES;
				SWIFT_EMIT_LOC_STRINGS = YES;
				SWIFT_VERSION = 5.0;
				TARGETED_DEVICE_FAMILY = "1,2";
			};
			name = Debug;
		};
		4AB7213A2B738BA1001E2C76 /* Release */ = {
			isa = XCBuildConfiguration;
			buildSettings = {
				ASSETCATALOG_COMPILER_GLOBAL_ACCENT_COLOR_NAME = AccentColor;
				ASSETCATALOG_COMPILER_WIDGET_BACKGROUND_COLOR_NAME = WidgetBackground;
				CODE_SIGN_ENTITLEMENTS = WidgetExtension/WidgetExtension.entitlements;
				CODE_SIGN_STYLE = Automatic;
				CURRENT_PROJECT_VERSION = 1;
				DEVELOPMENT_TEAM = 4K634X2CUP;
				GENERATE_INFOPLIST_FILE = YES;
				INFOPLIST_FILE = WidgetExtension/Info.plist;
				INFOPLIST_KEY_CFBundleDisplayName = WidgetExtension;
				INFOPLIST_KEY_NSHumanReadableCopyright = "";
				IPHONEOS_DEPLOYMENT_TARGET = 17.2;
				LD_RUNPATH_SEARCH_PATHS = (
					"$(inherited)",
					"@executable_path/Frameworks",
					"@executable_path/../../Frameworks",
				);
				MARKETING_VERSION = 1.0;
				PRODUCT_BUNDLE_IDENTIFIER = com.sereisoglu.kedi.WidgetExtension;
				PRODUCT_NAME = "$(TARGET_NAME)";
				SDKROOT = iphoneos;
				SKIP_INSTALL = YES;
				SWIFT_EMIT_LOC_STRINGS = YES;
				SWIFT_VERSION = 5.0;
				TARGETED_DEVICE_FAMILY = "1,2";
				VALIDATE_PRODUCT = YES;
			};
			name = Release;
		};
/* End XCBuildConfiguration section */

/* Begin XCConfigurationList section */
		4AB720532B6BAC8D001E2C76 /* Build configuration list for PBXProject "Kedi" */ = {
			isa = XCConfigurationList;
			buildConfigurations = (
				4AB720652B6BAC8E001E2C76 /* Debug */,
				4AB720662B6BAC8E001E2C76 /* Release */,
			);
			defaultConfigurationIsVisible = 0;
			defaultConfigurationName = Release;
		};
		4AB720672B6BAC8E001E2C76 /* Build configuration list for PBXNativeTarget "Kedi" */ = {
			isa = XCConfigurationList;
			buildConfigurations = (
				4AB720682B6BAC8E001E2C76 /* Debug */,
				4AB720692B6BAC8E001E2C76 /* Release */,
			);
			defaultConfigurationIsVisible = 0;
			defaultConfigurationName = Release;
		};
		4AB721382B738BA1001E2C76 /* Build configuration list for PBXNativeTarget "WidgetExtension" */ = {
			isa = XCConfigurationList;
			buildConfigurations = (
				4AB721392B738BA1001E2C76 /* Debug */,
				4AB7213A2B738BA1001E2C76 /* Release */,
			);
			defaultConfigurationIsVisible = 0;
			defaultConfigurationName = Release;
		};
/* End XCConfigurationList section */

/* Begin XCRemoteSwiftPackageReference section */
		4AB720752B6C1202001E2C76 /* XCRemoteSwiftPackageReference "Alamofire" */ = {
			isa = XCRemoteSwiftPackageReference;
			repositoryURL = "https://github.com/Alamofire/Alamofire.git";
			requirement = {
				kind = upToNextMajorVersion;
				minimumVersion = 5.8.1;
			};
		};
		4AB7209D2B6C74FE001E2C76 /* XCRemoteSwiftPackageReference "keychain-swift" */ = {
			isa = XCRemoteSwiftPackageReference;
			repositoryURL = "https://github.com/evgenyneu/keychain-swift.git";
			requirement = {
				kind = upToNextMajorVersion;
				minimumVersion = 21.0.0;
			};
		};
		4ADF09DE2B763CB7002318B2 /* XCRemoteSwiftPackageReference "Cache" */ = {
			isa = XCRemoteSwiftPackageReference;
			repositoryURL = "https://github.com/hyperoslo/Cache.git";
			requirement = {
				kind = upToNextMajorVersion;
				minimumVersion = 6.0.0;
			};
		};
/* End XCRemoteSwiftPackageReference section */

/* Begin XCSwiftPackageProductDependency section */
		4AB720762B6C1202001E2C76 /* Alamofire */ = {
			isa = XCSwiftPackageProductDependency;
			package = 4AB720752B6C1202001E2C76 /* XCRemoteSwiftPackageReference "Alamofire" */;
			productName = Alamofire;
		};
		4AB7209E2B6C74FE001E2C76 /* KeychainSwift */ = {
			isa = XCSwiftPackageProductDependency;
			package = 4AB7209D2B6C74FE001E2C76 /* XCRemoteSwiftPackageReference "keychain-swift" */;
			productName = KeychainSwift;
		};
		4AB7214B2B739C2D001E2C76 /* Alamofire */ = {
			isa = XCSwiftPackageProductDependency;
			package = 4AB720752B6C1202001E2C76 /* XCRemoteSwiftPackageReference "Alamofire" */;
			productName = Alamofire;
		};
		4AB7214D2B739C2D001E2C76 /* KeychainSwift */ = {
			isa = XCSwiftPackageProductDependency;
			package = 4AB7209D2B6C74FE001E2C76 /* XCRemoteSwiftPackageReference "keychain-swift" */;
			productName = KeychainSwift;
		};
		4ADF09DF2B763CB7002318B2 /* Cache */ = {
			isa = XCSwiftPackageProductDependency;
			package = 4ADF09DE2B763CB7002318B2 /* XCRemoteSwiftPackageReference "Cache" */;
			productName = Cache;
		};
		4ADF09E12B763CC2002318B2 /* Cache */ = {
			isa = XCSwiftPackageProductDependency;
			package = 4ADF09DE2B763CB7002318B2 /* XCRemoteSwiftPackageReference "Cache" */;
			productName = Cache;
		};
/* End XCSwiftPackageProductDependency section */
	};
	rootObject = 4AB720502B6BAC8D001E2C76 /* Project object */;
}
